Microsoft Visual Studio Solution File, Format Version 12.00
# Visual Studio Version 17
VisualStudioVersion = 17.0.31410.414
MinimumVisualStudioVersion = 10.0.40219.1
Project("{9A19103F-16F7-4668-BE54-9A1E7A4F7556}") = "Core", "src\Core\src\Core.csproj", "{95BA42B5-B00E-4986-B9B5-517140378452}"
EndProject
Project("{9A19103F-16F7-4668-BE54-9A1E7A4F7556}") = "Controls.Core", "src\Controls\src\Core\Controls.Core.csproj", "{AF64451F-E2BD-41C2-B083-F60C26AE2A9F}"
EndProject
Project("{9A19103F-16F7-4668-BE54-9A1E7A4F7556}") = "Compatibility", "src\Compatibility\Core\src\Compatibility.csproj", "{00A11C2F-969F-4964-8557-91ADF4B1523D}"
EndProject
Project("{2150E333-8FDC-42A3-9474-1A3956D46DE8}") = "Controls", "Controls", "{459BF674-83CB-46F6-881F-A2D2117DBF4D}"
EndProject
Project("{2150E333-8FDC-42A3-9474-1A3956D46DE8}") = "samples", "samples", "{E1082E26-D700-4127-9329-66D673FD2D55}"
EndProject
Project("{9A19103F-16F7-4668-BE54-9A1E7A4F7556}") = "Maui.Controls.Sample", "src\Controls\samples\Controls.Sample\Maui.Controls.Sample.csproj", "{B8DC1324-977C-46F1-B697-9064ADE6099A}"
EndProject
Project("{2150E333-8FDC-42A3-9474-1A3956D46DE8}") = "Compatibility", "Compatibility", "{123AA89E-1638-4E0E-B828-B8F9F9F906A2}"
EndProject
Project("{2150E333-8FDC-42A3-9474-1A3956D46DE8}") = "Core", "Core", "{09C264E9-E3F3-4586-9151-DCBB1F6DA7AB}"
EndProject
Project("{2150E333-8FDC-42A3-9474-1A3956D46DE8}") = "Essentials", "Essentials", "{94F3C036-A5F4-4ACC-A028-8506802ADB88}"
EndProject
Project("{9A19103F-16F7-4668-BE54-9A1E7A4F7556}") = "Essentials", "src\Essentials\src\Essentials.csproj", "{39B47A3C-21CA-4B28-9250-14FD957EB0FC}"
EndProject
Project("{9A19103F-16F7-4668-BE54-9A1E7A4F7556}") = "Core.UnitTests", "src\Core\tests\UnitTests\Core.UnitTests.csproj", "{92644F6F-5946-48FC-A21A-A3D6EE24E8B3}"
EndProject
Project("{2150E333-8FDC-42A3-9474-1A3956D46DE8}") = "src", "src", "{E8AD265B-3C67-4640-AC58-A522F9FB3361}"
EndProject
Project("{2150E333-8FDC-42A3-9474-1A3956D46DE8}") = "test", "test", "{C564DDD6-DE79-45CD-88EA-3F690481572A}"
EndProject
Project("{2150E333-8FDC-42A3-9474-1A3956D46DE8}") = "src", "src", "{50C758FE-4E10-409A-94F5-A75480960864}"
EndProject
Project("{2150E333-8FDC-42A3-9474-1A3956D46DE8}") = "BlazorWebView", "BlazorWebView", "{1614D1A4-5C3D-4D5B-8C89-426E37A564EF}"
EndProject
Project("{9A19103F-16F7-4668-BE54-9A1E7A4F7556}") = "Microsoft.AspNetCore.Components.WebView.Maui", "src\BlazorWebView\src\Maui\Microsoft.AspNetCore.Components.WebView.Maui.csproj", "{F7F2B379-52CE-4802-9EC9-0D7967B6BFB7}"
EndProject
Project("{9A19103F-16F7-4668-BE54-9A1E7A4F7556}") = "MauiRazorClassLibrarySample", "src\BlazorWebView\samples\MauiRazorClassLibrarySample\MauiRazorClassLibrarySample.csproj", "{4515DAA4-9801-401D-A7A0-38D019B3B19F}"
EndProject
Project("{2150E333-8FDC-42A3-9474-1A3956D46DE8}") = "samples", "samples", "{A8E9400E-70DD-421F-8609-1C2FA4AE8E71}"
EndProject
Project("{9A19103F-16F7-4668-BE54-9A1E7A4F7556}") = "WebViewAppShared", "src\BlazorWebView\samples\WebViewAppShared\WebViewAppShared.csproj", "{9F1E0CE0-BF56-433F-8238-6C2B880EEF18}"
EndProject
Project("{2150E333-8FDC-42A3-9474-1A3956D46DE8}") = "src", "src", "{446EB407-57EB-441D-9ADB-1A006CBF672A}"
EndProject
Project("{2150E333-8FDC-42A3-9474-1A3956D46DE8}") = "src", "src", "{A1D83459-24AC-4124-AE5F-09F0318AF0EB}"
EndProject
Project("{2150E333-8FDC-42A3-9474-1A3956D46DE8}") = "test", "test", "{420BC8CC-EE70-49A1-964A-CB63414A882D}"
EndProject
Project("{9A19103F-16F7-4668-BE54-9A1E7A4F7556}") = "Essentials.UnitTests", "src\Essentials\test\UnitTests\Essentials.UnitTests.csproj", "{A9BAB840-A53E-405A-9458-CA0E02319FB4}"
EndProject
Project("{2150E333-8FDC-42A3-9474-1A3956D46DE8}") = "test", "test", "{25D0D27A-C5FE-443D-8B65-D6C987F4A80E}"
EndProject
Project("{9A19103F-16F7-4668-BE54-9A1E7A4F7556}") = "Controls.Core.UnitTests", "src\Controls\tests\Core.UnitTests\Controls.Core.UnitTests.csproj", "{094FB109-1CBC-4B84-8CFB-072E7B3EC637}"
EndProject
Project("{9A19103F-16F7-4668-BE54-9A1E7A4F7556}") = "Controls.CustomAttributes", "src\Controls\tests\CustomAttributes\Controls.CustomAttributes.csproj", "{F7B6C73A-6019-4EAE-9258-E08C0C57829F}"
EndProject
Project("{9A19103F-16F7-4668-BE54-9A1E7A4F7556}") = "Maui.Controls.Sample.Profiling", "src\Controls\samples\Controls.Sample.Profiling\Maui.Controls.Sample.Profiling.csproj", "{75DB635C-0035-46E7-9A33-857D38082503}"
EndProject
Project("{9A19103F-16F7-4668-BE54-9A1E7A4F7556}") = "Compatibility.Android.AppLinks", "src\Compatibility\Android.AppLinks\src\Compatibility.Android.AppLinks.csproj", "{742AB9F4-B2A3-464F-9584-7D07E28D0716}"
EndProject
Project("{2150E333-8FDC-42A3-9474-1A3956D46DE8}") = "samples", "samples", "{95BF8553-3D9D-4831-ACDD-A3E697BC08A6}"
EndProject
Project("{9A19103F-16F7-4668-BE54-9A1E7A4F7556}") = "Essentials.Sample", "src\Essentials\samples\Samples\Essentials.Sample.csproj", "{C677BF3D-B234-491D-BA48-D9742DB564F8}"
EndProject
Project("{2150E333-8FDC-42A3-9474-1A3956D46DE8}") = "src", "src", "{ED7F28E0-D0AF-417D-983D-3D874EEE8554}"
EndProject
Project("{9A19103F-16F7-4668-BE54-9A1E7A4F7556}") = "Maui.Controls.Sample.Sandbox", "src\Controls\samples\Controls.Sample.Sandbox\Maui.Controls.Sample.Sandbox.csproj", "{532ACF23-381B-4F54-AEA9-25B5485F9148}"
EndProject
Project("{2150E333-8FDC-42A3-9474-1A3956D46DE8}") = "SharedSource", "SharedSource", "{4F2926C8-43AB-4328-A735-D9EAD699F81D}"
	ProjectSection(SolutionItems) = preProject
		src\BlazorWebView\src\SharedSource\QueryStringHelper.cs = src\BlazorWebView\src\SharedSource\QueryStringHelper.cs
		src\BlazorWebView\src\SharedSource\WebView2WebViewManager.cs = src\BlazorWebView\src\SharedSource\WebView2WebViewManager.cs
	EndProjectSection
EndProject
Project("{9A19103F-16F7-4668-BE54-9A1E7A4F7556}") = "Controls.Xaml", "src\Controls\src\Xaml\Controls.Xaml.csproj", "{F2DD455C-5393-4D4F-BAC8-F9F35ECC8264}"
EndProject
Project("{9A19103F-16F7-4668-BE54-9A1E7A4F7556}") = "Controls.Maps", "src\Controls\Maps\src\Controls.Maps.csproj", "{2F0C5E3D-DA04-482F-96C6-EB13235A32B1}"
EndProject
Project("{2150E333-8FDC-42A3-9474-1A3956D46DE8}") = "TestUtils", "TestUtils", "{FBA6A516-2B6A-48A9-B64F-B012114B9501}"
EndProject
Project("{9A19103F-16F7-4668-BE54-9A1E7A4F7556}") = "TestUtils", "src\TestUtils\src\TestUtils\TestUtils.csproj", "{24046F1F-DCD1-4388-9448-68C5EB500F8E}"
EndProject
Project("{9A19103F-16F7-4668-BE54-9A1E7A4F7556}") = "Controls.DeviceTests", "src\Controls\tests\DeviceTests\Controls.DeviceTests.csproj", "{2110294B-5239-4D4D-8375-AA6F49E392D2}"
EndProject
Project("{9A19103F-16F7-4668-BE54-9A1E7A4F7556}") = "TestUtils.DeviceTests", "src\TestUtils\src\DeviceTests\TestUtils.DeviceTests.csproj", "{6862351B-C60D-4594-9CF5-A12FEEB0797F}"
EndProject
Project("{9A19103F-16F7-4668-BE54-9A1E7A4F7556}") = "TestUtils.DeviceTests.Runners", "src\TestUtils\src\DeviceTests.Runners\TestUtils.DeviceTests.Runners.csproj", "{527A5A06-46E8-4F34-BEA5-F297FBBF04DC}"
EndProject
Project("{9A19103F-16F7-4668-BE54-9A1E7A4F7556}") = "TestUtils.DeviceTests.Runners.SourceGen", "src\TestUtils\src\DeviceTests.Runners.SourceGen\TestUtils.DeviceTests.Runners.SourceGen.csproj", "{7BEF8AD2-3A1D-4920-9036-473B9A6D5B0D}"
EndProject
Project("{9A19103F-16F7-4668-BE54-9A1E7A4F7556}") = "Core.DeviceTests", "src\Core\tests\DeviceTests\Core.DeviceTests.csproj", "{50BCB5CD-DC2A-42AA-B921-D99B19625CE1}"
EndProject
Project("{9A19103F-16F7-4668-BE54-9A1E7A4F7556}") = "Controls.Foldable", "src\Controls\Foldable\src\Controls.Foldable.csproj", "{F0A48792-ACD7-4B72-83EB-C56A70FA5A3A}"
EndProject
Project("{9A19103F-16F7-4668-BE54-9A1E7A4F7556}") = "Maps", "src\Core\maps\src\Maps.csproj", "{1C9F9D5A-2CF7-4ADB-A9F5-672ACC05B035}"
EndProject
Project("{2150E333-8FDC-42A3-9474-1A3956D46DE8}") = "Graphics", "Graphics", "{E4884871-4A1B-43BC-814F-E3D6E52B1673}"
EndProject
Project("{2150E333-8FDC-42A3-9474-1A3956D46DE8}") = "src", "src", "{42AB9AE1-631D-4AD4-85B7-910FF0940BDB}"
EndProject
Project("{2150E333-8FDC-42A3-9474-1A3956D46DE8}") = "test", "test", "{936C47A9-A7EA-4FBD-8733-CED1D4100E69}"
EndProject
Project("{9A19103F-16F7-4668-BE54-9A1E7A4F7556}") = "Graphics", "src\Graphics\src\Graphics\Graphics.csproj", "{CF056C95-51C4-4366-9D06-41D2B15EFEE4}"
EndProject
Project("{9A19103F-16F7-4668-BE54-9A1E7A4F7556}") = "Graphics.Tests", "src\Graphics\tests\Graphics.Tests\Graphics.Tests.csproj", "{56BBFDBD-254F-42B6-9984-46E19C53FB00}"
EndProject
Project("{9A19103F-16F7-4668-BE54-9A1E7A4F7556}") = "Core.DeviceTests.Shared", "src\Core\tests\DeviceTests.Shared\Core.DeviceTests.Shared.csproj", "{B000E53D-AB58-42E3-8964-2B3F30ECC886}"
EndProject
Global
	GlobalSection(SolutionConfigurationPlatforms) = preSolution
		Debug|Any CPU = Debug|Any CPU
		Release|Any CPU = Release|Any CPU
	EndGlobalSection
	GlobalSection(ProjectConfigurationPlatforms) = postSolution
		{95BA42B5-B00E-4986-B9B5-517140378452}.Debug|Any CPU.ActiveCfg = Debug|Any CPU
		{95BA42B5-B00E-4986-B9B5-517140378452}.Debug|Any CPU.Build.0 = Debug|Any CPU
		{95BA42B5-B00E-4986-B9B5-517140378452}.Release|Any CPU.ActiveCfg = Release|Any CPU
		{95BA42B5-B00E-4986-B9B5-517140378452}.Release|Any CPU.Build.0 = Release|Any CPU
		{AF64451F-E2BD-41C2-B083-F60C26AE2A9F}.Debug|Any CPU.ActiveCfg = Debug|Any CPU
		{AF64451F-E2BD-41C2-B083-F60C26AE2A9F}.Debug|Any CPU.Build.0 = Debug|Any CPU
		{AF64451F-E2BD-41C2-B083-F60C26AE2A9F}.Release|Any CPU.ActiveCfg = Release|Any CPU
		{AF64451F-E2BD-41C2-B083-F60C26AE2A9F}.Release|Any CPU.Build.0 = Release|Any CPU
		{00A11C2F-969F-4964-8557-91ADF4B1523D}.Debug|Any CPU.ActiveCfg = Debug|Any CPU
		{00A11C2F-969F-4964-8557-91ADF4B1523D}.Debug|Any CPU.Build.0 = Debug|Any CPU
		{00A11C2F-969F-4964-8557-91ADF4B1523D}.Release|Any CPU.ActiveCfg = Release|Any CPU
		{00A11C2F-969F-4964-8557-91ADF4B1523D}.Release|Any CPU.Build.0 = Release|Any CPU
		{B8DC1324-977C-46F1-B697-9064ADE6099A}.Debug|Any CPU.ActiveCfg = Debug|Any CPU
		{B8DC1324-977C-46F1-B697-9064ADE6099A}.Debug|Any CPU.Build.0 = Debug|Any CPU
		{B8DC1324-977C-46F1-B697-9064ADE6099A}.Release|Any CPU.ActiveCfg = Release|Any CPU
		{B8DC1324-977C-46F1-B697-9064ADE6099A}.Release|Any CPU.Build.0 = Release|Any CPU
		{39B47A3C-21CA-4B28-9250-14FD957EB0FC}.Debug|Any CPU.ActiveCfg = Debug|Any CPU
		{39B47A3C-21CA-4B28-9250-14FD957EB0FC}.Debug|Any CPU.Build.0 = Debug|Any CPU
		{39B47A3C-21CA-4B28-9250-14FD957EB0FC}.Release|Any CPU.ActiveCfg = Release|Any CPU
		{39B47A3C-21CA-4B28-9250-14FD957EB0FC}.Release|Any CPU.Build.0 = Release|Any CPU
		{92644F6F-5946-48FC-A21A-A3D6EE24E8B3}.Debug|Any CPU.ActiveCfg = Debug|Any CPU
		{92644F6F-5946-48FC-A21A-A3D6EE24E8B3}.Debug|Any CPU.Build.0 = Debug|Any CPU
		{92644F6F-5946-48FC-A21A-A3D6EE24E8B3}.Release|Any CPU.ActiveCfg = Release|Any CPU
		{92644F6F-5946-48FC-A21A-A3D6EE24E8B3}.Release|Any CPU.Build.0 = Release|Any CPU
		{F7F2B379-52CE-4802-9EC9-0D7967B6BFB7}.Debug|Any CPU.ActiveCfg = Debug|Any CPU
		{F7F2B379-52CE-4802-9EC9-0D7967B6BFB7}.Debug|Any CPU.Build.0 = Debug|Any CPU
		{F7F2B379-52CE-4802-9EC9-0D7967B6BFB7}.Release|Any CPU.ActiveCfg = Release|Any CPU
		{F7F2B379-52CE-4802-9EC9-0D7967B6BFB7}.Release|Any CPU.Build.0 = Release|Any CPU
		{4515DAA4-9801-401D-A7A0-38D019B3B19F}.Debug|Any CPU.ActiveCfg = Debug|Any CPU
		{4515DAA4-9801-401D-A7A0-38D019B3B19F}.Debug|Any CPU.Build.0 = Debug|Any CPU
		{4515DAA4-9801-401D-A7A0-38D019B3B19F}.Release|Any CPU.ActiveCfg = Release|Any CPU
		{4515DAA4-9801-401D-A7A0-38D019B3B19F}.Release|Any CPU.Build.0 = Release|Any CPU
		{9F1E0CE0-BF56-433F-8238-6C2B880EEF18}.Debug|Any CPU.ActiveCfg = Debug|Any CPU
		{9F1E0CE0-BF56-433F-8238-6C2B880EEF18}.Debug|Any CPU.Build.0 = Debug|Any CPU
		{9F1E0CE0-BF56-433F-8238-6C2B880EEF18}.Release|Any CPU.ActiveCfg = Release|Any CPU
		{9F1E0CE0-BF56-433F-8238-6C2B880EEF18}.Release|Any CPU.Build.0 = Release|Any CPU
		{A9BAB840-A53E-405A-9458-CA0E02319FB4}.Debug|Any CPU.ActiveCfg = Debug|Any CPU
		{A9BAB840-A53E-405A-9458-CA0E02319FB4}.Debug|Any CPU.Build.0 = Debug|Any CPU
		{A9BAB840-A53E-405A-9458-CA0E02319FB4}.Release|Any CPU.ActiveCfg = Release|Any CPU
		{A9BAB840-A53E-405A-9458-CA0E02319FB4}.Release|Any CPU.Build.0 = Release|Any CPU
		{094FB109-1CBC-4B84-8CFB-072E7B3EC637}.Debug|Any CPU.ActiveCfg = Debug|Any CPU
		{094FB109-1CBC-4B84-8CFB-072E7B3EC637}.Debug|Any CPU.Build.0 = Debug|Any CPU
		{094FB109-1CBC-4B84-8CFB-072E7B3EC637}.Release|Any CPU.ActiveCfg = Release|Any CPU
		{094FB109-1CBC-4B84-8CFB-072E7B3EC637}.Release|Any CPU.Build.0 = Release|Any CPU
		{F7B6C73A-6019-4EAE-9258-E08C0C57829F}.Debug|Any CPU.ActiveCfg = Debug|Any CPU
		{F7B6C73A-6019-4EAE-9258-E08C0C57829F}.Debug|Any CPU.Build.0 = Debug|Any CPU
		{F7B6C73A-6019-4EAE-9258-E08C0C57829F}.Release|Any CPU.ActiveCfg = Release|Any CPU
		{F7B6C73A-6019-4EAE-9258-E08C0C57829F}.Release|Any CPU.Build.0 = Release|Any CPU
		{75DB635C-0035-46E7-9A33-857D38082503}.Debug|Any CPU.ActiveCfg = Debug|Any CPU
		{75DB635C-0035-46E7-9A33-857D38082503}.Debug|Any CPU.Build.0 = Debug|Any CPU
		{75DB635C-0035-46E7-9A33-857D38082503}.Debug|Any CPU.Deploy.0 = Debug|Any CPU
		{75DB635C-0035-46E7-9A33-857D38082503}.Release|Any CPU.ActiveCfg = Release|Any CPU
		{75DB635C-0035-46E7-9A33-857D38082503}.Release|Any CPU.Build.0 = Release|Any CPU
		{75DB635C-0035-46E7-9A33-857D38082503}.Release|Any CPU.Deploy.0 = Release|Any CPU
		{742AB9F4-B2A3-464F-9584-7D07E28D0716}.Debug|Any CPU.ActiveCfg = Debug|Any CPU
		{742AB9F4-B2A3-464F-9584-7D07E28D0716}.Debug|Any CPU.Build.0 = Debug|Any CPU
		{742AB9F4-B2A3-464F-9584-7D07E28D0716}.Release|Any CPU.ActiveCfg = Release|Any CPU
		{742AB9F4-B2A3-464F-9584-7D07E28D0716}.Release|Any CPU.Build.0 = Release|Any CPU
		{C677BF3D-B234-491D-BA48-D9742DB564F8}.Debug|Any CPU.ActiveCfg = Debug|Any CPU
		{C677BF3D-B234-491D-BA48-D9742DB564F8}.Debug|Any CPU.Build.0 = Debug|Any CPU
		{C677BF3D-B234-491D-BA48-D9742DB564F8}.Debug|Any CPU.Deploy.0 = Debug|Any CPU
		{C677BF3D-B234-491D-BA48-D9742DB564F8}.Release|Any CPU.ActiveCfg = Release|Any CPU
		{C677BF3D-B234-491D-BA48-D9742DB564F8}.Release|Any CPU.Build.0 = Release|Any CPU
		{532ACF23-381B-4F54-AEA9-25B5485F9148}.Debug|Any CPU.ActiveCfg = Debug|Any CPU
		{532ACF23-381B-4F54-AEA9-25B5485F9148}.Debug|Any CPU.Build.0 = Debug|Any CPU
		{532ACF23-381B-4F54-AEA9-25B5485F9148}.Debug|Any CPU.Deploy.0 = Debug|Any CPU
		{532ACF23-381B-4F54-AEA9-25B5485F9148}.Release|Any CPU.ActiveCfg = Release|Any CPU
		{532ACF23-381B-4F54-AEA9-25B5485F9148}.Release|Any CPU.Build.0 = Release|Any CPU
		{532ACF23-381B-4F54-AEA9-25B5485F9148}.Release|Any CPU.Deploy.0 = Release|Any CPU
		{F2DD455C-5393-4D4F-BAC8-F9F35ECC8264}.Debug|Any CPU.ActiveCfg = Debug|Any CPU
		{F2DD455C-5393-4D4F-BAC8-F9F35ECC8264}.Debug|Any CPU.Build.0 = Debug|Any CPU
		{F2DD455C-5393-4D4F-BAC8-F9F35ECC8264}.Release|Any CPU.ActiveCfg = Release|Any CPU
		{F2DD455C-5393-4D4F-BAC8-F9F35ECC8264}.Release|Any CPU.Build.0 = Release|Any CPU
		{2F0C5E3D-DA04-482F-96C6-EB13235A32B1}.Debug|Any CPU.ActiveCfg = Debug|Any CPU
		{2F0C5E3D-DA04-482F-96C6-EB13235A32B1}.Debug|Any CPU.Build.0 = Debug|Any CPU
		{2F0C5E3D-DA04-482F-96C6-EB13235A32B1}.Release|Any CPU.ActiveCfg = Release|Any CPU
		{2F0C5E3D-DA04-482F-96C6-EB13235A32B1}.Release|Any CPU.Build.0 = Release|Any CPU
		{24046F1F-DCD1-4388-9448-68C5EB500F8E}.Debug|Any CPU.ActiveCfg = Debug|Any CPU
		{24046F1F-DCD1-4388-9448-68C5EB500F8E}.Debug|Any CPU.Build.0 = Debug|Any CPU
		{24046F1F-DCD1-4388-9448-68C5EB500F8E}.Release|Any CPU.ActiveCfg = Release|Any CPU
		{24046F1F-DCD1-4388-9448-68C5EB500F8E}.Release|Any CPU.Build.0 = Release|Any CPU
		{2110294B-5239-4D4D-8375-AA6F49E392D2}.Debug|Any CPU.ActiveCfg = Debug|Any CPU
		{2110294B-5239-4D4D-8375-AA6F49E392D2}.Debug|Any CPU.Build.0 = Debug|Any CPU
		{2110294B-5239-4D4D-8375-AA6F49E392D2}.Debug|Any CPU.Deploy.0 = Debug|Any CPU
		{2110294B-5239-4D4D-8375-AA6F49E392D2}.Release|Any CPU.ActiveCfg = Release|Any CPU
		{2110294B-5239-4D4D-8375-AA6F49E392D2}.Release|Any CPU.Build.0 = Release|Any CPU
		{6862351B-C60D-4594-9CF5-A12FEEB0797F}.Debug|Any CPU.ActiveCfg = Debug|Any CPU
		{6862351B-C60D-4594-9CF5-A12FEEB0797F}.Debug|Any CPU.Build.0 = Debug|Any CPU
		{6862351B-C60D-4594-9CF5-A12FEEB0797F}.Release|Any CPU.ActiveCfg = Release|Any CPU
		{6862351B-C60D-4594-9CF5-A12FEEB0797F}.Release|Any CPU.Build.0 = Release|Any CPU
		{527A5A06-46E8-4F34-BEA5-F297FBBF04DC}.Debug|Any CPU.ActiveCfg = Debug|Any CPU
		{527A5A06-46E8-4F34-BEA5-F297FBBF04DC}.Debug|Any CPU.Build.0 = Debug|Any CPU
		{527A5A06-46E8-4F34-BEA5-F297FBBF04DC}.Release|Any CPU.ActiveCfg = Release|Any CPU
		{527A5A06-46E8-4F34-BEA5-F297FBBF04DC}.Release|Any CPU.Build.0 = Release|Any CPU
		{7BEF8AD2-3A1D-4920-9036-473B9A6D5B0D}.Debug|Any CPU.ActiveCfg = Debug|Any CPU
		{7BEF8AD2-3A1D-4920-9036-473B9A6D5B0D}.Debug|Any CPU.Build.0 = Debug|Any CPU
		{7BEF8AD2-3A1D-4920-9036-473B9A6D5B0D}.Release|Any CPU.ActiveCfg = Release|Any CPU
		{7BEF8AD2-3A1D-4920-9036-473B9A6D5B0D}.Release|Any CPU.Build.0 = Release|Any CPU
		{50BCB5CD-DC2A-42AA-B921-D99B19625CE1}.Debug|Any CPU.ActiveCfg = Debug|Any CPU
		{50BCB5CD-DC2A-42AA-B921-D99B19625CE1}.Debug|Any CPU.Build.0 = Debug|Any CPU
		{50BCB5CD-DC2A-42AA-B921-D99B19625CE1}.Debug|Any CPU.Deploy.0 = Debug|Any CPU
		{50BCB5CD-DC2A-42AA-B921-D99B19625CE1}.Release|Any CPU.ActiveCfg = Release|Any CPU
		{50BCB5CD-DC2A-42AA-B921-D99B19625CE1}.Release|Any CPU.Build.0 = Release|Any CPU
		{F0A48792-ACD7-4B72-83EB-C56A70FA5A3A}.Debug|Any CPU.ActiveCfg = Debug|Any CPU
		{F0A48792-ACD7-4B72-83EB-C56A70FA5A3A}.Debug|Any CPU.Build.0 = Debug|Any CPU
		{F0A48792-ACD7-4B72-83EB-C56A70FA5A3A}.Release|Any CPU.ActiveCfg = Release|Any CPU
		{F0A48792-ACD7-4B72-83EB-C56A70FA5A3A}.Release|Any CPU.Build.0 = Release|Any CPU
		{1C9F9D5A-2CF7-4ADB-A9F5-672ACC05B035}.Debug|Any CPU.ActiveCfg = Debug|Any CPU
		{1C9F9D5A-2CF7-4ADB-A9F5-672ACC05B035}.Debug|Any CPU.Build.0 = Debug|Any CPU
		{1C9F9D5A-2CF7-4ADB-A9F5-672ACC05B035}.Release|Any CPU.ActiveCfg = Release|Any CPU
		{1C9F9D5A-2CF7-4ADB-A9F5-672ACC05B035}.Release|Any CPU.Build.0 = Release|Any CPU
		{CF056C95-51C4-4366-9D06-41D2B15EFEE4}.Debug|Any CPU.ActiveCfg = Debug|Any CPU
		{CF056C95-51C4-4366-9D06-41D2B15EFEE4}.Debug|Any CPU.Build.0 = Debug|Any CPU
		{CF056C95-51C4-4366-9D06-41D2B15EFEE4}.Release|Any CPU.ActiveCfg = Release|Any CPU
		{CF056C95-51C4-4366-9D06-41D2B15EFEE4}.Release|Any CPU.Build.0 = Release|Any CPU
		{56BBFDBD-254F-42B6-9984-46E19C53FB00}.Debug|Any CPU.ActiveCfg = Debug|Any CPU
		{56BBFDBD-254F-42B6-9984-46E19C53FB00}.Debug|Any CPU.Build.0 = Debug|Any CPU
		{56BBFDBD-254F-42B6-9984-46E19C53FB00}.Release|Any CPU.ActiveCfg = Release|Any CPU
		{56BBFDBD-254F-42B6-9984-46E19C53FB00}.Release|Any CPU.Build.0 = Release|Any CPU
		{B000E53D-AB58-42E3-8964-2B3F30ECC886}.Debug|Any CPU.ActiveCfg = Debug|Any CPU
		{B000E53D-AB58-42E3-8964-2B3F30ECC886}.Debug|Any CPU.Build.0 = Debug|Any CPU
		{B000E53D-AB58-42E3-8964-2B3F30ECC886}.Release|Any CPU.ActiveCfg = Release|Any CPU
		{B000E53D-AB58-42E3-8964-2B3F30ECC886}.Release|Any CPU.Build.0 = Release|Any CPU
	EndGlobalSection
	GlobalSection(SolutionProperties) = preSolution
		HideSolutionNode = FALSE
	EndGlobalSection
	GlobalSection(NestedProjects) = preSolution
		{95BA42B5-B00E-4986-B9B5-517140378452} = {E8AD265B-3C67-4640-AC58-A522F9FB3361}
		{AF64451F-E2BD-41C2-B083-F60C26AE2A9F} = {50C758FE-4E10-409A-94F5-A75480960864}
		{00A11C2F-969F-4964-8557-91ADF4B1523D} = {446EB407-57EB-441D-9ADB-1A006CBF672A}
		{E1082E26-D700-4127-9329-66D673FD2D55} = {459BF674-83CB-46F6-881F-A2D2117DBF4D}
		{B8DC1324-977C-46F1-B697-9064ADE6099A} = {E1082E26-D700-4127-9329-66D673FD2D55}
		{39B47A3C-21CA-4B28-9250-14FD957EB0FC} = {A1D83459-24AC-4124-AE5F-09F0318AF0EB}
		{92644F6F-5946-48FC-A21A-A3D6EE24E8B3} = {C564DDD6-DE79-45CD-88EA-3F690481572A}
		{E8AD265B-3C67-4640-AC58-A522F9FB3361} = {09C264E9-E3F3-4586-9151-DCBB1F6DA7AB}
		{C564DDD6-DE79-45CD-88EA-3F690481572A} = {09C264E9-E3F3-4586-9151-DCBB1F6DA7AB}
		{50C758FE-4E10-409A-94F5-A75480960864} = {459BF674-83CB-46F6-881F-A2D2117DBF4D}
		{F7F2B379-52CE-4802-9EC9-0D7967B6BFB7} = {ED7F28E0-D0AF-417D-983D-3D874EEE8554}
		{4515DAA4-9801-401D-A7A0-38D019B3B19F} = {A8E9400E-70DD-421F-8609-1C2FA4AE8E71}
		{A8E9400E-70DD-421F-8609-1C2FA4AE8E71} = {1614D1A4-5C3D-4D5B-8C89-426E37A564EF}
		{9F1E0CE0-BF56-433F-8238-6C2B880EEF18} = {A8E9400E-70DD-421F-8609-1C2FA4AE8E71}
		{446EB407-57EB-441D-9ADB-1A006CBF672A} = {123AA89E-1638-4E0E-B828-B8F9F9F906A2}
		{A1D83459-24AC-4124-AE5F-09F0318AF0EB} = {94F3C036-A5F4-4ACC-A028-8506802ADB88}
		{420BC8CC-EE70-49A1-964A-CB63414A882D} = {94F3C036-A5F4-4ACC-A028-8506802ADB88}
		{A9BAB840-A53E-405A-9458-CA0E02319FB4} = {420BC8CC-EE70-49A1-964A-CB63414A882D}
		{25D0D27A-C5FE-443D-8B65-D6C987F4A80E} = {459BF674-83CB-46F6-881F-A2D2117DBF4D}
		{094FB109-1CBC-4B84-8CFB-072E7B3EC637} = {25D0D27A-C5FE-443D-8B65-D6C987F4A80E}
		{F7B6C73A-6019-4EAE-9258-E08C0C57829F} = {25D0D27A-C5FE-443D-8B65-D6C987F4A80E}
		{75DB635C-0035-46E7-9A33-857D38082503} = {E1082E26-D700-4127-9329-66D673FD2D55}
		{742AB9F4-B2A3-464F-9584-7D07E28D0716} = {446EB407-57EB-441D-9ADB-1A006CBF672A}
		{95BF8553-3D9D-4831-ACDD-A3E697BC08A6} = {94F3C036-A5F4-4ACC-A028-8506802ADB88}
		{C677BF3D-B234-491D-BA48-D9742DB564F8} = {95BF8553-3D9D-4831-ACDD-A3E697BC08A6}
		{ED7F28E0-D0AF-417D-983D-3D874EEE8554} = {1614D1A4-5C3D-4D5B-8C89-426E37A564EF}
		{532ACF23-381B-4F54-AEA9-25B5485F9148} = {E1082E26-D700-4127-9329-66D673FD2D55}
		{4F2926C8-43AB-4328-A735-D9EAD699F81D} = {ED7F28E0-D0AF-417D-983D-3D874EEE8554}
		{F2DD455C-5393-4D4F-BAC8-F9F35ECC8264} = {50C758FE-4E10-409A-94F5-A75480960864}
		{2F0C5E3D-DA04-482F-96C6-EB13235A32B1} = {50C758FE-4E10-409A-94F5-A75480960864}
		{24046F1F-DCD1-4388-9448-68C5EB500F8E} = {FBA6A516-2B6A-48A9-B64F-B012114B9501}
		{2110294B-5239-4D4D-8375-AA6F49E392D2} = {25D0D27A-C5FE-443D-8B65-D6C987F4A80E}
		{6862351B-C60D-4594-9CF5-A12FEEB0797F} = {FBA6A516-2B6A-48A9-B64F-B012114B9501}
		{527A5A06-46E8-4F34-BEA5-F297FBBF04DC} = {FBA6A516-2B6A-48A9-B64F-B012114B9501}
		{7BEF8AD2-3A1D-4920-9036-473B9A6D5B0D} = {FBA6A516-2B6A-48A9-B64F-B012114B9501}
		{50BCB5CD-DC2A-42AA-B921-D99B19625CE1} = {C564DDD6-DE79-45CD-88EA-3F690481572A}
		{F0A48792-ACD7-4B72-83EB-C56A70FA5A3A} = {50C758FE-4E10-409A-94F5-A75480960864}
		{1C9F9D5A-2CF7-4ADB-A9F5-672ACC05B035} = {E8AD265B-3C67-4640-AC58-A522F9FB3361}
		{42AB9AE1-631D-4AD4-85B7-910FF0940BDB} = {E4884871-4A1B-43BC-814F-E3D6E52B1673}
		{936C47A9-A7EA-4FBD-8733-CED1D4100E69} = {E4884871-4A1B-43BC-814F-E3D6E52B1673}
		{CF056C95-51C4-4366-9D06-41D2B15EFEE4} = {42AB9AE1-631D-4AD4-85B7-910FF0940BDB}
		{56BBFDBD-254F-42B6-9984-46E19C53FB00} = {936C47A9-A7EA-4FBD-8733-CED1D4100E69}
		{B000E53D-AB58-42E3-8964-2B3F30ECC886} = {C564DDD6-DE79-45CD-88EA-3F690481572A}
	EndGlobalSection
	GlobalSection(ExtensibilityGlobals) = postSolution
		SolutionGuid = {0B8ABEAD-D2B5-4370-A187-62B5ABE4EE50}
	EndGlobalSection
EndGlobal
