
Microsoft Visual Studio Solution File, Format Version 12.00
# Visual Studio Version 16
VisualStudioVersion = 16.0.31320.298
MinimumVisualStudioVersion = 15.0.26124.0
Project("{2150E333-8FDC-42A3-9474-1A3956D46DE8}") = "samples", "samples", "{C3D8C7AE-55CA-4498-A1E8-00007B4B4F7C}"
EndProject
Project("{2150E333-8FDC-42A3-9474-1A3956D46DE8}") = "BlazorWebView", "BlazorWebView", "{E0DA7D77-C523-455B-85EE-4AD1B81C07CB}"
EndProject
Project("{9A19103F-16F7-4668-BE54-9A1E7A4F7556}") = "Microsoft.AspNetCore.Components.WebView.Maui", "src\BlazorWebView\src\Maui\Microsoft.AspNetCore.Components.WebView.Maui.csproj", "{20FD1091-70D9-49A4-A9F3-415AE64ADA2B}"
EndProject
Project("{2150E333-8FDC-42A3-9474-1A3956D46DE8}") = "MauiDependencies", "MauiDependencies", "{3B4D8E3D-BCFE-4E06-A38C-BCEBE4D68D3A}"
EndProject
Project("{9A19103F-16F7-4668-BE54-9A1E7A4F7556}") = "Controls.Core-net6", "src\Controls\src\Core\Controls.Core-net6.csproj", "{2B82CE80-032B-4A88-A1CF-ACD373467339}"
EndProject
Project("{9A19103F-16F7-4668-BE54-9A1E7A4F7556}") = "Core-net6", "src\Core\src\Core-net6.csproj", "{413D3127-342B-4137-9CD2-4606DD383586}"
EndProject
Project("{9A19103F-16F7-4668-BE54-9A1E7A4F7556}") = "MauiRazorClassLibrarySample", "src\BlazorWebView\samples\MauiRazorClassLibrarySample\MauiRazorClassLibrarySample.csproj", "{AE38CAEC-AB33-4793-8EF4-845FC0E09E6A}"
EndProject
Project("{9A19103F-16F7-4668-BE54-9A1E7A4F7556}") = "Maui.Controls.Sample-net6", "src\Controls\samples\Controls.Sample\Maui.Controls.Sample-net6.csproj", "{90B77C90-E27A-4F95-B703-3C0C5DCF8CD9}"
EndProject
Project("{9A19103F-16F7-4668-BE54-9A1E7A4F7556}") = "Compatibility-net6", "src\Compatibility\Core\src\Compatibility-net6.csproj", "{05F31F1B-E761-4DF0-BBEA-D02639E7E971}"
EndProject
Project("{9A19103F-16F7-4668-BE54-9A1E7A4F7556}") = "Controls.Xaml-net6", "src\Controls\src\Xaml\Controls.Xaml-net6.csproj", "{477EE246-A246-46B2-A0D4-DF782980EA2E}"
EndProject
Project("{9A19103F-16F7-4668-BE54-9A1E7A4F7556}") = "Essentials-net6", "src\Essentials\src\Essentials-net6.csproj", "{5E19CF70-7730-4CBB-B277-BDE35F0F7AF3}"
EndProject
Project("{9A19103F-16F7-4668-BE54-9A1E7A4F7556}") = "Compatibility.Android.FormsViewGroup-net6", "src\Compatibility\Core\src\Android.FormsViewGroup\Compatibility.Android.FormsViewGroup-net6.csproj", "{33EAB4A6-32A9-49DD-8240-5D297C157BCF}"
EndProject
Project("{9A19103F-16F7-4668-BE54-9A1E7A4F7556}") = "Controls.SourceGen-net6", "src\Controls\src\SourceGen\Controls.SourceGen-net6.csproj", "{FA5292A0-CB7E-42C1-89DF-59E630C9F829}"
EndProject
Project("{9A19103F-16F7-4668-BE54-9A1E7A4F7556}") = "Resizetizer", "src\SingleProject\Resizetizer\src\Resizetizer.csproj", "{0FAE438A-9565-468C-AF35-61344D5880F0}"
EndProject
Project("{9A19103F-16F7-4668-BE54-9A1E7A4F7556}") = "Controls.Build.Tasks-net6", "src\Controls\src\Build.Tasks\Controls.Build.Tasks-net6.csproj", "{A069C76C-4B50-4093-9AE6-388690AD7C29}"
EndProject
Project("{9A19103F-16F7-4668-BE54-9A1E7A4F7556}") = "Maui.Controls.Sample.Droid-net6", "src\Controls\samples\Controls.Sample.Droid\Maui.Controls.Sample.Droid-net6.csproj", "{44BD7F3B-6AC4-49CB-A0DB-BF1980C19D7C}"
EndProject
Project("{9A19103F-16F7-4668-BE54-9A1E7A4F7556}") = "Maui.Controls.Sample.iOS-net6", "src\Controls\samples\Controls.Sample.iOS\Maui.Controls.Sample.iOS-net6.csproj", "{53BEB5B6-1A0E-455A-8B09-247342E9FFDF}"
EndProject
Project("{9A19103F-16F7-4668-BE54-9A1E7A4F7556}") = "Maui.Controls.Sample.MacCatalyst-net6", "src\Controls\samples\Controls.Sample.MacCatalyst\Maui.Controls.Sample.MacCatalyst-net6.csproj", "{72C4E8C7-5813-436A-96EC-BB2D708BDABC}"
EndProject
Project("{9A19103F-16F7-4668-BE54-9A1E7A4F7556}") = "Maui.Controls.Sample.SingleProject", "src\Controls\samples\Controls.Sample.SingleProject\Maui.Controls.Sample.SingleProject.csproj", "{3BA6E21E-E8A7-4DCC-BF62-227FDDFACE43}"
EndProject
Global
	GlobalSection(SolutionConfigurationPlatforms) = preSolution
		Debug|Any CPU = Debug|Any CPU
		Debug|arm64 = Debug|arm64
		Debug|x64 = Debug|x64
		Debug|x86 = Debug|x86
		Release|Any CPU = Release|Any CPU
		Release|arm64 = Release|arm64
		Release|x64 = Release|x64
		Release|x86 = Release|x86
	EndGlobalSection
	GlobalSection(ProjectConfigurationPlatforms) = postSolution
		{20FD1091-70D9-49A4-A9F3-415AE64ADA2B}.Debug|Any CPU.ActiveCfg = Debug|Any CPU
		{20FD1091-70D9-49A4-A9F3-415AE64ADA2B}.Debug|Any CPU.Build.0 = Debug|Any CPU
		{20FD1091-70D9-49A4-A9F3-415AE64ADA2B}.Debug|arm64.ActiveCfg = Debug|Any CPU
		{20FD1091-70D9-49A4-A9F3-415AE64ADA2B}.Debug|arm64.Build.0 = Debug|Any CPU
		{20FD1091-70D9-49A4-A9F3-415AE64ADA2B}.Debug|arm64.Deploy.0 = Debug|Any CPU
		{20FD1091-70D9-49A4-A9F3-415AE64ADA2B}.Debug|x64.ActiveCfg = Debug|Any CPU
		{20FD1091-70D9-49A4-A9F3-415AE64ADA2B}.Debug|x64.Build.0 = Debug|Any CPU
		{20FD1091-70D9-49A4-A9F3-415AE64ADA2B}.Debug|x86.ActiveCfg = Debug|Any CPU
		{20FD1091-70D9-49A4-A9F3-415AE64ADA2B}.Debug|x86.Build.0 = Debug|Any CPU
		{20FD1091-70D9-49A4-A9F3-415AE64ADA2B}.Release|Any CPU.ActiveCfg = Release|Any CPU
		{20FD1091-70D9-49A4-A9F3-415AE64ADA2B}.Release|Any CPU.Build.0 = Release|Any CPU
		{20FD1091-70D9-49A4-A9F3-415AE64ADA2B}.Release|arm64.ActiveCfg = Release|Any CPU
		{20FD1091-70D9-49A4-A9F3-415AE64ADA2B}.Release|arm64.Build.0 = Release|Any CPU
		{20FD1091-70D9-49A4-A9F3-415AE64ADA2B}.Release|arm64.Deploy.0 = Release|Any CPU
		{20FD1091-70D9-49A4-A9F3-415AE64ADA2B}.Release|x64.ActiveCfg = Release|Any CPU
		{20FD1091-70D9-49A4-A9F3-415AE64ADA2B}.Release|x64.Build.0 = Release|Any CPU
		{20FD1091-70D9-49A4-A9F3-415AE64ADA2B}.Release|x86.ActiveCfg = Release|Any CPU
		{20FD1091-70D9-49A4-A9F3-415AE64ADA2B}.Release|x86.Build.0 = Release|Any CPU
		{2B82CE80-032B-4A88-A1CF-ACD373467339}.Debug|Any CPU.ActiveCfg = Debug|Any CPU
		{2B82CE80-032B-4A88-A1CF-ACD373467339}.Debug|Any CPU.Build.0 = Debug|Any CPU
		{2B82CE80-032B-4A88-A1CF-ACD373467339}.Debug|arm64.ActiveCfg = Debug|Any CPU
		{2B82CE80-032B-4A88-A1CF-ACD373467339}.Debug|arm64.Build.0 = Debug|Any CPU
		{2B82CE80-032B-4A88-A1CF-ACD373467339}.Debug|x64.ActiveCfg = Debug|Any CPU
		{2B82CE80-032B-4A88-A1CF-ACD373467339}.Debug|x64.Build.0 = Debug|Any CPU
		{2B82CE80-032B-4A88-A1CF-ACD373467339}.Debug|x86.ActiveCfg = Debug|Any CPU
		{2B82CE80-032B-4A88-A1CF-ACD373467339}.Debug|x86.Build.0 = Debug|Any CPU
		{2B82CE80-032B-4A88-A1CF-ACD373467339}.Release|Any CPU.ActiveCfg = Release|Any CPU
		{2B82CE80-032B-4A88-A1CF-ACD373467339}.Release|Any CPU.Build.0 = Release|Any CPU
		{2B82CE80-032B-4A88-A1CF-ACD373467339}.Release|arm64.ActiveCfg = Release|Any CPU
		{2B82CE80-032B-4A88-A1CF-ACD373467339}.Release|arm64.Build.0 = Release|Any CPU
		{2B82CE80-032B-4A88-A1CF-ACD373467339}.Release|x64.ActiveCfg = Release|Any CPU
		{2B82CE80-032B-4A88-A1CF-ACD373467339}.Release|x64.Build.0 = Release|Any CPU
		{2B82CE80-032B-4A88-A1CF-ACD373467339}.Release|x86.ActiveCfg = Release|Any CPU
		{2B82CE80-032B-4A88-A1CF-ACD373467339}.Release|x86.Build.0 = Release|Any CPU
		{413D3127-342B-4137-9CD2-4606DD383586}.Debug|Any CPU.ActiveCfg = Debug|Any CPU
		{413D3127-342B-4137-9CD2-4606DD383586}.Debug|Any CPU.Build.0 = Debug|Any CPU
		{413D3127-342B-4137-9CD2-4606DD383586}.Debug|arm64.ActiveCfg = Debug|Any CPU
		{413D3127-342B-4137-9CD2-4606DD383586}.Debug|arm64.Build.0 = Debug|Any CPU
		{413D3127-342B-4137-9CD2-4606DD383586}.Debug|x64.ActiveCfg = Debug|Any CPU
		{413D3127-342B-4137-9CD2-4606DD383586}.Debug|x64.Build.0 = Debug|Any CPU
		{413D3127-342B-4137-9CD2-4606DD383586}.Debug|x86.ActiveCfg = Debug|Any CPU
		{413D3127-342B-4137-9CD2-4606DD383586}.Debug|x86.Build.0 = Debug|Any CPU
		{413D3127-342B-4137-9CD2-4606DD383586}.Release|Any CPU.ActiveCfg = Release|Any CPU
		{413D3127-342B-4137-9CD2-4606DD383586}.Release|Any CPU.Build.0 = Release|Any CPU
		{413D3127-342B-4137-9CD2-4606DD383586}.Release|arm64.ActiveCfg = Release|Any CPU
		{413D3127-342B-4137-9CD2-4606DD383586}.Release|arm64.Build.0 = Release|Any CPU
		{413D3127-342B-4137-9CD2-4606DD383586}.Release|x64.ActiveCfg = Release|Any CPU
		{413D3127-342B-4137-9CD2-4606DD383586}.Release|x64.Build.0 = Release|Any CPU
		{413D3127-342B-4137-9CD2-4606DD383586}.Release|x86.ActiveCfg = Release|Any CPU
		{413D3127-342B-4137-9CD2-4606DD383586}.Release|x86.Build.0 = Release|Any CPU
		{AE38CAEC-AB33-4793-8EF4-845FC0E09E6A}.Debug|Any CPU.ActiveCfg = Debug|Any CPU
		{AE38CAEC-AB33-4793-8EF4-845FC0E09E6A}.Debug|Any CPU.Build.0 = Debug|Any CPU
		{AE38CAEC-AB33-4793-8EF4-845FC0E09E6A}.Debug|arm64.ActiveCfg = Debug|Any CPU
		{AE38CAEC-AB33-4793-8EF4-845FC0E09E6A}.Debug|arm64.Build.0 = Debug|Any CPU
		{AE38CAEC-AB33-4793-8EF4-845FC0E09E6A}.Debug|x64.ActiveCfg = Debug|Any CPU
		{AE38CAEC-AB33-4793-8EF4-845FC0E09E6A}.Debug|x64.Build.0 = Debug|Any CPU
		{AE38CAEC-AB33-4793-8EF4-845FC0E09E6A}.Debug|x86.ActiveCfg = Debug|Any CPU
		{AE38CAEC-AB33-4793-8EF4-845FC0E09E6A}.Debug|x86.Build.0 = Debug|Any CPU
		{AE38CAEC-AB33-4793-8EF4-845FC0E09E6A}.Release|Any CPU.ActiveCfg = Release|Any CPU
		{AE38CAEC-AB33-4793-8EF4-845FC0E09E6A}.Release|Any CPU.Build.0 = Release|Any CPU
		{AE38CAEC-AB33-4793-8EF4-845FC0E09E6A}.Release|arm64.ActiveCfg = Release|Any CPU
		{AE38CAEC-AB33-4793-8EF4-845FC0E09E6A}.Release|arm64.Build.0 = Release|Any CPU
		{AE38CAEC-AB33-4793-8EF4-845FC0E09E6A}.Release|x64.ActiveCfg = Release|Any CPU
		{AE38CAEC-AB33-4793-8EF4-845FC0E09E6A}.Release|x64.Build.0 = Release|Any CPU
		{AE38CAEC-AB33-4793-8EF4-845FC0E09E6A}.Release|x86.ActiveCfg = Release|Any CPU
		{AE38CAEC-AB33-4793-8EF4-845FC0E09E6A}.Release|x86.Build.0 = Release|Any CPU
		{90B77C90-E27A-4F95-B703-3C0C5DCF8CD9}.Debug|Any CPU.ActiveCfg = Debug|Any CPU
		{90B77C90-E27A-4F95-B703-3C0C5DCF8CD9}.Debug|Any CPU.Build.0 = Debug|Any CPU
		{90B77C90-E27A-4F95-B703-3C0C5DCF8CD9}.Debug|arm64.ActiveCfg = Debug|Any CPU
		{90B77C90-E27A-4F95-B703-3C0C5DCF8CD9}.Debug|arm64.Build.0 = Debug|Any CPU
		{90B77C90-E27A-4F95-B703-3C0C5DCF8CD9}.Debug|arm64.Deploy.0 = Debug|Any CPU
		{90B77C90-E27A-4F95-B703-3C0C5DCF8CD9}.Debug|x64.ActiveCfg = Debug|Any CPU
		{90B77C90-E27A-4F95-B703-3C0C5DCF8CD9}.Debug|x64.Build.0 = Debug|Any CPU
		{90B77C90-E27A-4F95-B703-3C0C5DCF8CD9}.Debug|x86.ActiveCfg = Debug|Any CPU
		{90B77C90-E27A-4F95-B703-3C0C5DCF8CD9}.Debug|x86.Build.0 = Debug|Any CPU
		{90B77C90-E27A-4F95-B703-3C0C5DCF8CD9}.Release|Any CPU.ActiveCfg = Release|Any CPU
		{90B77C90-E27A-4F95-B703-3C0C5DCF8CD9}.Release|Any CPU.Build.0 = Release|Any CPU
		{90B77C90-E27A-4F95-B703-3C0C5DCF8CD9}.Release|arm64.ActiveCfg = Release|Any CPU
		{90B77C90-E27A-4F95-B703-3C0C5DCF8CD9}.Release|arm64.Build.0 = Release|Any CPU
		{90B77C90-E27A-4F95-B703-3C0C5DCF8CD9}.Release|arm64.Deploy.0 = Release|Any CPU
		{90B77C90-E27A-4F95-B703-3C0C5DCF8CD9}.Release|x64.ActiveCfg = Release|Any CPU
		{90B77C90-E27A-4F95-B703-3C0C5DCF8CD9}.Release|x64.Build.0 = Release|Any CPU
		{90B77C90-E27A-4F95-B703-3C0C5DCF8CD9}.Release|x86.ActiveCfg = Release|Any CPU
		{90B77C90-E27A-4F95-B703-3C0C5DCF8CD9}.Release|x86.Build.0 = Release|Any CPU
		{05F31F1B-E761-4DF0-BBEA-D02639E7E971}.Debug|Any CPU.ActiveCfg = Debug|Any CPU
		{05F31F1B-E761-4DF0-BBEA-D02639E7E971}.Debug|Any CPU.Build.0 = Debug|Any CPU
		{05F31F1B-E761-4DF0-BBEA-D02639E7E971}.Debug|arm64.ActiveCfg = Debug|Any CPU
		{05F31F1B-E761-4DF0-BBEA-D02639E7E971}.Debug|arm64.Build.0 = Debug|Any CPU
		{05F31F1B-E761-4DF0-BBEA-D02639E7E971}.Debug|x64.ActiveCfg = Debug|Any CPU
		{05F31F1B-E761-4DF0-BBEA-D02639E7E971}.Debug|x64.Build.0 = Debug|Any CPU
		{05F31F1B-E761-4DF0-BBEA-D02639E7E971}.Debug|x86.ActiveCfg = Debug|Any CPU
		{05F31F1B-E761-4DF0-BBEA-D02639E7E971}.Debug|x86.Build.0 = Debug|Any CPU
		{05F31F1B-E761-4DF0-BBEA-D02639E7E971}.Release|Any CPU.ActiveCfg = Release|Any CPU
		{05F31F1B-E761-4DF0-BBEA-D02639E7E971}.Release|Any CPU.Build.0 = Release|Any CPU
		{05F31F1B-E761-4DF0-BBEA-D02639E7E971}.Release|arm64.ActiveCfg = Release|Any CPU
		{05F31F1B-E761-4DF0-BBEA-D02639E7E971}.Release|arm64.Build.0 = Release|Any CPU
		{05F31F1B-E761-4DF0-BBEA-D02639E7E971}.Release|x64.ActiveCfg = Release|Any CPU
		{05F31F1B-E761-4DF0-BBEA-D02639E7E971}.Release|x64.Build.0 = Release|Any CPU
		{05F31F1B-E761-4DF0-BBEA-D02639E7E971}.Release|x86.ActiveCfg = Release|Any CPU
		{05F31F1B-E761-4DF0-BBEA-D02639E7E971}.Release|x86.Build.0 = Release|Any CPU
		{477EE246-A246-46B2-A0D4-DF782980EA2E}.Debug|Any CPU.ActiveCfg = Debug|Any CPU
		{477EE246-A246-46B2-A0D4-DF782980EA2E}.Debug|Any CPU.Build.0 = Debug|Any CPU
		{477EE246-A246-46B2-A0D4-DF782980EA2E}.Debug|arm64.ActiveCfg = Debug|Any CPU
		{477EE246-A246-46B2-A0D4-DF782980EA2E}.Debug|arm64.Build.0 = Debug|Any CPU
		{477EE246-A246-46B2-A0D4-DF782980EA2E}.Debug|x64.ActiveCfg = Debug|Any CPU
		{477EE246-A246-46B2-A0D4-DF782980EA2E}.Debug|x64.Build.0 = Debug|Any CPU
		{477EE246-A246-46B2-A0D4-DF782980EA2E}.Debug|x86.ActiveCfg = Debug|Any CPU
		{477EE246-A246-46B2-A0D4-DF782980EA2E}.Debug|x86.Build.0 = Debug|Any CPU
		{477EE246-A246-46B2-A0D4-DF782980EA2E}.Release|Any CPU.ActiveCfg = Release|Any CPU
		{477EE246-A246-46B2-A0D4-DF782980EA2E}.Release|Any CPU.Build.0 = Release|Any CPU
		{477EE246-A246-46B2-A0D4-DF782980EA2E}.Release|arm64.ActiveCfg = Release|Any CPU
		{477EE246-A246-46B2-A0D4-DF782980EA2E}.Release|arm64.Build.0 = Release|Any CPU
		{477EE246-A246-46B2-A0D4-DF782980EA2E}.Release|x64.ActiveCfg = Release|Any CPU
		{477EE246-A246-46B2-A0D4-DF782980EA2E}.Release|x64.Build.0 = Release|Any CPU
		{477EE246-A246-46B2-A0D4-DF782980EA2E}.Release|x86.ActiveCfg = Release|Any CPU
		{477EE246-A246-46B2-A0D4-DF782980EA2E}.Release|x86.Build.0 = Release|Any CPU
		{5E19CF70-7730-4CBB-B277-BDE35F0F7AF3}.Debug|Any CPU.ActiveCfg = Debug|Any CPU
		{5E19CF70-7730-4CBB-B277-BDE35F0F7AF3}.Debug|Any CPU.Build.0 = Debug|Any CPU
		{5E19CF70-7730-4CBB-B277-BDE35F0F7AF3}.Debug|arm64.ActiveCfg = Debug|Any CPU
		{5E19CF70-7730-4CBB-B277-BDE35F0F7AF3}.Debug|arm64.Build.0 = Debug|Any CPU
		{5E19CF70-7730-4CBB-B277-BDE35F0F7AF3}.Debug|x64.ActiveCfg = Debug|Any CPU
		{5E19CF70-7730-4CBB-B277-BDE35F0F7AF3}.Debug|x64.Build.0 = Debug|Any CPU
		{5E19CF70-7730-4CBB-B277-BDE35F0F7AF3}.Debug|x86.ActiveCfg = Debug|Any CPU
		{5E19CF70-7730-4CBB-B277-BDE35F0F7AF3}.Debug|x86.Build.0 = Debug|Any CPU
		{5E19CF70-7730-4CBB-B277-BDE35F0F7AF3}.Release|Any CPU.ActiveCfg = Release|Any CPU
		{5E19CF70-7730-4CBB-B277-BDE35F0F7AF3}.Release|Any CPU.Build.0 = Release|Any CPU
		{5E19CF70-7730-4CBB-B277-BDE35F0F7AF3}.Release|arm64.ActiveCfg = Release|Any CPU
		{5E19CF70-7730-4CBB-B277-BDE35F0F7AF3}.Release|arm64.Build.0 = Release|Any CPU
		{5E19CF70-7730-4CBB-B277-BDE35F0F7AF3}.Release|x64.ActiveCfg = Release|Any CPU
		{5E19CF70-7730-4CBB-B277-BDE35F0F7AF3}.Release|x64.Build.0 = Release|Any CPU
		{5E19CF70-7730-4CBB-B277-BDE35F0F7AF3}.Release|x86.ActiveCfg = Release|Any CPU
		{5E19CF70-7730-4CBB-B277-BDE35F0F7AF3}.Release|x86.Build.0 = Release|Any CPU
		{33EAB4A6-32A9-49DD-8240-5D297C157BCF}.Debug|Any CPU.ActiveCfg = Debug|Any CPU
		{33EAB4A6-32A9-49DD-8240-5D297C157BCF}.Debug|Any CPU.Build.0 = Debug|Any CPU
		{33EAB4A6-32A9-49DD-8240-5D297C157BCF}.Debug|Any CPU.Deploy.0 = Debug|Any CPU
		{33EAB4A6-32A9-49DD-8240-5D297C157BCF}.Debug|arm64.ActiveCfg = Debug|Any CPU
		{33EAB4A6-32A9-49DD-8240-5D297C157BCF}.Debug|arm64.Build.0 = Debug|Any CPU
		{33EAB4A6-32A9-49DD-8240-5D297C157BCF}.Debug|arm64.Deploy.0 = Debug|Any CPU
		{33EAB4A6-32A9-49DD-8240-5D297C157BCF}.Debug|x64.ActiveCfg = Debug|Any CPU
		{33EAB4A6-32A9-49DD-8240-5D297C157BCF}.Debug|x64.Build.0 = Debug|Any CPU
		{33EAB4A6-32A9-49DD-8240-5D297C157BCF}.Debug|x64.Deploy.0 = Debug|Any CPU
		{33EAB4A6-32A9-49DD-8240-5D297C157BCF}.Debug|x86.ActiveCfg = Debug|Any CPU
		{33EAB4A6-32A9-49DD-8240-5D297C157BCF}.Debug|x86.Build.0 = Debug|Any CPU
		{33EAB4A6-32A9-49DD-8240-5D297C157BCF}.Debug|x86.Deploy.0 = Debug|Any CPU
		{33EAB4A6-32A9-49DD-8240-5D297C157BCF}.Release|Any CPU.ActiveCfg = Release|Any CPU
		{33EAB4A6-32A9-49DD-8240-5D297C157BCF}.Release|Any CPU.Build.0 = Release|Any CPU
		{33EAB4A6-32A9-49DD-8240-5D297C157BCF}.Release|Any CPU.Deploy.0 = Release|Any CPU
		{33EAB4A6-32A9-49DD-8240-5D297C157BCF}.Release|arm64.ActiveCfg = Release|Any CPU
		{33EAB4A6-32A9-49DD-8240-5D297C157BCF}.Release|arm64.Build.0 = Release|Any CPU
		{33EAB4A6-32A9-49DD-8240-5D297C157BCF}.Release|arm64.Deploy.0 = Release|Any CPU
		{33EAB4A6-32A9-49DD-8240-5D297C157BCF}.Release|x64.ActiveCfg = Release|Any CPU
		{33EAB4A6-32A9-49DD-8240-5D297C157BCF}.Release|x64.Build.0 = Release|Any CPU
		{33EAB4A6-32A9-49DD-8240-5D297C157BCF}.Release|x64.Deploy.0 = Release|Any CPU
		{33EAB4A6-32A9-49DD-8240-5D297C157BCF}.Release|x86.ActiveCfg = Release|Any CPU
		{33EAB4A6-32A9-49DD-8240-5D297C157BCF}.Release|x86.Build.0 = Release|Any CPU
		{33EAB4A6-32A9-49DD-8240-5D297C157BCF}.Release|x86.Deploy.0 = Release|Any CPU
		{FA5292A0-CB7E-42C1-89DF-59E630C9F829}.Debug|Any CPU.ActiveCfg = Debug|Any CPU
		{FA5292A0-CB7E-42C1-89DF-59E630C9F829}.Debug|Any CPU.Build.0 = Debug|Any CPU
		{FA5292A0-CB7E-42C1-89DF-59E630C9F829}.Debug|arm64.ActiveCfg = Debug|Any CPU
		{FA5292A0-CB7E-42C1-89DF-59E630C9F829}.Debug|arm64.Build.0 = Debug|Any CPU
		{FA5292A0-CB7E-42C1-89DF-59E630C9F829}.Debug|x64.ActiveCfg = Debug|Any CPU
		{FA5292A0-CB7E-42C1-89DF-59E630C9F829}.Debug|x64.Build.0 = Debug|Any CPU
		{FA5292A0-CB7E-42C1-89DF-59E630C9F829}.Debug|x86.ActiveCfg = Debug|Any CPU
		{FA5292A0-CB7E-42C1-89DF-59E630C9F829}.Debug|x86.Build.0 = Debug|Any CPU
		{FA5292A0-CB7E-42C1-89DF-59E630C9F829}.Release|Any CPU.ActiveCfg = Release|Any CPU
		{FA5292A0-CB7E-42C1-89DF-59E630C9F829}.Release|Any CPU.Build.0 = Release|Any CPU
		{FA5292A0-CB7E-42C1-89DF-59E630C9F829}.Release|arm64.ActiveCfg = Release|Any CPU
		{FA5292A0-CB7E-42C1-89DF-59E630C9F829}.Release|arm64.Build.0 = Release|Any CPU
		{FA5292A0-CB7E-42C1-89DF-59E630C9F829}.Release|x64.ActiveCfg = Release|Any CPU
		{FA5292A0-CB7E-42C1-89DF-59E630C9F829}.Release|x64.Build.0 = Release|Any CPU
		{FA5292A0-CB7E-42C1-89DF-59E630C9F829}.Release|x86.ActiveCfg = Release|Any CPU
		{FA5292A0-CB7E-42C1-89DF-59E630C9F829}.Release|x86.Build.0 = Release|Any CPU
		{0FAE438A-9565-468C-AF35-61344D5880F0}.Debug|Any CPU.ActiveCfg = Debug|Any CPU
		{0FAE438A-9565-468C-AF35-61344D5880F0}.Debug|Any CPU.Build.0 = Debug|Any CPU
		{0FAE438A-9565-468C-AF35-61344D5880F0}.Debug|arm64.ActiveCfg = Debug|Any CPU
		{0FAE438A-9565-468C-AF35-61344D5880F0}.Debug|arm64.Build.0 = Debug|Any CPU
		{0FAE438A-9565-468C-AF35-61344D5880F0}.Debug|x64.ActiveCfg = Debug|Any CPU
		{0FAE438A-9565-468C-AF35-61344D5880F0}.Debug|x64.Build.0 = Debug|Any CPU
		{0FAE438A-9565-468C-AF35-61344D5880F0}.Debug|x86.ActiveCfg = Debug|Any CPU
		{0FAE438A-9565-468C-AF35-61344D5880F0}.Debug|x86.Build.0 = Debug|Any CPU
		{0FAE438A-9565-468C-AF35-61344D5880F0}.Release|Any CPU.ActiveCfg = Release|Any CPU
		{0FAE438A-9565-468C-AF35-61344D5880F0}.Release|Any CPU.Build.0 = Release|Any CPU
		{0FAE438A-9565-468C-AF35-61344D5880F0}.Release|arm64.ActiveCfg = Release|Any CPU
		{0FAE438A-9565-468C-AF35-61344D5880F0}.Release|arm64.Build.0 = Release|Any CPU
		{0FAE438A-9565-468C-AF35-61344D5880F0}.Release|x64.ActiveCfg = Release|Any CPU
		{0FAE438A-9565-468C-AF35-61344D5880F0}.Release|x64.Build.0 = Release|Any CPU
		{0FAE438A-9565-468C-AF35-61344D5880F0}.Release|x86.ActiveCfg = Release|Any CPU
		{0FAE438A-9565-468C-AF35-61344D5880F0}.Release|x86.Build.0 = Release|Any CPU
		{A069C76C-4B50-4093-9AE6-388690AD7C29}.Debug|Any CPU.ActiveCfg = Debug|Any CPU
		{A069C76C-4B50-4093-9AE6-388690AD7C29}.Debug|Any CPU.Build.0 = Debug|Any CPU
		{A069C76C-4B50-4093-9AE6-388690AD7C29}.Debug|arm64.ActiveCfg = Debug|Any CPU
		{A069C76C-4B50-4093-9AE6-388690AD7C29}.Debug|arm64.Build.0 = Debug|Any CPU
		{A069C76C-4B50-4093-9AE6-388690AD7C29}.Debug|x64.ActiveCfg = Debug|Any CPU
		{A069C76C-4B50-4093-9AE6-388690AD7C29}.Debug|x64.Build.0 = Debug|Any CPU
		{A069C76C-4B50-4093-9AE6-388690AD7C29}.Debug|x86.ActiveCfg = Debug|Any CPU
		{A069C76C-4B50-4093-9AE6-388690AD7C29}.Debug|x86.Build.0 = Debug|Any CPU
		{A069C76C-4B50-4093-9AE6-388690AD7C29}.Release|Any CPU.ActiveCfg = Release|Any CPU
		{A069C76C-4B50-4093-9AE6-388690AD7C29}.Release|Any CPU.Build.0 = Release|Any CPU
		{A069C76C-4B50-4093-9AE6-388690AD7C29}.Release|arm64.ActiveCfg = Release|Any CPU
		{A069C76C-4B50-4093-9AE6-388690AD7C29}.Release|arm64.Build.0 = Release|Any CPU
		{A069C76C-4B50-4093-9AE6-388690AD7C29}.Release|x64.ActiveCfg = Release|Any CPU
		{A069C76C-4B50-4093-9AE6-388690AD7C29}.Release|x64.Build.0 = Release|Any CPU
		{A069C76C-4B50-4093-9AE6-388690AD7C29}.Release|x86.ActiveCfg = Release|Any CPU
		{A069C76C-4B50-4093-9AE6-388690AD7C29}.Release|x86.Build.0 = Release|Any CPU
		{44BD7F3B-6AC4-49CB-A0DB-BF1980C19D7C}.Debug|Any CPU.ActiveCfg = Debug|Any CPU
		{44BD7F3B-6AC4-49CB-A0DB-BF1980C19D7C}.Debug|Any CPU.Build.0 = Debug|Any CPU
		{44BD7F3B-6AC4-49CB-A0DB-BF1980C19D7C}.Debug|Any CPU.Deploy.0 = Debug|Any CPU
		{44BD7F3B-6AC4-49CB-A0DB-BF1980C19D7C}.Debug|arm64.ActiveCfg = Debug|Any CPU
		{44BD7F3B-6AC4-49CB-A0DB-BF1980C19D7C}.Debug|arm64.Build.0 = Debug|Any CPU
		{44BD7F3B-6AC4-49CB-A0DB-BF1980C19D7C}.Debug|arm64.Deploy.0 = Debug|Any CPU
		{44BD7F3B-6AC4-49CB-A0DB-BF1980C19D7C}.Debug|x64.ActiveCfg = Debug|Any CPU
		{44BD7F3B-6AC4-49CB-A0DB-BF1980C19D7C}.Debug|x64.Build.0 = Debug|Any CPU
		{44BD7F3B-6AC4-49CB-A0DB-BF1980C19D7C}.Debug|x64.Deploy.0 = Debug|Any CPU
		{44BD7F3B-6AC4-49CB-A0DB-BF1980C19D7C}.Debug|x86.ActiveCfg = Debug|Any CPU
		{44BD7F3B-6AC4-49CB-A0DB-BF1980C19D7C}.Debug|x86.Build.0 = Debug|Any CPU
		{44BD7F3B-6AC4-49CB-A0DB-BF1980C19D7C}.Debug|x86.Deploy.0 = Debug|Any CPU
		{44BD7F3B-6AC4-49CB-A0DB-BF1980C19D7C}.Release|Any CPU.ActiveCfg = Release|Any CPU
		{44BD7F3B-6AC4-49CB-A0DB-BF1980C19D7C}.Release|Any CPU.Build.0 = Release|Any CPU
		{44BD7F3B-6AC4-49CB-A0DB-BF1980C19D7C}.Release|Any CPU.Deploy.0 = Release|Any CPU
		{44BD7F3B-6AC4-49CB-A0DB-BF1980C19D7C}.Release|arm64.ActiveCfg = Release|Any CPU
		{44BD7F3B-6AC4-49CB-A0DB-BF1980C19D7C}.Release|arm64.Build.0 = Release|Any CPU
		{44BD7F3B-6AC4-49CB-A0DB-BF1980C19D7C}.Release|arm64.Deploy.0 = Release|Any CPU
		{44BD7F3B-6AC4-49CB-A0DB-BF1980C19D7C}.Release|x64.ActiveCfg = Release|Any CPU
		{44BD7F3B-6AC4-49CB-A0DB-BF1980C19D7C}.Release|x64.Build.0 = Release|Any CPU
		{44BD7F3B-6AC4-49CB-A0DB-BF1980C19D7C}.Release|x64.Deploy.0 = Release|Any CPU
		{44BD7F3B-6AC4-49CB-A0DB-BF1980C19D7C}.Release|x86.ActiveCfg = Release|Any CPU
		{44BD7F3B-6AC4-49CB-A0DB-BF1980C19D7C}.Release|x86.Build.0 = Release|Any CPU
		{44BD7F3B-6AC4-49CB-A0DB-BF1980C19D7C}.Release|x86.Deploy.0 = Release|Any CPU
		{53BEB5B6-1A0E-455A-8B09-247342E9FFDF}.Debug|Any CPU.ActiveCfg = Debug|Any CPU
		{53BEB5B6-1A0E-455A-8B09-247342E9FFDF}.Debug|Any CPU.Build.0 = Debug|Any CPU
		{53BEB5B6-1A0E-455A-8B09-247342E9FFDF}.Debug|Any CPU.Deploy.0 = Debug|Any CPU
		{53BEB5B6-1A0E-455A-8B09-247342E9FFDF}.Debug|arm64.ActiveCfg = Debug|Any CPU
		{53BEB5B6-1A0E-455A-8B09-247342E9FFDF}.Debug|arm64.Build.0 = Debug|Any CPU
		{53BEB5B6-1A0E-455A-8B09-247342E9FFDF}.Debug|arm64.Deploy.0 = Debug|Any CPU
		{53BEB5B6-1A0E-455A-8B09-247342E9FFDF}.Debug|x64.ActiveCfg = Debug|Any CPU
		{53BEB5B6-1A0E-455A-8B09-247342E9FFDF}.Debug|x64.Build.0 = Debug|Any CPU
		{53BEB5B6-1A0E-455A-8B09-247342E9FFDF}.Debug|x64.Deploy.0 = Debug|Any CPU
		{53BEB5B6-1A0E-455A-8B09-247342E9FFDF}.Debug|x86.ActiveCfg = Debug|Any CPU
		{53BEB5B6-1A0E-455A-8B09-247342E9FFDF}.Debug|x86.Build.0 = Debug|Any CPU
		{53BEB5B6-1A0E-455A-8B09-247342E9FFDF}.Debug|x86.Deploy.0 = Debug|Any CPU
		{53BEB5B6-1A0E-455A-8B09-247342E9FFDF}.Release|Any CPU.ActiveCfg = Release|Any CPU
		{53BEB5B6-1A0E-455A-8B09-247342E9FFDF}.Release|Any CPU.Build.0 = Release|Any CPU
		{53BEB5B6-1A0E-455A-8B09-247342E9FFDF}.Release|Any CPU.Deploy.0 = Release|Any CPU
		{53BEB5B6-1A0E-455A-8B09-247342E9FFDF}.Release|arm64.ActiveCfg = Release|Any CPU
		{53BEB5B6-1A0E-455A-8B09-247342E9FFDF}.Release|arm64.Build.0 = Release|Any CPU
		{53BEB5B6-1A0E-455A-8B09-247342E9FFDF}.Release|arm64.Deploy.0 = Release|Any CPU
		{53BEB5B6-1A0E-455A-8B09-247342E9FFDF}.Release|x64.ActiveCfg = Release|Any CPU
		{53BEB5B6-1A0E-455A-8B09-247342E9FFDF}.Release|x64.Build.0 = Release|Any CPU
		{53BEB5B6-1A0E-455A-8B09-247342E9FFDF}.Release|x64.Deploy.0 = Release|Any CPU
		{53BEB5B6-1A0E-455A-8B09-247342E9FFDF}.Release|x86.ActiveCfg = Release|Any CPU
		{53BEB5B6-1A0E-455A-8B09-247342E9FFDF}.Release|x86.Build.0 = Release|Any CPU
		{53BEB5B6-1A0E-455A-8B09-247342E9FFDF}.Release|x86.Deploy.0 = Release|Any CPU
		{72C4E8C7-5813-436A-96EC-BB2D708BDABC}.Debug|Any CPU.ActiveCfg = Debug|Any CPU
		{72C4E8C7-5813-436A-96EC-BB2D708BDABC}.Debug|Any CPU.Build.0 = Debug|Any CPU
		{72C4E8C7-5813-436A-96EC-BB2D708BDABC}.Debug|Any CPU.Deploy.0 = Debug|Any CPU
		{72C4E8C7-5813-436A-96EC-BB2D708BDABC}.Debug|arm64.ActiveCfg = Debug|Any CPU
		{72C4E8C7-5813-436A-96EC-BB2D708BDABC}.Debug|arm64.Build.0 = Debug|Any CPU
		{72C4E8C7-5813-436A-96EC-BB2D708BDABC}.Debug|arm64.Deploy.0 = Debug|Any CPU
		{72C4E8C7-5813-436A-96EC-BB2D708BDABC}.Debug|x64.ActiveCfg = Debug|Any CPU
		{72C4E8C7-5813-436A-96EC-BB2D708BDABC}.Debug|x64.Build.0 = Debug|Any CPU
		{72C4E8C7-5813-436A-96EC-BB2D708BDABC}.Debug|x64.Deploy.0 = Debug|Any CPU
		{72C4E8C7-5813-436A-96EC-BB2D708BDABC}.Debug|x86.ActiveCfg = Debug|Any CPU
		{72C4E8C7-5813-436A-96EC-BB2D708BDABC}.Debug|x86.Build.0 = Debug|Any CPU
		{72C4E8C7-5813-436A-96EC-BB2D708BDABC}.Debug|x86.Deploy.0 = Debug|Any CPU
		{72C4E8C7-5813-436A-96EC-BB2D708BDABC}.Release|Any CPU.ActiveCfg = Release|Any CPU
		{72C4E8C7-5813-436A-96EC-BB2D708BDABC}.Release|Any CPU.Build.0 = Release|Any CPU
		{72C4E8C7-5813-436A-96EC-BB2D708BDABC}.Release|Any CPU.Deploy.0 = Release|Any CPU
		{72C4E8C7-5813-436A-96EC-BB2D708BDABC}.Release|arm64.ActiveCfg = Release|Any CPU
		{72C4E8C7-5813-436A-96EC-BB2D708BDABC}.Release|arm64.Build.0 = Release|Any CPU
		{72C4E8C7-5813-436A-96EC-BB2D708BDABC}.Release|arm64.Deploy.0 = Release|Any CPU
		{72C4E8C7-5813-436A-96EC-BB2D708BDABC}.Release|x64.ActiveCfg = Release|Any CPU
		{72C4E8C7-5813-436A-96EC-BB2D708BDABC}.Release|x64.Build.0 = Release|Any CPU
		{72C4E8C7-5813-436A-96EC-BB2D708BDABC}.Release|x64.Deploy.0 = Release|Any CPU
		{72C4E8C7-5813-436A-96EC-BB2D708BDABC}.Release|x86.ActiveCfg = Release|Any CPU
		{72C4E8C7-5813-436A-96EC-BB2D708BDABC}.Release|x86.Build.0 = Release|Any CPU
		{72C4E8C7-5813-436A-96EC-BB2D708BDABC}.Release|x86.Deploy.0 = Release|Any CPU
		{3BA6E21E-E8A7-4DCC-BF62-227FDDFACE43}.Debug|Any CPU.ActiveCfg = Debug|Any CPU
		{3BA6E21E-E8A7-4DCC-BF62-227FDDFACE43}.Debug|Any CPU.Build.0 = Debug|Any CPU
		{3BA6E21E-E8A7-4DCC-BF62-227FDDFACE43}.Debug|Any CPU.Deploy.0 = Debug|Any CPU
		{3BA6E21E-E8A7-4DCC-BF62-227FDDFACE43}.Debug|arm64.ActiveCfg = Debug|Any CPU
		{3BA6E21E-E8A7-4DCC-BF62-227FDDFACE43}.Debug|arm64.Build.0 = Debug|Any CPU
		{3BA6E21E-E8A7-4DCC-BF62-227FDDFACE43}.Debug|arm64.Deploy.0 = Debug|Any CPU
		{3BA6E21E-E8A7-4DCC-BF62-227FDDFACE43}.Debug|x64.ActiveCfg = Debug|Any CPU
		{3BA6E21E-E8A7-4DCC-BF62-227FDDFACE43}.Debug|x64.Build.0 = Debug|Any CPU
		{3BA6E21E-E8A7-4DCC-BF62-227FDDFACE43}.Debug|x64.Deploy.0 = Debug|Any CPU
		{3BA6E21E-E8A7-4DCC-BF62-227FDDFACE43}.Debug|x86.ActiveCfg = Debug|Any CPU
		{3BA6E21E-E8A7-4DCC-BF62-227FDDFACE43}.Debug|x86.Build.0 = Debug|Any CPU
		{3BA6E21E-E8A7-4DCC-BF62-227FDDFACE43}.Debug|x86.Deploy.0 = Debug|Any CPU
		{3BA6E21E-E8A7-4DCC-BF62-227FDDFACE43}.Release|Any CPU.ActiveCfg = Release|Any CPU
		{3BA6E21E-E8A7-4DCC-BF62-227FDDFACE43}.Release|Any CPU.Build.0 = Release|Any CPU
		{3BA6E21E-E8A7-4DCC-BF62-227FDDFACE43}.Release|Any CPU.Deploy.0 = Release|Any CPU
		{3BA6E21E-E8A7-4DCC-BF62-227FDDFACE43}.Release|arm64.ActiveCfg = Release|Any CPU
		{3BA6E21E-E8A7-4DCC-BF62-227FDDFACE43}.Release|arm64.Build.0 = Release|Any CPU
		{3BA6E21E-E8A7-4DCC-BF62-227FDDFACE43}.Release|arm64.Deploy.0 = Release|Any CPU
		{3BA6E21E-E8A7-4DCC-BF62-227FDDFACE43}.Release|x64.ActiveCfg = Release|Any CPU
		{3BA6E21E-E8A7-4DCC-BF62-227FDDFACE43}.Release|x64.Build.0 = Release|Any CPU
		{3BA6E21E-E8A7-4DCC-BF62-227FDDFACE43}.Release|x64.Deploy.0 = Release|Any CPU
		{3BA6E21E-E8A7-4DCC-BF62-227FDDFACE43}.Release|x86.ActiveCfg = Release|Any CPU
		{3BA6E21E-E8A7-4DCC-BF62-227FDDFACE43}.Release|x86.Build.0 = Release|Any CPU
		{3BA6E21E-E8A7-4DCC-BF62-227FDDFACE43}.Release|x86.Deploy.0 = Release|Any CPU
	EndGlobalSection
	GlobalSection(SolutionProperties) = preSolution
		HideSolutionNode = FALSE
	EndGlobalSection
	GlobalSection(NestedProjects) = preSolution
		{20FD1091-70D9-49A4-A9F3-415AE64ADA2B} = {E0DA7D77-C523-455B-85EE-4AD1B81C07CB}
		{2B82CE80-032B-4A88-A1CF-ACD373467339} = {3B4D8E3D-BCFE-4E06-A38C-BCEBE4D68D3A}
		{413D3127-342B-4137-9CD2-4606DD383586} = {3B4D8E3D-BCFE-4E06-A38C-BCEBE4D68D3A}
		{AE38CAEC-AB33-4793-8EF4-845FC0E09E6A} = {C3D8C7AE-55CA-4498-A1E8-00007B4B4F7C}
		{90B77C90-E27A-4F95-B703-3C0C5DCF8CD9} = {C3D8C7AE-55CA-4498-A1E8-00007B4B4F7C}
		{05F31F1B-E761-4DF0-BBEA-D02639E7E971} = {3B4D8E3D-BCFE-4E06-A38C-BCEBE4D68D3A}
		{477EE246-A246-46B2-A0D4-DF782980EA2E} = {3B4D8E3D-BCFE-4E06-A38C-BCEBE4D68D3A}
		{5E19CF70-7730-4CBB-B277-BDE35F0F7AF3} = {3B4D8E3D-BCFE-4E06-A38C-BCEBE4D68D3A}
		{33EAB4A6-32A9-49DD-8240-5D297C157BCF} = {3B4D8E3D-BCFE-4E06-A38C-BCEBE4D68D3A}
		{FA5292A0-CB7E-42C1-89DF-59E630C9F829} = {3B4D8E3D-BCFE-4E06-A38C-BCEBE4D68D3A}
		{0FAE438A-9565-468C-AF35-61344D5880F0} = {3B4D8E3D-BCFE-4E06-A38C-BCEBE4D68D3A}
		{A069C76C-4B50-4093-9AE6-388690AD7C29} = {3B4D8E3D-BCFE-4E06-A38C-BCEBE4D68D3A}
		{44BD7F3B-6AC4-49CB-A0DB-BF1980C19D7C} = {C3D8C7AE-55CA-4498-A1E8-00007B4B4F7C}
		{53BEB5B6-1A0E-455A-8B09-247342E9FFDF} = {C3D8C7AE-55CA-4498-A1E8-00007B4B4F7C}
		{72C4E8C7-5813-436A-96EC-BB2D708BDABC} = {C3D8C7AE-55CA-4498-A1E8-00007B4B4F7C}
		{3BA6E21E-E8A7-4DCC-BF62-227FDDFACE43} = {C3D8C7AE-55CA-4498-A1E8-00007B4B4F7C}
	EndGlobalSection
	GlobalSection(ExtensibilityGlobals) = postSolution
		SolutionGuid = {A4B875C6-95D8-47B5-B6C1-AED9DB418830}
	EndGlobalSection
EndGlobal
