
Microsoft Visual Studio Solution File, Format Version 12.00
# Visual Studio 15
VisualStudioVersion = 15.0.27130.2036
MinimumVisualStudioVersion = 10.0.40219.1
Project("{2150E333-8FDC-42A3-9474-1A3956D46DE8}") = "Solution Items", "Solution Items", "{579F334C-FB7F-448A-A638-8FCB1CE53D93}"
	ProjectSection(SolutionItems) = preProject
		.editorconfig = .editorconfig
	EndProjectSection
EndProject
Project("{2150E333-8FDC-42A3-9474-1A3956D46DE8}") = "Tests", "Tests", "{A14D061F-382D-4609-A3B0-E1D0BF7AB6AC}"
EndProject
Project("{FAE04EC0-301F-11D3-BF4B-00C04F79EFBC}") = "Caboodle", "Caboodle\Caboodle.csproj", "{63A4F6A1-48BF-4D32-AED7-82F605EDB042}"
EndProject
Project("{9A19103F-16F7-4668-BE54-9A1E7A4F7556}") = "Caboodle.Tests", "Caboodle.Tests\Caboodle.Tests.csproj", "{77C2F93D-6EB7-49F7-A74A-C80499EC206A}"
EndProject
Global
	GlobalSection(SolutionConfigurationPlatforms) = preSolution
		Debug|Any CPU = Debug|Any CPU
		Release|Any CPU = Release|Any CPU
	EndGlobalSection
	GlobalSection(ProjectConfigurationPlatforms) = postSolution
		{63A4F6A1-48BF-4D32-AED7-82F605EDB042}.Debug|Any CPU.ActiveCfg = Debug|Any CPU
		{63A4F6A1-48BF-4D32-AED7-82F605EDB042}.Debug|Any CPU.Build.0 = Debug|Any CPU
		{63A4F6A1-48BF-4D32-AED7-82F605EDB042}.Release|Any CPU.ActiveCfg = Release|Any CPU
		{63A4F6A1-48BF-4D32-AED7-82F605EDB042}.Release|Any CPU.Build.0 = Release|Any CPU
		{77C2F93D-6EB7-49F7-A74A-C80499EC206A}.Debug|Any CPU.ActiveCfg = Debug|Any CPU
		{77C2F93D-6EB7-49F7-A74A-C80499EC206A}.Debug|Any CPU.Build.0 = Debug|Any CPU
		{77C2F93D-6EB7-49F7-A74A-C80499EC206A}.Release|Any CPU.ActiveCfg = Release|Any CPU
		{77C2F93D-6EB7-49F7-A74A-C80499EC206A}.Release|Any CPU.Build.0 = Release|Any CPU
	EndGlobalSection
	GlobalSection(SolutionProperties) = preSolution
		HideSolutionNode = FALSE
	EndGlobalSection
	GlobalSection(NestedProjects) = preSolution
		{77C2F93D-6EB7-49F7-A74A-C80499EC206A} = {A14D061F-382D-4609-A3B0-E1D0BF7AB6AC}
	EndGlobalSection
	GlobalSection(ExtensibilityGlobals) = postSolution
		SolutionGuid = {105B0052-C7EA-44D0-8697-37A45E1392AF}
	EndGlobalSection
EndGlobal
