
Microsoft Visual Studio Solution File, Format Version 12.00
# Visual Studio 15
VisualStudioVersion = 15.0.27130.2027
MinimumVisualStudioVersion = 10.0.40219.1
Project("{9A19103F-16F7-4668-BE54-9A1E7A4F7556}") = "F50", "F50\F50.csproj", "{B5FE6C55-6B11-44AA-95A8-27E92F9F5A32}"
EndProject
Project("{2150E333-8FDC-42A3-9474-1A3956D46DE8}") = "Solution Items", "Solution Items", "{579F334C-FB7F-448A-A638-8FCB1CE53D93}"
	ProjectSection(SolutionItems) = preProject
		.editorconfig = .editorconfig
	EndProjectSection
EndProject
Project("{FAE04EC0-301F-11D3-BF4B-00C04F79EFBC}") = "F50.Tests", "F50.Tests\F50.Tests.csproj", "{445B6CA2-A1A3-4565-B7E8-D5AE6A5AF0CD}"
EndProject
Project("{2150E333-8FDC-42A3-9474-1A3956D46DE8}") = "Tests", "Tests", "{A14D061F-382D-4609-A3B0-E1D0BF7AB6AC}"
EndProject
Global
	GlobalSection(SolutionConfigurationPlatforms) = preSolution
		Debug|Any CPU = Debug|Any CPU
		Release|Any CPU = Release|Any CPU
	EndGlobalSection
	GlobalSection(ProjectConfigurationPlatforms) = postSolution
		{B5FE6C55-6B11-44AA-95A8-27E92F9F5A32}.Debug|Any CPU.ActiveCfg = Debug|Any CPU
		{B5FE6C55-6B11-44AA-95A8-27E92F9F5A32}.Debug|Any CPU.Build.0 = Debug|Any CPU
		{B5FE6C55-6B11-44AA-95A8-27E92F9F5A32}.Release|Any CPU.ActiveCfg = Release|Any CPU
		{B5FE6C55-6B11-44AA-95A8-27E92F9F5A32}.Release|Any CPU.Build.0 = Release|Any CPU
		{445B6CA2-A1A3-4565-B7E8-D5AE6A5AF0CD}.Debug|Any CPU.ActiveCfg = Debug|Any CPU
		{445B6CA2-A1A3-4565-B7E8-D5AE6A5AF0CD}.Debug|Any CPU.Build.0 = Debug|Any CPU
		{445B6CA2-A1A3-4565-B7E8-D5AE6A5AF0CD}.Release|Any CPU.ActiveCfg = Release|Any CPU
		{445B6CA2-A1A3-4565-B7E8-D5AE6A5AF0CD}.Release|Any CPU.Build.0 = Release|Any CPU
	EndGlobalSection
	GlobalSection(SolutionProperties) = preSolution
		HideSolutionNode = FALSE
	EndGlobalSection
	GlobalSection(NestedProjects) = preSolution
		{445B6CA2-A1A3-4565-B7E8-D5AE6A5AF0CD} = {A14D061F-382D-4609-A3B0-E1D0BF7AB6AC}
	EndGlobalSection
	GlobalSection(ExtensibilityGlobals) = postSolution
		SolutionGuid = {105B0052-C7EA-44D0-8697-37A45E1392AF}
	EndGlobalSection
EndGlobal
