Microsoft Visual Studio Solution File, Format Version 12.00
# Visual Studio Version 16
VisualStudioVersion = 16.0.30926.220
MinimumVisualStudioVersion = 10.0.40219.1
Project("{9A19103F-16F7-4668-BE54-9A1E7A4F7556}") = "Core-net6", "src\Core\src\Core-net6.csproj", "{95BA42B5-B00E-4986-B9B5-517140378452}"
EndProject
Project("{2150E333-8FDC-42A3-9474-1A3956D46DE8}") = "Files", "Files", "{449F6071-A74F-4309-8D7B-7038CFD1B17B}"
	ProjectSection(SolutionItems) = preProject
		.nuspec\Microsoft.Maui.Controls.MultiTargeting.targets = .nuspec\Microsoft.Maui.Controls.MultiTargeting.targets
		README.md = README.md
	EndProjectSection
EndProject
Project("{9A19103F-16F7-4668-BE54-9A1E7A4F7556}") = "Controls.Core-net6", "src\Controls\src\Core\Controls.Core-net6.csproj", "{AF64451F-E2BD-41C2-B083-F60C26AE2A9F}"
EndProject
Project("{9A19103F-16F7-4668-BE54-9A1E7A4F7556}") = "Compatibility-net6", "src\Compatibility\Core\src\Compatibility-net6.csproj", "{00A11C2F-969F-4964-8557-91ADF4B1523D}"
EndProject
Project("{9A19103F-16F7-4668-BE54-9A1E7A4F7556}") = "Compatibility.Android.FormsViewGroup-net6", "src\Compatibility\Core\src\Android.FormsViewGroup\Compatibility.Android.FormsViewGroup-net6.csproj", "{EB956381-F3E6-437C-9069-36B8BF5C6E2F}"
EndProject
Project("{2150E333-8FDC-42A3-9474-1A3956D46DE8}") = "Controls", "Controls", "{459BF674-83CB-46F6-881F-A2D2117DBF4D}"
EndProject
Project("{2150E333-8FDC-42A3-9474-1A3956D46DE8}") = "samples", "samples", "{E1082E26-D700-4127-9329-66D673FD2D55}"
EndProject
Project("{9A19103F-16F7-4668-BE54-9A1E7A4F7556}") = "Maui.Controls.Sample-net6", "src\Controls\samples\Controls.Sample\Maui.Controls.Sample-net6.csproj", "{B8DC1324-977C-46F1-B697-9064ADE6099A}"
EndProject
Project("{2150E333-8FDC-42A3-9474-1A3956D46DE8}") = "Compatibility", "Compatibility", "{123AA89E-1638-4E0E-B828-B8F9F9F906A2}"
EndProject
Project("{2150E333-8FDC-42A3-9474-1A3956D46DE8}") = "Core", "Core", "{09C264E9-E3F3-4586-9151-DCBB1F6DA7AB}"
EndProject
Project("{9A19103F-16F7-4668-BE54-9A1E7A4F7556}") = "Controls.Build.Tasks-net6", "src\Controls\src\Build.Tasks\Controls.Build.Tasks-net6.csproj", "{75C380E0-CE53-4C01-B89F-CF685331DE18}"
EndProject
Project("{2150E333-8FDC-42A3-9474-1A3956D46DE8}") = "Essentials", "Essentials", "{94F3C036-A5F4-4ACC-A028-8506802ADB88}"
EndProject
Project("{9A19103F-16F7-4668-BE54-9A1E7A4F7556}") = "Essentials-net6", "src\Essentials\src\Essentials-net6.csproj", "{39B47A3C-21CA-4B28-9250-14FD957EB0FC}"
EndProject
Project("{2150E333-8FDC-42A3-9474-1A3956D46DE8}") = "SingleProject", "SingleProject", "{D5478E0A-5D9C-4C1F-980C-7A9FC71F925E}"
EndProject
Project("{9A19103F-16F7-4668-BE54-9A1E7A4F7556}") = "Resizetizer", "src\SingleProject\Resizetizer\src\Resizetizer.csproj", "{9909F93F-C085-4F76-B92A-5D8C516BF47D}"
EndProject
Project("{9A19103F-16F7-4668-BE54-9A1E7A4F7556}") = "Package-net6", "src\Package\Package-net6.csproj", "{5BEB3326-79B4-438C-BF65-274202F387EC}"
EndProject
Project("{9A19103F-16F7-4668-BE54-9A1E7A4F7556}") = "Controls.Xaml-net6", "src\Controls\src\Xaml\Controls.Xaml-net6.csproj", "{CC3D4667-D94E-4276-9311-6439BFD075E4}"
EndProject
Project("{9A19103F-16F7-4668-BE54-9A1E7A4F7556}") = "Microsoft.Maui.Templates", "src\Controls\src\Templates\Microsoft.Maui.Templates.csproj", "{DAAC2822-63B6-4DE0-83AE-04873CD2F364}"
EndProject
Project("{9A19103F-16F7-4668-BE54-9A1E7A4F7556}") = "Maui.Controls.Sample.WinUI", "src\Controls\samples\Controls.Sample.WinUI\Maui.Controls.Sample.WinUI.csproj", "{B82F17CF-3D08-4D07-BF86-DF48D89E0B53}"
EndProject
Project("{C7167F0D-BC9F-4E6E-AFE1-012C56B48DB5}") = "Maui.Controls.Sample.WinUI (Package)", "src\Controls\samples\Controls.Sample.WinUI (Package)\Maui.Controls.Sample.WinUI (Package).wapproj", "{503B7824-7376-450B-9EF7-EA587DF2C8BE}"
EndProject
Global
	GlobalSection(SolutionConfigurationPlatforms) = preSolution
		Debug|Any CPU = Debug|Any CPU
		Debug|arm64 = Debug|arm64
		Debug|x64 = Debug|x64
		Debug|x86 = Debug|x86
		Release|Any CPU = Release|Any CPU
		Release|arm64 = Release|arm64
		Release|x64 = Release|x64
		Release|x86 = Release|x86
	EndGlobalSection
	GlobalSection(ProjectConfigurationPlatforms) = postSolution
		{95BA42B5-B00E-4986-B9B5-517140378452}.Debug|Any CPU.ActiveCfg = Debug|Any CPU
		{95BA42B5-B00E-4986-B9B5-517140378452}.Debug|Any CPU.Build.0 = Debug|Any CPU
		{95BA42B5-B00E-4986-B9B5-517140378452}.Debug|arm64.ActiveCfg = Debug|Any CPU
		{95BA42B5-B00E-4986-B9B5-517140378452}.Debug|arm64.Build.0 = Debug|Any CPU
		{95BA42B5-B00E-4986-B9B5-517140378452}.Debug|x64.ActiveCfg = Debug|Any CPU
		{95BA42B5-B00E-4986-B9B5-517140378452}.Debug|x64.Build.0 = Debug|Any CPU
		{95BA42B5-B00E-4986-B9B5-517140378452}.Debug|x86.ActiveCfg = Debug|Any CPU
		{95BA42B5-B00E-4986-B9B5-517140378452}.Debug|x86.Build.0 = Debug|Any CPU
		{95BA42B5-B00E-4986-B9B5-517140378452}.Release|Any CPU.ActiveCfg = Release|Any CPU
		{95BA42B5-B00E-4986-B9B5-517140378452}.Release|Any CPU.Build.0 = Release|Any CPU
		{95BA42B5-B00E-4986-B9B5-517140378452}.Release|arm64.ActiveCfg = Release|Any CPU
		{95BA42B5-B00E-4986-B9B5-517140378452}.Release|arm64.Build.0 = Release|Any CPU
		{95BA42B5-B00E-4986-B9B5-517140378452}.Release|x64.ActiveCfg = Release|Any CPU
		{95BA42B5-B00E-4986-B9B5-517140378452}.Release|x64.Build.0 = Release|Any CPU
		{95BA42B5-B00E-4986-B9B5-517140378452}.Release|x86.ActiveCfg = Release|Any CPU
		{95BA42B5-B00E-4986-B9B5-517140378452}.Release|x86.Build.0 = Release|Any CPU
		{AF64451F-E2BD-41C2-B083-F60C26AE2A9F}.Debug|Any CPU.ActiveCfg = Debug|Any CPU
		{AF64451F-E2BD-41C2-B083-F60C26AE2A9F}.Debug|Any CPU.Build.0 = Debug|Any CPU
		{AF64451F-E2BD-41C2-B083-F60C26AE2A9F}.Debug|arm64.ActiveCfg = Debug|Any CPU
		{AF64451F-E2BD-41C2-B083-F60C26AE2A9F}.Debug|arm64.Build.0 = Debug|Any CPU
		{AF64451F-E2BD-41C2-B083-F60C26AE2A9F}.Debug|x64.ActiveCfg = Debug|Any CPU
		{AF64451F-E2BD-41C2-B083-F60C26AE2A9F}.Debug|x64.Build.0 = Debug|Any CPU
		{AF64451F-E2BD-41C2-B083-F60C26AE2A9F}.Debug|x86.ActiveCfg = Debug|Any CPU
		{AF64451F-E2BD-41C2-B083-F60C26AE2A9F}.Debug|x86.Build.0 = Debug|Any CPU
		{AF64451F-E2BD-41C2-B083-F60C26AE2A9F}.Release|Any CPU.ActiveCfg = Release|Any CPU
		{AF64451F-E2BD-41C2-B083-F60C26AE2A9F}.Release|Any CPU.Build.0 = Release|Any CPU
		{AF64451F-E2BD-41C2-B083-F60C26AE2A9F}.Release|arm64.ActiveCfg = Release|Any CPU
		{AF64451F-E2BD-41C2-B083-F60C26AE2A9F}.Release|arm64.Build.0 = Release|Any CPU
		{AF64451F-E2BD-41C2-B083-F60C26AE2A9F}.Release|x64.ActiveCfg = Release|Any CPU
		{AF64451F-E2BD-41C2-B083-F60C26AE2A9F}.Release|x64.Build.0 = Release|Any CPU
		{AF64451F-E2BD-41C2-B083-F60C26AE2A9F}.Release|x86.ActiveCfg = Release|Any CPU
		{AF64451F-E2BD-41C2-B083-F60C26AE2A9F}.Release|x86.Build.0 = Release|Any CPU
		{00A11C2F-969F-4964-8557-91ADF4B1523D}.Debug|Any CPU.ActiveCfg = Debug|Any CPU
		{00A11C2F-969F-4964-8557-91ADF4B1523D}.Debug|Any CPU.Build.0 = Debug|Any CPU
		{00A11C2F-969F-4964-8557-91ADF4B1523D}.Debug|arm64.ActiveCfg = Debug|Any CPU
		{00A11C2F-969F-4964-8557-91ADF4B1523D}.Debug|arm64.Build.0 = Debug|Any CPU
		{00A11C2F-969F-4964-8557-91ADF4B1523D}.Debug|arm64.Deploy.0 = Debug|Any CPU
		{00A11C2F-969F-4964-8557-91ADF4B1523D}.Debug|x64.ActiveCfg = Debug|Any CPU
		{00A11C2F-969F-4964-8557-91ADF4B1523D}.Debug|x64.Build.0 = Debug|Any CPU
		{00A11C2F-969F-4964-8557-91ADF4B1523D}.Debug|x64.Deploy.0 = Debug|Any CPU
		{00A11C2F-969F-4964-8557-91ADF4B1523D}.Debug|x86.ActiveCfg = Debug|Any CPU
		{00A11C2F-969F-4964-8557-91ADF4B1523D}.Debug|x86.Build.0 = Debug|Any CPU
		{00A11C2F-969F-4964-8557-91ADF4B1523D}.Debug|x86.Deploy.0 = Debug|Any CPU
		{00A11C2F-969F-4964-8557-91ADF4B1523D}.Release|Any CPU.ActiveCfg = Release|Any CPU
		{00A11C2F-969F-4964-8557-91ADF4B1523D}.Release|Any CPU.Build.0 = Release|Any CPU
		{00A11C2F-969F-4964-8557-91ADF4B1523D}.Release|arm64.ActiveCfg = Release|Any CPU
		{00A11C2F-969F-4964-8557-91ADF4B1523D}.Release|arm64.Build.0 = Release|Any CPU
		{00A11C2F-969F-4964-8557-91ADF4B1523D}.Release|arm64.Deploy.0 = Release|Any CPU
		{00A11C2F-969F-4964-8557-91ADF4B1523D}.Release|x64.ActiveCfg = Release|Any CPU
		{00A11C2F-969F-4964-8557-91ADF4B1523D}.Release|x64.Build.0 = Release|Any CPU
		{00A11C2F-969F-4964-8557-91ADF4B1523D}.Release|x64.Deploy.0 = Release|Any CPU
		{00A11C2F-969F-4964-8557-91ADF4B1523D}.Release|x86.ActiveCfg = Release|Any CPU
		{00A11C2F-969F-4964-8557-91ADF4B1523D}.Release|x86.Build.0 = Release|Any CPU
		{00A11C2F-969F-4964-8557-91ADF4B1523D}.Release|x86.Deploy.0 = Release|Any CPU
		{EB956381-F3E6-437C-9069-36B8BF5C6E2F}.Debug|Any CPU.ActiveCfg = Debug|Any CPU
		{EB956381-F3E6-437C-9069-36B8BF5C6E2F}.Debug|arm64.ActiveCfg = Debug|Any CPU
		{EB956381-F3E6-437C-9069-36B8BF5C6E2F}.Debug|arm64.Build.0 = Debug|Any CPU
		{EB956381-F3E6-437C-9069-36B8BF5C6E2F}.Debug|arm64.Deploy.0 = Debug|Any CPU
		{EB956381-F3E6-437C-9069-36B8BF5C6E2F}.Debug|x64.ActiveCfg = Debug|Any CPU
		{EB956381-F3E6-437C-9069-36B8BF5C6E2F}.Debug|x64.Build.0 = Debug|Any CPU
		{EB956381-F3E6-437C-9069-36B8BF5C6E2F}.Debug|x64.Deploy.0 = Debug|Any CPU
		{EB956381-F3E6-437C-9069-36B8BF5C6E2F}.Debug|x86.ActiveCfg = Debug|Any CPU
		{EB956381-F3E6-437C-9069-36B8BF5C6E2F}.Debug|x86.Deploy.0 = Debug|Any CPU
		{EB956381-F3E6-437C-9069-36B8BF5C6E2F}.Release|Any CPU.ActiveCfg = Release|Any CPU
		{EB956381-F3E6-437C-9069-36B8BF5C6E2F}.Release|arm64.ActiveCfg = Release|Any CPU
		{EB956381-F3E6-437C-9069-36B8BF5C6E2F}.Release|arm64.Build.0 = Release|Any CPU
		{EB956381-F3E6-437C-9069-36B8BF5C6E2F}.Release|arm64.Deploy.0 = Release|Any CPU
		{EB956381-F3E6-437C-9069-36B8BF5C6E2F}.Release|x64.ActiveCfg = Release|Any CPU
		{EB956381-F3E6-437C-9069-36B8BF5C6E2F}.Release|x64.Build.0 = Release|Any CPU
		{EB956381-F3E6-437C-9069-36B8BF5C6E2F}.Release|x64.Deploy.0 = Release|Any CPU
		{EB956381-F3E6-437C-9069-36B8BF5C6E2F}.Release|x86.ActiveCfg = Release|Any CPU
		{EB956381-F3E6-437C-9069-36B8BF5C6E2F}.Release|x86.Build.0 = Release|Any CPU
		{EB956381-F3E6-437C-9069-36B8BF5C6E2F}.Release|x86.Deploy.0 = Release|Any CPU
		{B8DC1324-977C-46F1-B697-9064ADE6099A}.Debug|Any CPU.ActiveCfg = Debug|Any CPU
		{B8DC1324-977C-46F1-B697-9064ADE6099A}.Debug|Any CPU.Build.0 = Debug|Any CPU
		{B8DC1324-977C-46F1-B697-9064ADE6099A}.Debug|arm64.ActiveCfg = Debug|Any CPU
		{B8DC1324-977C-46F1-B697-9064ADE6099A}.Debug|arm64.Build.0 = Debug|Any CPU
		{B8DC1324-977C-46F1-B697-9064ADE6099A}.Debug|x64.ActiveCfg = Debug|Any CPU
		{B8DC1324-977C-46F1-B697-9064ADE6099A}.Debug|x64.Build.0 = Debug|Any CPU
		{B8DC1324-977C-46F1-B697-9064ADE6099A}.Debug|x86.ActiveCfg = Debug|Any CPU
		{B8DC1324-977C-46F1-B697-9064ADE6099A}.Debug|x86.Build.0 = Debug|Any CPU
		{B8DC1324-977C-46F1-B697-9064ADE6099A}.Release|Any CPU.ActiveCfg = Release|Any CPU
		{B8DC1324-977C-46F1-B697-9064ADE6099A}.Release|Any CPU.Build.0 = Release|Any CPU
		{B8DC1324-977C-46F1-B697-9064ADE6099A}.Release|arm64.ActiveCfg = Release|Any CPU
		{B8DC1324-977C-46F1-B697-9064ADE6099A}.Release|arm64.Build.0 = Release|Any CPU
		{B8DC1324-977C-46F1-B697-9064ADE6099A}.Release|x64.ActiveCfg = Release|Any CPU
		{B8DC1324-977C-46F1-B697-9064ADE6099A}.Release|x64.Build.0 = Release|Any CPU
		{B8DC1324-977C-46F1-B697-9064ADE6099A}.Release|x86.ActiveCfg = Release|Any CPU
		{B8DC1324-977C-46F1-B697-9064ADE6099A}.Release|x86.Build.0 = Release|Any CPU
		{75C380E0-CE53-4C01-B89F-CF685331DE18}.Debug|Any CPU.ActiveCfg = Debug|Any CPU
		{75C380E0-CE53-4C01-B89F-CF685331DE18}.Debug|Any CPU.Build.0 = Debug|Any CPU
		{75C380E0-CE53-4C01-B89F-CF685331DE18}.Debug|arm64.ActiveCfg = Debug|Any CPU
		{75C380E0-CE53-4C01-B89F-CF685331DE18}.Debug|arm64.Build.0 = Debug|Any CPU
		{75C380E0-CE53-4C01-B89F-CF685331DE18}.Debug|x64.ActiveCfg = Debug|Any CPU
		{75C380E0-CE53-4C01-B89F-CF685331DE18}.Debug|x64.Build.0 = Debug|Any CPU
		{75C380E0-CE53-4C01-B89F-CF685331DE18}.Debug|x86.ActiveCfg = Debug|Any CPU
		{75C380E0-CE53-4C01-B89F-CF685331DE18}.Debug|x86.Build.0 = Debug|Any CPU
		{75C380E0-CE53-4C01-B89F-CF685331DE18}.Release|Any CPU.ActiveCfg = Release|Any CPU
		{75C380E0-CE53-4C01-B89F-CF685331DE18}.Release|Any CPU.Build.0 = Release|Any CPU
		{75C380E0-CE53-4C01-B89F-CF685331DE18}.Release|arm64.ActiveCfg = Release|Any CPU
		{75C380E0-CE53-4C01-B89F-CF685331DE18}.Release|arm64.Build.0 = Release|Any CPU
		{75C380E0-CE53-4C01-B89F-CF685331DE18}.Release|x64.ActiveCfg = Release|Any CPU
		{75C380E0-CE53-4C01-B89F-CF685331DE18}.Release|x64.Build.0 = Release|Any CPU
		{75C380E0-CE53-4C01-B89F-CF685331DE18}.Release|x86.ActiveCfg = Release|Any CPU
		{75C380E0-CE53-4C01-B89F-CF685331DE18}.Release|x86.Build.0 = Release|Any CPU
		{39B47A3C-21CA-4B28-9250-14FD957EB0FC}.Debug|Any CPU.ActiveCfg = Debug|Any CPU
		{39B47A3C-21CA-4B28-9250-14FD957EB0FC}.Debug|Any CPU.Build.0 = Debug|Any CPU
		{39B47A3C-21CA-4B28-9250-14FD957EB0FC}.Debug|arm64.ActiveCfg = Debug|Any CPU
		{39B47A3C-21CA-4B28-9250-14FD957EB0FC}.Debug|arm64.Build.0 = Debug|Any CPU
		{39B47A3C-21CA-4B28-9250-14FD957EB0FC}.Debug|x64.ActiveCfg = Debug|Any CPU
		{39B47A3C-21CA-4B28-9250-14FD957EB0FC}.Debug|x64.Build.0 = Debug|Any CPU
		{39B47A3C-21CA-4B28-9250-14FD957EB0FC}.Debug|x86.ActiveCfg = Debug|Any CPU
		{39B47A3C-21CA-4B28-9250-14FD957EB0FC}.Debug|x86.Build.0 = Debug|Any CPU
		{39B47A3C-21CA-4B28-9250-14FD957EB0FC}.Release|Any CPU.ActiveCfg = Release|Any CPU
		{39B47A3C-21CA-4B28-9250-14FD957EB0FC}.Release|Any CPU.Build.0 = Release|Any CPU
		{39B47A3C-21CA-4B28-9250-14FD957EB0FC}.Release|arm64.ActiveCfg = Release|Any CPU
		{39B47A3C-21CA-4B28-9250-14FD957EB0FC}.Release|arm64.Build.0 = Release|Any CPU
		{39B47A3C-21CA-4B28-9250-14FD957EB0FC}.Release|x64.ActiveCfg = Release|Any CPU
		{39B47A3C-21CA-4B28-9250-14FD957EB0FC}.Release|x64.Build.0 = Release|Any CPU
		{39B47A3C-21CA-4B28-9250-14FD957EB0FC}.Release|x86.ActiveCfg = Release|Any CPU
		{39B47A3C-21CA-4B28-9250-14FD957EB0FC}.Release|x86.Build.0 = Release|Any CPU
		{9909F93F-C085-4F76-B92A-5D8C516BF47D}.Debug|Any CPU.ActiveCfg = Debug|Any CPU
		{9909F93F-C085-4F76-B92A-5D8C516BF47D}.Debug|Any CPU.Build.0 = Debug|Any CPU
		{9909F93F-C085-4F76-B92A-5D8C516BF47D}.Debug|arm64.ActiveCfg = Debug|Any CPU
		{9909F93F-C085-4F76-B92A-5D8C516BF47D}.Debug|arm64.Build.0 = Debug|Any CPU
		{9909F93F-C085-4F76-B92A-5D8C516BF47D}.Debug|x64.ActiveCfg = Debug|Any CPU
		{9909F93F-C085-4F76-B92A-5D8C516BF47D}.Debug|x64.Build.0 = Debug|Any CPU
		{9909F93F-C085-4F76-B92A-5D8C516BF47D}.Debug|x86.ActiveCfg = Debug|Any CPU
		{9909F93F-C085-4F76-B92A-5D8C516BF47D}.Debug|x86.Build.0 = Debug|Any CPU
		{9909F93F-C085-4F76-B92A-5D8C516BF47D}.Release|Any CPU.ActiveCfg = Release|Any CPU
		{9909F93F-C085-4F76-B92A-5D8C516BF47D}.Release|Any CPU.Build.0 = Release|Any CPU
		{9909F93F-C085-4F76-B92A-5D8C516BF47D}.Release|arm64.ActiveCfg = Release|Any CPU
		{9909F93F-C085-4F76-B92A-5D8C516BF47D}.Release|arm64.Build.0 = Release|Any CPU
		{9909F93F-C085-4F76-B92A-5D8C516BF47D}.Release|x64.ActiveCfg = Release|Any CPU
		{9909F93F-C085-4F76-B92A-5D8C516BF47D}.Release|x64.Build.0 = Release|Any CPU
		{9909F93F-C085-4F76-B92A-5D8C516BF47D}.Release|x86.ActiveCfg = Release|Any CPU
		{9909F93F-C085-4F76-B92A-5D8C516BF47D}.Release|x86.Build.0 = Release|Any CPU
		{5BEB3326-79B4-438C-BF65-274202F387EC}.Debug|Any CPU.ActiveCfg = Debug|Any CPU
		{5BEB3326-79B4-438C-BF65-274202F387EC}.Debug|Any CPU.Build.0 = Debug|Any CPU
		{5BEB3326-79B4-438C-BF65-274202F387EC}.Debug|arm64.ActiveCfg = Debug|Any CPU
		{5BEB3326-79B4-438C-BF65-274202F387EC}.Debug|arm64.Build.0 = Debug|Any CPU
		{5BEB3326-79B4-438C-BF65-274202F387EC}.Debug|x64.ActiveCfg = Debug|Any CPU
		{5BEB3326-79B4-438C-BF65-274202F387EC}.Debug|x64.Build.0 = Debug|Any CPU
		{5BEB3326-79B4-438C-BF65-274202F387EC}.Debug|x86.ActiveCfg = Debug|Any CPU
		{5BEB3326-79B4-438C-BF65-274202F387EC}.Debug|x86.Build.0 = Debug|Any CPU
		{5BEB3326-79B4-438C-BF65-274202F387EC}.Release|Any CPU.ActiveCfg = Release|Any CPU
		{5BEB3326-79B4-438C-BF65-274202F387EC}.Release|Any CPU.Build.0 = Release|Any CPU
		{5BEB3326-79B4-438C-BF65-274202F387EC}.Release|arm64.ActiveCfg = Release|Any CPU
		{5BEB3326-79B4-438C-BF65-274202F387EC}.Release|arm64.Build.0 = Release|Any CPU
		{5BEB3326-79B4-438C-BF65-274202F387EC}.Release|x64.ActiveCfg = Release|Any CPU
		{5BEB3326-79B4-438C-BF65-274202F387EC}.Release|x64.Build.0 = Release|Any CPU
		{5BEB3326-79B4-438C-BF65-274202F387EC}.Release|x86.ActiveCfg = Release|Any CPU
		{5BEB3326-79B4-438C-BF65-274202F387EC}.Release|x86.Build.0 = Release|Any CPU
		{CC3D4667-D94E-4276-9311-6439BFD075E4}.Debug|Any CPU.ActiveCfg = Debug|Any CPU
		{CC3D4667-D94E-4276-9311-6439BFD075E4}.Debug|Any CPU.Build.0 = Debug|Any CPU
		{CC3D4667-D94E-4276-9311-6439BFD075E4}.Debug|arm64.ActiveCfg = Debug|Any CPU
		{CC3D4667-D94E-4276-9311-6439BFD075E4}.Debug|arm64.Build.0 = Debug|Any CPU
		{CC3D4667-D94E-4276-9311-6439BFD075E4}.Debug|x64.ActiveCfg = Debug|Any CPU
		{CC3D4667-D94E-4276-9311-6439BFD075E4}.Debug|x64.Build.0 = Debug|Any CPU
		{CC3D4667-D94E-4276-9311-6439BFD075E4}.Debug|x86.ActiveCfg = Debug|Any CPU
		{CC3D4667-D94E-4276-9311-6439BFD075E4}.Debug|x86.Build.0 = Debug|Any CPU
		{CC3D4667-D94E-4276-9311-6439BFD075E4}.Release|Any CPU.ActiveCfg = Release|Any CPU
		{CC3D4667-D94E-4276-9311-6439BFD075E4}.Release|Any CPU.Build.0 = Release|Any CPU
		{CC3D4667-D94E-4276-9311-6439BFD075E4}.Release|arm64.ActiveCfg = Release|Any CPU
		{CC3D4667-D94E-4276-9311-6439BFD075E4}.Release|arm64.Build.0 = Release|Any CPU
		{CC3D4667-D94E-4276-9311-6439BFD075E4}.Release|x64.ActiveCfg = Release|Any CPU
		{CC3D4667-D94E-4276-9311-6439BFD075E4}.Release|x64.Build.0 = Release|Any CPU
		{CC3D4667-D94E-4276-9311-6439BFD075E4}.Release|x86.ActiveCfg = Release|Any CPU
		{CC3D4667-D94E-4276-9311-6439BFD075E4}.Release|x86.Build.0 = Release|Any CPU
		{DAAC2822-63B6-4DE0-83AE-04873CD2F364}.Debug|Any CPU.ActiveCfg = Debug|Any CPU
		{DAAC2822-63B6-4DE0-83AE-04873CD2F364}.Debug|Any CPU.Build.0 = Debug|Any CPU
		{DAAC2822-63B6-4DE0-83AE-04873CD2F364}.Debug|arm64.ActiveCfg = Debug|Any CPU
		{DAAC2822-63B6-4DE0-83AE-04873CD2F364}.Debug|arm64.Build.0 = Debug|Any CPU
		{DAAC2822-63B6-4DE0-83AE-04873CD2F364}.Debug|x64.ActiveCfg = Debug|Any CPU
		{DAAC2822-63B6-4DE0-83AE-04873CD2F364}.Debug|x64.Build.0 = Debug|Any CPU
		{DAAC2822-63B6-4DE0-83AE-04873CD2F364}.Debug|x86.ActiveCfg = Debug|Any CPU
		{DAAC2822-63B6-4DE0-83AE-04873CD2F364}.Debug|x86.Build.0 = Debug|Any CPU
		{DAAC2822-63B6-4DE0-83AE-04873CD2F364}.Release|Any CPU.ActiveCfg = Release|Any CPU
		{DAAC2822-63B6-4DE0-83AE-04873CD2F364}.Release|Any CPU.Build.0 = Release|Any CPU
		{DAAC2822-63B6-4DE0-83AE-04873CD2F364}.Release|arm64.ActiveCfg = Release|Any CPU
		{DAAC2822-63B6-4DE0-83AE-04873CD2F364}.Release|arm64.Build.0 = Release|Any CPU
		{DAAC2822-63B6-4DE0-83AE-04873CD2F364}.Release|x64.ActiveCfg = Release|Any CPU
		{DAAC2822-63B6-4DE0-83AE-04873CD2F364}.Release|x64.Build.0 = Release|Any CPU
		{DAAC2822-63B6-4DE0-83AE-04873CD2F364}.Release|x86.ActiveCfg = Release|Any CPU
		{DAAC2822-63B6-4DE0-83AE-04873CD2F364}.Release|x86.Build.0 = Release|Any CPU
		{B82F17CF-3D08-4D07-BF86-DF48D89E0B53}.Debug|Any CPU.ActiveCfg = Debug|x86
		{B82F17CF-3D08-4D07-BF86-DF48D89E0B53}.Debug|arm64.ActiveCfg = Debug|arm64
		{B82F17CF-3D08-4D07-BF86-DF48D89E0B53}.Debug|arm64.Build.0 = Debug|arm64
		{B82F17CF-3D08-4D07-BF86-DF48D89E0B53}.Debug|x64.ActiveCfg = Debug|x64
		{B82F17CF-3D08-4D07-BF86-DF48D89E0B53}.Debug|x64.Build.0 = Debug|x64
		{B82F17CF-3D08-4D07-BF86-DF48D89E0B53}.Debug|x86.ActiveCfg = Debug|x86
		{B82F17CF-3D08-4D07-BF86-DF48D89E0B53}.Debug|x86.Build.0 = Debug|x86
		{B82F17CF-3D08-4D07-BF86-DF48D89E0B53}.Release|Any CPU.ActiveCfg = Release|x86
		{B82F17CF-3D08-4D07-BF86-DF48D89E0B53}.Release|arm64.ActiveCfg = Release|arm64
		{B82F17CF-3D08-4D07-BF86-DF48D89E0B53}.Release|arm64.Build.0 = Release|arm64
		{B82F17CF-3D08-4D07-BF86-DF48D89E0B53}.Release|x64.ActiveCfg = Release|x64
		{B82F17CF-3D08-4D07-BF86-DF48D89E0B53}.Release|x64.Build.0 = Release|x64
		{B82F17CF-3D08-4D07-BF86-DF48D89E0B53}.Release|x86.ActiveCfg = Release|x86
		{B82F17CF-3D08-4D07-BF86-DF48D89E0B53}.Release|x86.Build.0 = Release|x86
		{503B7824-7376-450B-9EF7-EA587DF2C8BE}.Debug|Any CPU.ActiveCfg = Debug|x86
		{503B7824-7376-450B-9EF7-EA587DF2C8BE}.Debug|arm64.ActiveCfg = Debug|arm64
		{503B7824-7376-450B-9EF7-EA587DF2C8BE}.Debug|arm64.Build.0 = Debug|arm64
		{503B7824-7376-450B-9EF7-EA587DF2C8BE}.Debug|arm64.Deploy.0 = Debug|arm64
		{503B7824-7376-450B-9EF7-EA587DF2C8BE}.Debug|x64.ActiveCfg = Debug|x64
		{503B7824-7376-450B-9EF7-EA587DF2C8BE}.Debug|x64.Build.0 = Debug|x64
		{503B7824-7376-450B-9EF7-EA587DF2C8BE}.Debug|x64.Deploy.0 = Debug|x64
		{503B7824-7376-450B-9EF7-EA587DF2C8BE}.Debug|x86.ActiveCfg = Debug|x86
		{503B7824-7376-450B-9EF7-EA587DF2C8BE}.Debug|x86.Build.0 = Debug|x86
		{503B7824-7376-450B-9EF7-EA587DF2C8BE}.Debug|x86.Deploy.0 = Debug|x86
		{503B7824-7376-450B-9EF7-EA587DF2C8BE}.Release|Any CPU.ActiveCfg = Release|x86
		{503B7824-7376-450B-9EF7-EA587DF2C8BE}.Release|arm64.ActiveCfg = Release|arm64
		{503B7824-7376-450B-9EF7-EA587DF2C8BE}.Release|arm64.Build.0 = Release|arm64
		{503B7824-7376-450B-9EF7-EA587DF2C8BE}.Release|arm64.Deploy.0 = Release|arm64
		{503B7824-7376-450B-9EF7-EA587DF2C8BE}.Release|x64.ActiveCfg = Release|x64
		{503B7824-7376-450B-9EF7-EA587DF2C8BE}.Release|x64.Build.0 = Release|x64
		{503B7824-7376-450B-9EF7-EA587DF2C8BE}.Release|x64.Deploy.0 = Release|x64
		{503B7824-7376-450B-9EF7-EA587DF2C8BE}.Release|x86.ActiveCfg = Release|x86
		{503B7824-7376-450B-9EF7-EA587DF2C8BE}.Release|x86.Build.0 = Release|x86
		{503B7824-7376-450B-9EF7-EA587DF2C8BE}.Release|x86.Deploy.0 = Release|x86
	EndGlobalSection
	GlobalSection(SolutionProperties) = preSolution
		HideSolutionNode = FALSE
	EndGlobalSection
	GlobalSection(NestedProjects) = preSolution
		{95BA42B5-B00E-4986-B9B5-517140378452} = {09C264E9-E3F3-4586-9151-DCBB1F6DA7AB}
		{AF64451F-E2BD-41C2-B083-F60C26AE2A9F} = {459BF674-83CB-46F6-881F-A2D2117DBF4D}
		{00A11C2F-969F-4964-8557-91ADF4B1523D} = {123AA89E-1638-4E0E-B828-B8F9F9F906A2}
		{EB956381-F3E6-437C-9069-36B8BF5C6E2F} = {123AA89E-1638-4E0E-B828-B8F9F9F906A2}
		{E1082E26-D700-4127-9329-66D673FD2D55} = {459BF674-83CB-46F6-881F-A2D2117DBF4D}
		{B8DC1324-977C-46F1-B697-9064ADE6099A} = {E1082E26-D700-4127-9329-66D673FD2D55}
		{75C380E0-CE53-4C01-B89F-CF685331DE18} = {459BF674-83CB-46F6-881F-A2D2117DBF4D}
		{39B47A3C-21CA-4B28-9250-14FD957EB0FC} = {94F3C036-A5F4-4ACC-A028-8506802ADB88}
		{9909F93F-C085-4F76-B92A-5D8C516BF47D} = {D5478E0A-5D9C-4C1F-980C-7A9FC71F925E}
		{CC3D4667-D94E-4276-9311-6439BFD075E4} = {459BF674-83CB-46F6-881F-A2D2117DBF4D}
		{DAAC2822-63B6-4DE0-83AE-04873CD2F364} = {459BF674-83CB-46F6-881F-A2D2117DBF4D}
		{B82F17CF-3D08-4D07-BF86-DF48D89E0B53} = {E1082E26-D700-4127-9329-66D673FD2D55}
		{503B7824-7376-450B-9EF7-EA587DF2C8BE} = {E1082E26-D700-4127-9329-66D673FD2D55}
	EndGlobalSection
	GlobalSection(ExtensibilityGlobals) = postSolution
		SolutionGuid = {0B8ABEAD-D2B5-4370-A187-62B5ABE4EE50}
	EndGlobalSection
EndGlobal
