
Microsoft Visual Studio Solution File, Format Version 12.00
# Visual Studio 15
VisualStudioVersion = 15.0.27130.2036
MinimumVisualStudioVersion = 10.0.40219.1
Project("{2150E333-8FDC-42A3-9474-1A3956D46DE8}") = "Solution Items", "Solution Items", "{579F334C-FB7F-448A-A638-8FCB1CE53D93}"
	ProjectSection(SolutionItems) = preProject
		.editorconfig = .editorconfig
		.gitignore = .gitignore
		LICENSE = LICENSE
		README.md = README.md
		stylecop.json = stylecop.json
		Xamarin.Essentials.ruleset = Xamarin.Essentials.ruleset
	EndProjectSection
EndProject
Project("{2150E333-8FDC-42A3-9474-1A3956D46DE8}") = "Tests", "Tests", "{A14D061F-382D-4609-A3B0-E1D0BF7AB6AC}"
EndProject
Project("{9A19103F-16F7-4668-BE54-9A1E7A4F7556}") = "Xamarin.Essentials", "Xamarin.Essentials\Xamarin.Essentials.csproj", "{63A4F6A1-48BF-4D32-AED7-82F605EDB042}"
EndProject
Project("{9A19103F-16F7-4668-BE54-9A1E7A4F7556}") = "Tests", "Tests\Tests.csproj", "{77C2F93D-6EB7-49F7-A74A-C80499EC206A}"
EndProject
Project("{2150E333-8FDC-42A3-9474-1A3956D46DE8}") = "Samples", "Samples", "{706C0487-6930-4E55-8720-C17D9FE6CA91}"
EndProject
Project("{9A19103F-16F7-4668-BE54-9A1E7A4F7556}") = "Samples", "Samples\Samples\Samples.csproj", "{2550ED91-8AE1-4E9A-A964-C11515C8FA28}"
EndProject
Project("{FAE04EC0-301F-11D3-BF4B-00C04F79EFBC}") = "Samples.Android", "Samples\Samples.Android\Samples.Android.csproj", "{C1CD30D3-52CA-4F8E-8499-BE88567CA2F8}"
EndProject
Project("{FAE04EC0-301F-11D3-BF4B-00C04F79EFBC}") = "Samples.iOS", "Samples\Samples.iOS\Samples.iOS.csproj", "{E2571C97-C048-4F91-8BB3-546CF7410C4C}"
EndProject
Project("{FAE04EC0-301F-11D3-BF4B-00C04F79EFBC}") = "Samples.UWP", "Samples\Samples.UWP\Samples.UWP.csproj", "{A0798FC9-AB9D-4CCA-AF44-71B7A4691D5A}"
EndProject
Project("{2150E333-8FDC-42A3-9474-1A3956D46DE8}") = "DeviceTests", "DeviceTests", "{EA9AC363-45BC-4959-BD17-FE3A1B724529}"
EndProject
Project("{D954291E-2A0B-460D-934E-DC6B0785DB48}") = "DeviceTests.Shared", "DeviceTests\DeviceTests.Shared\DeviceTests.Shared.shproj", "{BE0DE9A3-D92C-47C5-9EC4-DFB546BBDF77}"
EndProject
Project("{FAE04EC0-301F-11D3-BF4B-00C04F79EFBC}") = "DeviceTests.Android", "DeviceTests\DeviceTests.Android\DeviceTests.Android.csproj", "{CB2072E0-A437-4811-AE17-16CAE0DDA1B1}"
EndProject
Project("{FAE04EC0-301F-11D3-BF4B-00C04F79EFBC}") = "DeviceTests.iOS", "DeviceTests\DeviceTests.iOS\DeviceTests.iOS.csproj", "{EE8FC716-27FC-405B-BD27-AF17E01A6671}"
EndProject
Project("{FAE04EC0-301F-11D3-BF4B-00C04F79EFBC}") = "DeviceTests.UWP", "DeviceTests\DeviceTests.UWP\DeviceTests.UWP.csproj", "{4BD0D88F-7E7A-4C3B-9E34-BF3717A8FF4B}"
EndProject
Project("{9A19103F-16F7-4668-BE54-9A1E7A4F7556}") = "Samples.Tizen", "Samples\Samples.Tizen\Samples.Tizen.csproj", "{4B1850CF-C568-4C16-8B42-3E9977DE5F56}"
EndProject
Global
	GlobalSection(SharedMSBuildProjectFiles) = preSolution
		DeviceTests\DeviceTests.Shared\DeviceTests.Shared.projitems*{4bd0d88f-7e7a-4c3b-9e34-bf3717a8ff4b}*SharedItemsImports = 4
		DeviceTests\DeviceTests.Shared\DeviceTests.Shared.projitems*{be0de9a3-d92c-47c5-9ec4-dfb546bbdf77}*SharedItemsImports = 13
		DeviceTests\DeviceTests.Shared\DeviceTests.Shared.projitems*{cb2072e0-a437-4811-ae17-16cae0dda1b1}*SharedItemsImports = 4
		DeviceTests\DeviceTests.Shared\DeviceTests.Shared.projitems*{ee8fc716-27fc-405b-bd27-af17e01a6671}*SharedItemsImports = 4
	EndGlobalSection
	GlobalSection(SolutionConfigurationPlatforms) = preSolution
		Debug|Any CPU = Debug|Any CPU
		Debug|ARM = Debug|ARM
		Debug|iPhone = Debug|iPhone
		Debug|iPhoneSimulator = Debug|iPhoneSimulator
		Debug|x64 = Debug|x64
		Debug|x86 = Debug|x86
		Release|Any CPU = Release|Any CPU
		Release|ARM = Release|ARM
		Release|iPhone = Release|iPhone
		Release|iPhoneSimulator = Release|iPhoneSimulator
		Release|x64 = Release|x64
		Release|x86 = Release|x86
	EndGlobalSection
	GlobalSection(ProjectConfigurationPlatforms) = postSolution
		{63A4F6A1-48BF-4D32-AED7-82F605EDB042}.Debug|Any CPU.ActiveCfg = Debug|Any CPU
		{63A4F6A1-48BF-4D32-AED7-82F605EDB042}.Debug|Any CPU.Build.0 = Debug|Any CPU
		{63A4F6A1-48BF-4D32-AED7-82F605EDB042}.Debug|ARM.ActiveCfg = Debug|Any CPU
		{63A4F6A1-48BF-4D32-AED7-82F605EDB042}.Debug|ARM.Build.0 = Debug|Any CPU
		{63A4F6A1-48BF-4D32-AED7-82F605EDB042}.Debug|iPhone.ActiveCfg = Debug|Any CPU
		{63A4F6A1-48BF-4D32-AED7-82F605EDB042}.Debug|iPhone.Build.0 = Debug|Any CPU
		{63A4F6A1-48BF-4D32-AED7-82F605EDB042}.Debug|iPhoneSimulator.ActiveCfg = Debug|Any CPU
		{63A4F6A1-48BF-4D32-AED7-82F605EDB042}.Debug|iPhoneSimulator.Build.0 = Debug|Any CPU
		{63A4F6A1-48BF-4D32-AED7-82F605EDB042}.Debug|x64.ActiveCfg = Debug|Any CPU
		{63A4F6A1-48BF-4D32-AED7-82F605EDB042}.Debug|x64.Build.0 = Debug|Any CPU
		{63A4F6A1-48BF-4D32-AED7-82F605EDB042}.Debug|x86.ActiveCfg = Debug|Any CPU
		{63A4F6A1-48BF-4D32-AED7-82F605EDB042}.Debug|x86.Build.0 = Debug|Any CPU
		{63A4F6A1-48BF-4D32-AED7-82F605EDB042}.Release|Any CPU.ActiveCfg = Release|Any CPU
		{63A4F6A1-48BF-4D32-AED7-82F605EDB042}.Release|Any CPU.Build.0 = Release|Any CPU
		{63A4F6A1-48BF-4D32-AED7-82F605EDB042}.Release|ARM.ActiveCfg = Release|Any CPU
		{63A4F6A1-48BF-4D32-AED7-82F605EDB042}.Release|ARM.Build.0 = Release|Any CPU
		{63A4F6A1-48BF-4D32-AED7-82F605EDB042}.Release|iPhone.ActiveCfg = Release|Any CPU
		{63A4F6A1-48BF-4D32-AED7-82F605EDB042}.Release|iPhone.Build.0 = Release|Any CPU
		{63A4F6A1-48BF-4D32-AED7-82F605EDB042}.Release|iPhoneSimulator.ActiveCfg = Release|Any CPU
		{63A4F6A1-48BF-4D32-AED7-82F605EDB042}.Release|iPhoneSimulator.Build.0 = Release|Any CPU
		{63A4F6A1-48BF-4D32-AED7-82F605EDB042}.Release|x64.ActiveCfg = Release|Any CPU
		{63A4F6A1-48BF-4D32-AED7-82F605EDB042}.Release|x64.Build.0 = Release|Any CPU
		{63A4F6A1-48BF-4D32-AED7-82F605EDB042}.Release|x86.ActiveCfg = Release|Any CPU
		{63A4F6A1-48BF-4D32-AED7-82F605EDB042}.Release|x86.Build.0 = Release|Any CPU
		{77C2F93D-6EB7-49F7-A74A-C80499EC206A}.Debug|Any CPU.ActiveCfg = Debug|Any CPU
		{77C2F93D-6EB7-49F7-A74A-C80499EC206A}.Debug|Any CPU.Build.0 = Debug|Any CPU
		{77C2F93D-6EB7-49F7-A74A-C80499EC206A}.Debug|ARM.ActiveCfg = Debug|Any CPU
		{77C2F93D-6EB7-49F7-A74A-C80499EC206A}.Debug|ARM.Build.0 = Debug|Any CPU
		{77C2F93D-6EB7-49F7-A74A-C80499EC206A}.Debug|iPhone.ActiveCfg = Debug|Any CPU
		{77C2F93D-6EB7-49F7-A74A-C80499EC206A}.Debug|iPhone.Build.0 = Debug|Any CPU
		{77C2F93D-6EB7-49F7-A74A-C80499EC206A}.Debug|iPhoneSimulator.ActiveCfg = Debug|Any CPU
		{77C2F93D-6EB7-49F7-A74A-C80499EC206A}.Debug|iPhoneSimulator.Build.0 = Debug|Any CPU
		{77C2F93D-6EB7-49F7-A74A-C80499EC206A}.Debug|x64.ActiveCfg = Debug|Any CPU
		{77C2F93D-6EB7-49F7-A74A-C80499EC206A}.Debug|x64.Build.0 = Debug|Any CPU
		{77C2F93D-6EB7-49F7-A74A-C80499EC206A}.Debug|x86.ActiveCfg = Debug|Any CPU
		{77C2F93D-6EB7-49F7-A74A-C80499EC206A}.Debug|x86.Build.0 = Debug|Any CPU
		{77C2F93D-6EB7-49F7-A74A-C80499EC206A}.Release|Any CPU.ActiveCfg = Release|Any CPU
		{77C2F93D-6EB7-49F7-A74A-C80499EC206A}.Release|Any CPU.Build.0 = Release|Any CPU
		{77C2F93D-6EB7-49F7-A74A-C80499EC206A}.Release|ARM.ActiveCfg = Release|Any CPU
		{77C2F93D-6EB7-49F7-A74A-C80499EC206A}.Release|ARM.Build.0 = Release|Any CPU
		{77C2F93D-6EB7-49F7-A74A-C80499EC206A}.Release|iPhone.ActiveCfg = Release|Any CPU
		{77C2F93D-6EB7-49F7-A74A-C80499EC206A}.Release|iPhone.Build.0 = Release|Any CPU
		{77C2F93D-6EB7-49F7-A74A-C80499EC206A}.Release|iPhoneSimulator.ActiveCfg = Release|Any CPU
		{77C2F93D-6EB7-49F7-A74A-C80499EC206A}.Release|iPhoneSimulator.Build.0 = Release|Any CPU
		{77C2F93D-6EB7-49F7-A74A-C80499EC206A}.Release|x64.ActiveCfg = Release|Any CPU
		{77C2F93D-6EB7-49F7-A74A-C80499EC206A}.Release|x64.Build.0 = Release|Any CPU
		{77C2F93D-6EB7-49F7-A74A-C80499EC206A}.Release|x86.ActiveCfg = Release|Any CPU
		{77C2F93D-6EB7-49F7-A74A-C80499EC206A}.Release|x86.Build.0 = Release|Any CPU
		{2550ED91-8AE1-4E9A-A964-C11515C8FA28}.Debug|Any CPU.ActiveCfg = Debug|Any CPU
		{2550ED91-8AE1-4E9A-A964-C11515C8FA28}.Debug|Any CPU.Build.0 = Debug|Any CPU
		{2550ED91-8AE1-4E9A-A964-C11515C8FA28}.Debug|ARM.ActiveCfg = Debug|Any CPU
		{2550ED91-8AE1-4E9A-A964-C11515C8FA28}.Debug|ARM.Build.0 = Debug|Any CPU
		{2550ED91-8AE1-4E9A-A964-C11515C8FA28}.Debug|iPhone.ActiveCfg = Debug|Any CPU
		{2550ED91-8AE1-4E9A-A964-C11515C8FA28}.Debug|iPhone.Build.0 = Debug|Any CPU
		{2550ED91-8AE1-4E9A-A964-C11515C8FA28}.Debug|iPhoneSimulator.ActiveCfg = Debug|Any CPU
		{2550ED91-8AE1-4E9A-A964-C11515C8FA28}.Debug|iPhoneSimulator.Build.0 = Debug|Any CPU
		{2550ED91-8AE1-4E9A-A964-C11515C8FA28}.Debug|x64.ActiveCfg = Debug|Any CPU
		{2550ED91-8AE1-4E9A-A964-C11515C8FA28}.Debug|x64.Build.0 = Debug|Any CPU
		{2550ED91-8AE1-4E9A-A964-C11515C8FA28}.Debug|x86.ActiveCfg = Debug|Any CPU
		{2550ED91-8AE1-4E9A-A964-C11515C8FA28}.Debug|x86.Build.0 = Debug|Any CPU
		{2550ED91-8AE1-4E9A-A964-C11515C8FA28}.Release|Any CPU.ActiveCfg = Release|Any CPU
		{2550ED91-8AE1-4E9A-A964-C11515C8FA28}.Release|Any CPU.Build.0 = Release|Any CPU
		{2550ED91-8AE1-4E9A-A964-C11515C8FA28}.Release|ARM.ActiveCfg = Release|Any CPU
		{2550ED91-8AE1-4E9A-A964-C11515C8FA28}.Release|ARM.Build.0 = Release|Any CPU
		{2550ED91-8AE1-4E9A-A964-C11515C8FA28}.Release|iPhone.ActiveCfg = Release|Any CPU
		{2550ED91-8AE1-4E9A-A964-C11515C8FA28}.Release|iPhone.Build.0 = Release|Any CPU
		{2550ED91-8AE1-4E9A-A964-C11515C8FA28}.Release|iPhoneSimulator.ActiveCfg = Release|Any CPU
		{2550ED91-8AE1-4E9A-A964-C11515C8FA28}.Release|iPhoneSimulator.Build.0 = Release|Any CPU
		{2550ED91-8AE1-4E9A-A964-C11515C8FA28}.Release|x64.ActiveCfg = Release|Any CPU
		{2550ED91-8AE1-4E9A-A964-C11515C8FA28}.Release|x64.Build.0 = Release|Any CPU
		{2550ED91-8AE1-4E9A-A964-C11515C8FA28}.Release|x86.ActiveCfg = Release|Any CPU
		{2550ED91-8AE1-4E9A-A964-C11515C8FA28}.Release|x86.Build.0 = Release|Any CPU
		{C1CD30D3-52CA-4F8E-8499-BE88567CA2F8}.Debug|Any CPU.ActiveCfg = Debug|Any CPU
		{C1CD30D3-52CA-4F8E-8499-BE88567CA2F8}.Debug|Any CPU.Build.0 = Debug|Any CPU
		{C1CD30D3-52CA-4F8E-8499-BE88567CA2F8}.Debug|Any CPU.Deploy.0 = Debug|Any CPU
		{C1CD30D3-52CA-4F8E-8499-BE88567CA2F8}.Debug|ARM.ActiveCfg = Debug|Any CPU
		{C1CD30D3-52CA-4F8E-8499-BE88567CA2F8}.Debug|ARM.Build.0 = Debug|Any CPU
		{C1CD30D3-52CA-4F8E-8499-BE88567CA2F8}.Debug|ARM.Deploy.0 = Debug|Any CPU
		{C1CD30D3-52CA-4F8E-8499-BE88567CA2F8}.Debug|iPhone.ActiveCfg = Debug|Any CPU
		{C1CD30D3-52CA-4F8E-8499-BE88567CA2F8}.Debug|iPhone.Build.0 = Debug|Any CPU
		{C1CD30D3-52CA-4F8E-8499-BE88567CA2F8}.Debug|iPhone.Deploy.0 = Debug|Any CPU
		{C1CD30D3-52CA-4F8E-8499-BE88567CA2F8}.Debug|iPhoneSimulator.ActiveCfg = Debug|Any CPU
		{C1CD30D3-52CA-4F8E-8499-BE88567CA2F8}.Debug|iPhoneSimulator.Build.0 = Debug|Any CPU
		{C1CD30D3-52CA-4F8E-8499-BE88567CA2F8}.Debug|iPhoneSimulator.Deploy.0 = Debug|Any CPU
		{C1CD30D3-52CA-4F8E-8499-BE88567CA2F8}.Debug|x64.ActiveCfg = Debug|Any CPU
		{C1CD30D3-52CA-4F8E-8499-BE88567CA2F8}.Debug|x64.Build.0 = Debug|Any CPU
		{C1CD30D3-52CA-4F8E-8499-BE88567CA2F8}.Debug|x64.Deploy.0 = Debug|Any CPU
		{C1CD30D3-52CA-4F8E-8499-BE88567CA2F8}.Debug|x86.ActiveCfg = Debug|Any CPU
		{C1CD30D3-52CA-4F8E-8499-BE88567CA2F8}.Debug|x86.Build.0 = Debug|Any CPU
		{C1CD30D3-52CA-4F8E-8499-BE88567CA2F8}.Debug|x86.Deploy.0 = Debug|Any CPU
		{C1CD30D3-52CA-4F8E-8499-BE88567CA2F8}.Release|Any CPU.ActiveCfg = Release|Any CPU
		{C1CD30D3-52CA-4F8E-8499-BE88567CA2F8}.Release|Any CPU.Build.0 = Release|Any CPU
		{C1CD30D3-52CA-4F8E-8499-BE88567CA2F8}.Release|Any CPU.Deploy.0 = Release|Any CPU
		{C1CD30D3-52CA-4F8E-8499-BE88567CA2F8}.Release|ARM.ActiveCfg = Release|Any CPU
		{C1CD30D3-52CA-4F8E-8499-BE88567CA2F8}.Release|ARM.Build.0 = Release|Any CPU
		{C1CD30D3-52CA-4F8E-8499-BE88567CA2F8}.Release|ARM.Deploy.0 = Release|Any CPU
		{C1CD30D3-52CA-4F8E-8499-BE88567CA2F8}.Release|iPhone.ActiveCfg = Release|Any CPU
		{C1CD30D3-52CA-4F8E-8499-BE88567CA2F8}.Release|iPhone.Build.0 = Release|Any CPU
		{C1CD30D3-52CA-4F8E-8499-BE88567CA2F8}.Release|iPhone.Deploy.0 = Release|Any CPU
		{C1CD30D3-52CA-4F8E-8499-BE88567CA2F8}.Release|iPhoneSimulator.ActiveCfg = Release|Any CPU
		{C1CD30D3-52CA-4F8E-8499-BE88567CA2F8}.Release|iPhoneSimulator.Build.0 = Release|Any CPU
		{C1CD30D3-52CA-4F8E-8499-BE88567CA2F8}.Release|iPhoneSimulator.Deploy.0 = Release|Any CPU
		{C1CD30D3-52CA-4F8E-8499-BE88567CA2F8}.Release|x64.ActiveCfg = Release|Any CPU
		{C1CD30D3-52CA-4F8E-8499-BE88567CA2F8}.Release|x64.Build.0 = Release|Any CPU
		{C1CD30D3-52CA-4F8E-8499-BE88567CA2F8}.Release|x64.Deploy.0 = Release|Any CPU
		{C1CD30D3-52CA-4F8E-8499-BE88567CA2F8}.Release|x86.ActiveCfg = Release|Any CPU
		{C1CD30D3-52CA-4F8E-8499-BE88567CA2F8}.Release|x86.Build.0 = Release|Any CPU
		{C1CD30D3-52CA-4F8E-8499-BE88567CA2F8}.Release|x86.Deploy.0 = Release|Any CPU
		{E2571C97-C048-4F91-8BB3-546CF7410C4C}.Debug|Any CPU.ActiveCfg = Debug|iPhoneSimulator
		{E2571C97-C048-4F91-8BB3-546CF7410C4C}.Debug|Any CPU.Build.0 = Debug|iPhoneSimulator
		{E2571C97-C048-4F91-8BB3-546CF7410C4C}.Debug|ARM.ActiveCfg = Debug|iPhone
		{E2571C97-C048-4F91-8BB3-546CF7410C4C}.Debug|ARM.Build.0 = Debug|iPhone
		{E2571C97-C048-4F91-8BB3-546CF7410C4C}.Debug|iPhone.ActiveCfg = Debug|iPhone
		{E2571C97-C048-4F91-8BB3-546CF7410C4C}.Debug|iPhone.Build.0 = Debug|iPhone
		{E2571C97-C048-4F91-8BB3-546CF7410C4C}.Debug|iPhoneSimulator.ActiveCfg = Debug|iPhoneSimulator
		{E2571C97-C048-4F91-8BB3-546CF7410C4C}.Debug|iPhoneSimulator.Build.0 = Debug|iPhoneSimulator
		{E2571C97-C048-4F91-8BB3-546CF7410C4C}.Debug|x64.ActiveCfg = Debug|iPhoneSimulator
		{E2571C97-C048-4F91-8BB3-546CF7410C4C}.Debug|x64.Build.0 = Debug|iPhoneSimulator
		{E2571C97-C048-4F91-8BB3-546CF7410C4C}.Debug|x86.ActiveCfg = Debug|iPhoneSimulator
		{E2571C97-C048-4F91-8BB3-546CF7410C4C}.Debug|x86.Build.0 = Debug|iPhoneSimulator
		{E2571C97-C048-4F91-8BB3-546CF7410C4C}.Release|Any CPU.ActiveCfg = Release|iPhoneSimulator
		{E2571C97-C048-4F91-8BB3-546CF7410C4C}.Release|Any CPU.Build.0 = Release|iPhoneSimulator
		{E2571C97-C048-4F91-8BB3-546CF7410C4C}.Release|ARM.ActiveCfg = Release|iPhone
		{E2571C97-C048-4F91-8BB3-546CF7410C4C}.Release|ARM.Build.0 = Release|iPhone
		{E2571C97-C048-4F91-8BB3-546CF7410C4C}.Release|iPhone.ActiveCfg = Release|iPhone
		{E2571C97-C048-4F91-8BB3-546CF7410C4C}.Release|iPhone.Build.0 = Release|iPhone
		{E2571C97-C048-4F91-8BB3-546CF7410C4C}.Release|iPhoneSimulator.ActiveCfg = Release|iPhoneSimulator
		{E2571C97-C048-4F91-8BB3-546CF7410C4C}.Release|iPhoneSimulator.Build.0 = Release|iPhoneSimulator
		{E2571C97-C048-4F91-8BB3-546CF7410C4C}.Release|x64.ActiveCfg = Release|iPhoneSimulator
		{E2571C97-C048-4F91-8BB3-546CF7410C4C}.Release|x64.Build.0 = Release|iPhoneSimulator
		{E2571C97-C048-4F91-8BB3-546CF7410C4C}.Release|x86.ActiveCfg = Release|iPhoneSimulator
		{E2571C97-C048-4F91-8BB3-546CF7410C4C}.Release|x86.Build.0 = Release|iPhoneSimulator
		{A0798FC9-AB9D-4CCA-AF44-71B7A4691D5A}.Debug|Any CPU.ActiveCfg = Debug|x86
		{A0798FC9-AB9D-4CCA-AF44-71B7A4691D5A}.Debug|Any CPU.Build.0 = Debug|x86
		{A0798FC9-AB9D-4CCA-AF44-71B7A4691D5A}.Debug|Any CPU.Deploy.0 = Debug|x86
		{A0798FC9-AB9D-4CCA-AF44-71B7A4691D5A}.Debug|ARM.ActiveCfg = Debug|ARM
		{A0798FC9-AB9D-4CCA-AF44-71B7A4691D5A}.Debug|ARM.Build.0 = Debug|ARM
		{A0798FC9-AB9D-4CCA-AF44-71B7A4691D5A}.Debug|ARM.Deploy.0 = Debug|ARM
		{A0798FC9-AB9D-4CCA-AF44-71B7A4691D5A}.Debug|iPhone.ActiveCfg = Debug|ARM
		{A0798FC9-AB9D-4CCA-AF44-71B7A4691D5A}.Debug|iPhone.Build.0 = Debug|ARM
		{A0798FC9-AB9D-4CCA-AF44-71B7A4691D5A}.Debug|iPhone.Deploy.0 = Debug|ARM
		{A0798FC9-AB9D-4CCA-AF44-71B7A4691D5A}.Debug|iPhoneSimulator.ActiveCfg = Debug|x86
		{A0798FC9-AB9D-4CCA-AF44-71B7A4691D5A}.Debug|iPhoneSimulator.Build.0 = Debug|x86
		{A0798FC9-AB9D-4CCA-AF44-71B7A4691D5A}.Debug|iPhoneSimulator.Deploy.0 = Debug|x86
		{A0798FC9-AB9D-4CCA-AF44-71B7A4691D5A}.Debug|x64.ActiveCfg = Debug|x64
		{A0798FC9-AB9D-4CCA-AF44-71B7A4691D5A}.Debug|x64.Build.0 = Debug|x64
		{A0798FC9-AB9D-4CCA-AF44-71B7A4691D5A}.Debug|x64.Deploy.0 = Debug|x64
		{A0798FC9-AB9D-4CCA-AF44-71B7A4691D5A}.Debug|x86.ActiveCfg = Debug|x86
		{A0798FC9-AB9D-4CCA-AF44-71B7A4691D5A}.Debug|x86.Build.0 = Debug|x86
		{A0798FC9-AB9D-4CCA-AF44-71B7A4691D5A}.Debug|x86.Deploy.0 = Debug|x86
		{A0798FC9-AB9D-4CCA-AF44-71B7A4691D5A}.Release|Any CPU.ActiveCfg = Release|x86
		{A0798FC9-AB9D-4CCA-AF44-71B7A4691D5A}.Release|Any CPU.Build.0 = Release|x86
		{A0798FC9-AB9D-4CCA-AF44-71B7A4691D5A}.Release|Any CPU.Deploy.0 = Release|x86
		{A0798FC9-AB9D-4CCA-AF44-71B7A4691D5A}.Release|ARM.ActiveCfg = Release|ARM
		{A0798FC9-AB9D-4CCA-AF44-71B7A4691D5A}.Release|ARM.Build.0 = Release|ARM
		{A0798FC9-AB9D-4CCA-AF44-71B7A4691D5A}.Release|ARM.Deploy.0 = Release|ARM
		{A0798FC9-AB9D-4CCA-AF44-71B7A4691D5A}.Release|iPhone.ActiveCfg = Release|ARM
		{A0798FC9-AB9D-4CCA-AF44-71B7A4691D5A}.Release|iPhone.Build.0 = Release|ARM
		{A0798FC9-AB9D-4CCA-AF44-71B7A4691D5A}.Release|iPhone.Deploy.0 = Release|ARM
		{A0798FC9-AB9D-4CCA-AF44-71B7A4691D5A}.Release|iPhoneSimulator.ActiveCfg = Release|x86
		{A0798FC9-AB9D-4CCA-AF44-71B7A4691D5A}.Release|iPhoneSimulator.Build.0 = Release|x86
		{A0798FC9-AB9D-4CCA-AF44-71B7A4691D5A}.Release|iPhoneSimulator.Deploy.0 = Release|x86
		{A0798FC9-AB9D-4CCA-AF44-71B7A4691D5A}.Release|x64.ActiveCfg = Release|x64
		{A0798FC9-AB9D-4CCA-AF44-71B7A4691D5A}.Release|x64.Build.0 = Release|x64
		{A0798FC9-AB9D-4CCA-AF44-71B7A4691D5A}.Release|x64.Deploy.0 = Release|x64
		{A0798FC9-AB9D-4CCA-AF44-71B7A4691D5A}.Release|x86.ActiveCfg = Release|x86
		{A0798FC9-AB9D-4CCA-AF44-71B7A4691D5A}.Release|x86.Build.0 = Release|x86
		{A0798FC9-AB9D-4CCA-AF44-71B7A4691D5A}.Release|x86.Deploy.0 = Release|x86
		{CB2072E0-A437-4811-AE17-16CAE0DDA1B1}.Debug|Any CPU.ActiveCfg = Debug|Any CPU
		{CB2072E0-A437-4811-AE17-16CAE0DDA1B1}.Debug|Any CPU.Build.0 = Debug|Any CPU
		{CB2072E0-A437-4811-AE17-16CAE0DDA1B1}.Debug|Any CPU.Deploy.0 = Debug|Any CPU
		{CB2072E0-A437-4811-AE17-16CAE0DDA1B1}.Debug|ARM.ActiveCfg = Debug|Any CPU
		{CB2072E0-A437-4811-AE17-16CAE0DDA1B1}.Debug|ARM.Build.0 = Debug|Any CPU
		{CB2072E0-A437-4811-AE17-16CAE0DDA1B1}.Debug|ARM.Deploy.0 = Debug|Any CPU
		{CB2072E0-A437-4811-AE17-16CAE0DDA1B1}.Debug|iPhone.ActiveCfg = Debug|Any CPU
		{CB2072E0-A437-4811-AE17-16CAE0DDA1B1}.Debug|iPhone.Build.0 = Debug|Any CPU
		{CB2072E0-A437-4811-AE17-16CAE0DDA1B1}.Debug|iPhone.Deploy.0 = Debug|Any CPU
		{CB2072E0-A437-4811-AE17-16CAE0DDA1B1}.Debug|iPhoneSimulator.ActiveCfg = Debug|Any CPU
		{CB2072E0-A437-4811-AE17-16CAE0DDA1B1}.Debug|iPhoneSimulator.Build.0 = Debug|Any CPU
		{CB2072E0-A437-4811-AE17-16CAE0DDA1B1}.Debug|iPhoneSimulator.Deploy.0 = Debug|Any CPU
		{CB2072E0-A437-4811-AE17-16CAE0DDA1B1}.Debug|x64.ActiveCfg = Debug|Any CPU
		{CB2072E0-A437-4811-AE17-16CAE0DDA1B1}.Debug|x64.Build.0 = Debug|Any CPU
		{CB2072E0-A437-4811-AE17-16CAE0DDA1B1}.Debug|x64.Deploy.0 = Debug|Any CPU
		{CB2072E0-A437-4811-AE17-16CAE0DDA1B1}.Debug|x86.ActiveCfg = Debug|Any CPU
		{CB2072E0-A437-4811-AE17-16CAE0DDA1B1}.Debug|x86.Build.0 = Debug|Any CPU
		{CB2072E0-A437-4811-AE17-16CAE0DDA1B1}.Debug|x86.Deploy.0 = Debug|Any CPU
		{CB2072E0-A437-4811-AE17-16CAE0DDA1B1}.Release|Any CPU.ActiveCfg = Release|Any CPU
		{CB2072E0-A437-4811-AE17-16CAE0DDA1B1}.Release|Any CPU.Build.0 = Release|Any CPU
		{CB2072E0-A437-4811-AE17-16CAE0DDA1B1}.Release|Any CPU.Deploy.0 = Release|Any CPU
		{CB2072E0-A437-4811-AE17-16CAE0DDA1B1}.Release|ARM.ActiveCfg = Release|Any CPU
		{CB2072E0-A437-4811-AE17-16CAE0DDA1B1}.Release|ARM.Build.0 = Release|Any CPU
		{CB2072E0-A437-4811-AE17-16CAE0DDA1B1}.Release|ARM.Deploy.0 = Release|Any CPU
		{CB2072E0-A437-4811-AE17-16CAE0DDA1B1}.Release|iPhone.ActiveCfg = Release|Any CPU
		{CB2072E0-A437-4811-AE17-16CAE0DDA1B1}.Release|iPhone.Build.0 = Release|Any CPU
		{CB2072E0-A437-4811-AE17-16CAE0DDA1B1}.Release|iPhone.Deploy.0 = Release|Any CPU
		{CB2072E0-A437-4811-AE17-16CAE0DDA1B1}.Release|iPhoneSimulator.ActiveCfg = Release|Any CPU
		{CB2072E0-A437-4811-AE17-16CAE0DDA1B1}.Release|iPhoneSimulator.Build.0 = Release|Any CPU
		{CB2072E0-A437-4811-AE17-16CAE0DDA1B1}.Release|iPhoneSimulator.Deploy.0 = Release|Any CPU
		{CB2072E0-A437-4811-AE17-16CAE0DDA1B1}.Release|x64.ActiveCfg = Release|Any CPU
		{CB2072E0-A437-4811-AE17-16CAE0DDA1B1}.Release|x64.Build.0 = Release|Any CPU
		{CB2072E0-A437-4811-AE17-16CAE0DDA1B1}.Release|x64.Deploy.0 = Release|Any CPU
		{CB2072E0-A437-4811-AE17-16CAE0DDA1B1}.Release|x86.ActiveCfg = Release|Any CPU
		{CB2072E0-A437-4811-AE17-16CAE0DDA1B1}.Release|x86.Build.0 = Release|Any CPU
		{CB2072E0-A437-4811-AE17-16CAE0DDA1B1}.Release|x86.Deploy.0 = Release|Any CPU
		{EE8FC716-27FC-405B-BD27-AF17E01A6671}.Debug|Any CPU.ActiveCfg = Debug|iPhoneSimulator
		{EE8FC716-27FC-405B-BD27-AF17E01A6671}.Debug|Any CPU.Build.0 = Debug|iPhoneSimulator
		{EE8FC716-27FC-405B-BD27-AF17E01A6671}.Debug|ARM.ActiveCfg = Debug|iPhone
		{EE8FC716-27FC-405B-BD27-AF17E01A6671}.Debug|ARM.Build.0 = Debug|iPhone
		{EE8FC716-27FC-405B-BD27-AF17E01A6671}.Debug|iPhone.ActiveCfg = Debug|iPhone
		{EE8FC716-27FC-405B-BD27-AF17E01A6671}.Debug|iPhone.Build.0 = Debug|iPhone
		{EE8FC716-27FC-405B-BD27-AF17E01A6671}.Debug|iPhoneSimulator.ActiveCfg = Debug|iPhoneSimulator
		{EE8FC716-27FC-405B-BD27-AF17E01A6671}.Debug|iPhoneSimulator.Build.0 = Debug|iPhoneSimulator
		{EE8FC716-27FC-405B-BD27-AF17E01A6671}.Debug|x64.ActiveCfg = Debug|iPhoneSimulator
		{EE8FC716-27FC-405B-BD27-AF17E01A6671}.Debug|x64.Build.0 = Debug|iPhoneSimulator
		{EE8FC716-27FC-405B-BD27-AF17E01A6671}.Debug|x86.ActiveCfg = Debug|iPhoneSimulator
		{EE8FC716-27FC-405B-BD27-AF17E01A6671}.Debug|x86.Build.0 = Debug|iPhoneSimulator
		{EE8FC716-27FC-405B-BD27-AF17E01A6671}.Release|Any CPU.ActiveCfg = Release|iPhoneSimulator
		{EE8FC716-27FC-405B-BD27-AF17E01A6671}.Release|Any CPU.Build.0 = Release|iPhoneSimulator
		{EE8FC716-27FC-405B-BD27-AF17E01A6671}.Release|ARM.ActiveCfg = Release|iPhone
		{EE8FC716-27FC-405B-BD27-AF17E01A6671}.Release|ARM.Build.0 = Release|iPhone
		{EE8FC716-27FC-405B-BD27-AF17E01A6671}.Release|iPhone.ActiveCfg = Release|iPhone
		{EE8FC716-27FC-405B-BD27-AF17E01A6671}.Release|iPhone.Build.0 = Release|iPhone
		{EE8FC716-27FC-405B-BD27-AF17E01A6671}.Release|iPhoneSimulator.ActiveCfg = Release|iPhoneSimulator
		{EE8FC716-27FC-405B-BD27-AF17E01A6671}.Release|iPhoneSimulator.Build.0 = Release|iPhoneSimulator
		{EE8FC716-27FC-405B-BD27-AF17E01A6671}.Release|x64.ActiveCfg = Release|iPhoneSimulator
		{EE8FC716-27FC-405B-BD27-AF17E01A6671}.Release|x64.Build.0 = Release|iPhoneSimulator
		{EE8FC716-27FC-405B-BD27-AF17E01A6671}.Release|x86.ActiveCfg = Release|iPhoneSimulator
		{EE8FC716-27FC-405B-BD27-AF17E01A6671}.Release|x86.Build.0 = Release|iPhoneSimulator
		{4BD0D88F-7E7A-4C3B-9E34-BF3717A8FF4B}.Debug|Any CPU.ActiveCfg = Debug|x86
		{4BD0D88F-7E7A-4C3B-9E34-BF3717A8FF4B}.Debug|Any CPU.Build.0 = Debug|x86
		{4BD0D88F-7E7A-4C3B-9E34-BF3717A8FF4B}.Debug|Any CPU.Deploy.0 = Debug|x86
		{4BD0D88F-7E7A-4C3B-9E34-BF3717A8FF4B}.Debug|ARM.ActiveCfg = Debug|ARM
		{4BD0D88F-7E7A-4C3B-9E34-BF3717A8FF4B}.Debug|ARM.Build.0 = Debug|ARM
		{4BD0D88F-7E7A-4C3B-9E34-BF3717A8FF4B}.Debug|ARM.Deploy.0 = Debug|ARM
		{4BD0D88F-7E7A-4C3B-9E34-BF3717A8FF4B}.Debug|iPhone.ActiveCfg = Debug|ARM
		{4BD0D88F-7E7A-4C3B-9E34-BF3717A8FF4B}.Debug|iPhone.Build.0 = Debug|ARM
		{4BD0D88F-7E7A-4C3B-9E34-BF3717A8FF4B}.Debug|iPhone.Deploy.0 = Debug|ARM
		{4BD0D88F-7E7A-4C3B-9E34-BF3717A8FF4B}.Debug|iPhoneSimulator.ActiveCfg = Debug|x86
		{4BD0D88F-7E7A-4C3B-9E34-BF3717A8FF4B}.Debug|iPhoneSimulator.Build.0 = Debug|x86
		{4BD0D88F-7E7A-4C3B-9E34-BF3717A8FF4B}.Debug|iPhoneSimulator.Deploy.0 = Debug|x86
		{4BD0D88F-7E7A-4C3B-9E34-BF3717A8FF4B}.Debug|x64.ActiveCfg = Debug|x64
		{4BD0D88F-7E7A-4C3B-9E34-BF3717A8FF4B}.Debug|x64.Build.0 = Debug|x64
		{4BD0D88F-7E7A-4C3B-9E34-BF3717A8FF4B}.Debug|x64.Deploy.0 = Debug|x64
		{4BD0D88F-7E7A-4C3B-9E34-BF3717A8FF4B}.Debug|x86.ActiveCfg = Debug|x86
		{4BD0D88F-7E7A-4C3B-9E34-BF3717A8FF4B}.Debug|x86.Build.0 = Debug|x86
		{4BD0D88F-7E7A-4C3B-9E34-BF3717A8FF4B}.Debug|x86.Deploy.0 = Debug|x86
		{4BD0D88F-7E7A-4C3B-9E34-BF3717A8FF4B}.Release|Any CPU.ActiveCfg = Release|x86
		{4BD0D88F-7E7A-4C3B-9E34-BF3717A8FF4B}.Release|Any CPU.Build.0 = Release|x86
		{4BD0D88F-7E7A-4C3B-9E34-BF3717A8FF4B}.Release|Any CPU.Deploy.0 = Release|x86
		{4BD0D88F-7E7A-4C3B-9E34-BF3717A8FF4B}.Release|ARM.ActiveCfg = Release|ARM
		{4BD0D88F-7E7A-4C3B-9E34-BF3717A8FF4B}.Release|ARM.Build.0 = Release|ARM
		{4BD0D88F-7E7A-4C3B-9E34-BF3717A8FF4B}.Release|ARM.Deploy.0 = Release|ARM
		{4BD0D88F-7E7A-4C3B-9E34-BF3717A8FF4B}.Release|iPhone.ActiveCfg = Release|ARM
		{4BD0D88F-7E7A-4C3B-9E34-BF3717A8FF4B}.Release|iPhone.Build.0 = Release|ARM
		{4BD0D88F-7E7A-4C3B-9E34-BF3717A8FF4B}.Release|iPhone.Deploy.0 = Release|ARM
		{4BD0D88F-7E7A-4C3B-9E34-BF3717A8FF4B}.Release|iPhoneSimulator.ActiveCfg = Release|x86
		{4BD0D88F-7E7A-4C3B-9E34-BF3717A8FF4B}.Release|iPhoneSimulator.Build.0 = Release|x86
		{4BD0D88F-7E7A-4C3B-9E34-BF3717A8FF4B}.Release|iPhoneSimulator.Deploy.0 = Release|x86
		{4BD0D88F-7E7A-4C3B-9E34-BF3717A8FF4B}.Release|x64.ActiveCfg = Release|x64
		{4BD0D88F-7E7A-4C3B-9E34-BF3717A8FF4B}.Release|x64.Build.0 = Release|x64
		{4BD0D88F-7E7A-4C3B-9E34-BF3717A8FF4B}.Release|x64.Deploy.0 = Release|x64
		{4BD0D88F-7E7A-4C3B-9E34-BF3717A8FF4B}.Release|x86.ActiveCfg = Release|x86
		{4BD0D88F-7E7A-4C3B-9E34-BF3717A8FF4B}.Release|x86.Build.0 = Release|x86
		{4BD0D88F-7E7A-4C3B-9E34-BF3717A8FF4B}.Release|x86.Deploy.0 = Release|x86
		{4B1850CF-C568-4C16-8B42-3E9977DE5F56}.Debug|Any CPU.ActiveCfg = Debug|Any CPU
		{4B1850CF-C568-4C16-8B42-3E9977DE5F56}.Debug|Any CPU.Build.0 = Debug|Any CPU
		{4B1850CF-C568-4C16-8B42-3E9977DE5F56}.Debug|ARM.ActiveCfg = Debug|Any CPU
		{4B1850CF-C568-4C16-8B42-3E9977DE5F56}.Debug|ARM.Build.0 = Debug|Any CPU
		{4B1850CF-C568-4C16-8B42-3E9977DE5F56}.Debug|iPhone.ActiveCfg = Debug|Any CPU
		{4B1850CF-C568-4C16-8B42-3E9977DE5F56}.Debug|iPhone.Build.0 = Debug|Any CPU
		{4B1850CF-C568-4C16-8B42-3E9977DE5F56}.Debug|iPhoneSimulator.ActiveCfg = Debug|Any CPU
		{4B1850CF-C568-4C16-8B42-3E9977DE5F56}.Debug|iPhoneSimulator.Build.0 = Debug|Any CPU
		{4B1850CF-C568-4C16-8B42-3E9977DE5F56}.Debug|x64.ActiveCfg = Debug|Any CPU
		{4B1850CF-C568-4C16-8B42-3E9977DE5F56}.Debug|x64.Build.0 = Debug|Any CPU
		{4B1850CF-C568-4C16-8B42-3E9977DE5F56}.Debug|x86.ActiveCfg = Debug|Any CPU
		{4B1850CF-C568-4C16-8B42-3E9977DE5F56}.Debug|x86.Build.0 = Debug|Any CPU
		{4B1850CF-C568-4C16-8B42-3E9977DE5F56}.Release|Any CPU.ActiveCfg = Release|Any CPU
		{4B1850CF-C568-4C16-8B42-3E9977DE5F56}.Release|Any CPU.Build.0 = Release|Any CPU
		{4B1850CF-C568-4C16-8B42-3E9977DE5F56}.Release|ARM.ActiveCfg = Release|Any CPU
		{4B1850CF-C568-4C16-8B42-3E9977DE5F56}.Release|ARM.Build.0 = Release|Any CPU
		{4B1850CF-C568-4C16-8B42-3E9977DE5F56}.Release|iPhone.ActiveCfg = Release|Any CPU
		{4B1850CF-C568-4C16-8B42-3E9977DE5F56}.Release|iPhone.Build.0 = Release|Any CPU
		{4B1850CF-C568-4C16-8B42-3E9977DE5F56}.Release|iPhoneSimulator.ActiveCfg = Release|Any CPU
		{4B1850CF-C568-4C16-8B42-3E9977DE5F56}.Release|iPhoneSimulator.Build.0 = Release|Any CPU
		{4B1850CF-C568-4C16-8B42-3E9977DE5F56}.Release|x64.ActiveCfg = Release|Any CPU
		{4B1850CF-C568-4C16-8B42-3E9977DE5F56}.Release|x64.Build.0 = Release|Any CPU
		{4B1850CF-C568-4C16-8B42-3E9977DE5F56}.Release|x86.ActiveCfg = Release|Any CPU
		{4B1850CF-C568-4C16-8B42-3E9977DE5F56}.Release|x86.Build.0 = Release|Any CPU
	EndGlobalSection
	GlobalSection(SolutionProperties) = preSolution
		HideSolutionNode = FALSE
	EndGlobalSection
	GlobalSection(NestedProjects) = preSolution
		{77C2F93D-6EB7-49F7-A74A-C80499EC206A} = {A14D061F-382D-4609-A3B0-E1D0BF7AB6AC}
		{2550ED91-8AE1-4E9A-A964-C11515C8FA28} = {706C0487-6930-4E55-8720-C17D9FE6CA91}
		{C1CD30D3-52CA-4F8E-8499-BE88567CA2F8} = {706C0487-6930-4E55-8720-C17D9FE6CA91}
		{E2571C97-C048-4F91-8BB3-546CF7410C4C} = {706C0487-6930-4E55-8720-C17D9FE6CA91}
		{A0798FC9-AB9D-4CCA-AF44-71B7A4691D5A} = {706C0487-6930-4E55-8720-C17D9FE6CA91}
		{EA9AC363-45BC-4959-BD17-FE3A1B724529} = {A14D061F-382D-4609-A3B0-E1D0BF7AB6AC}
		{BE0DE9A3-D92C-47C5-9EC4-DFB546BBDF77} = {EA9AC363-45BC-4959-BD17-FE3A1B724529}
		{CB2072E0-A437-4811-AE17-16CAE0DDA1B1} = {EA9AC363-45BC-4959-BD17-FE3A1B724529}
		{EE8FC716-27FC-405B-BD27-AF17E01A6671} = {EA9AC363-45BC-4959-BD17-FE3A1B724529}
		{4BD0D88F-7E7A-4C3B-9E34-BF3717A8FF4B} = {EA9AC363-45BC-4959-BD17-FE3A1B724529}
		{4B1850CF-C568-4C16-8B42-3E9977DE5F56} = {706C0487-6930-4E55-8720-C17D9FE6CA91}
	EndGlobalSection
	GlobalSection(ExtensibilityGlobals) = postSolution
		SolutionGuid = {105B0052-C7EA-44D0-8697-37A45E1392AF}
	EndGlobalSection
EndGlobal
