
Microsoft Visual Studio Solution File, Format Version 12.00
# Visual Studio Version 16
VisualStudioVersion = 16.0.30503.244
MinimumVisualStudioVersion = 10.0.40219.1
Project("{2150E333-8FDC-42A3-9474-1A3956D46DE8}") = "Xamarin.Forms", "Xamarin.Forms", "{9AD757F5-E57A-459D-A0A7-E0675E045B84}"
EndProject
Project("{2150E333-8FDC-42A3-9474-1A3956D46DE8}") = "Platform.Renderers", "Platform.Renderers", "{29AC50BF-B4FB-450B-9386-0C5AD4B84226}"
EndProject
Project("{9A19103F-16F7-4668-BE54-9A1E7A4F7556}") = "Xamarin.Forms.Platform.Android", "Xamarin.Forms.Platform.Android\Xamarin.Forms.Platform.Android.csproj", "{0E16E70A-D6DD-4323-AD5D-363ABFF42D6A}"
EndProject
Project("{2150E333-8FDC-42A3-9474-1A3956D46DE8}") = ".nuspec", ".nuspec", "{7E12C50D-A570-4DF1-94E1-8599843FA87C}"
	ProjectSection(SolutionItems) = preProject
		.nuspec\proguard.cfg = .nuspec\proguard.cfg
		.nuspec\Xamarin.Forms.AppLinks.nuspec = .nuspec\Xamarin.Forms.AppLinks.nuspec
		.nuspec\Xamarin.Forms.Debug.targets = .nuspec\Xamarin.Forms.Debug.targets
		.nuspec\Xamarin.Forms.DefaultItems.props = .nuspec\Xamarin.Forms.DefaultItems.props
		.nuspec\Xamarin.Forms.DefaultItems.targets = .nuspec\Xamarin.Forms.DefaultItems.targets
		.nuspec\Xamarin.Forms.DualScreen.nuspec = .nuspec\Xamarin.Forms.DualScreen.nuspec
		.nuspec\Xamarin.Forms.Maps.GTK.nuspec = .nuspec\Xamarin.Forms.Maps.GTK.nuspec
		.nuspec\Xamarin.Forms.Maps.nuspec = .nuspec\Xamarin.Forms.Maps.nuspec
		.nuspec\Xamarin.Forms.Maps.WPF.nuspec = .nuspec\Xamarin.Forms.Maps.WPF.nuspec
		.nuspec\Xamarin.Forms.MultiTargeting.targets = .nuspec\Xamarin.Forms.MultiTargeting.targets
		.nuspec\Xamarin.Forms.nuspec = .nuspec\Xamarin.Forms.nuspec
		.nuspec\Xamarin.Forms.Platform.GTK.nuspec = .nuspec\Xamarin.Forms.Platform.GTK.nuspec
		.nuspec\Xamarin.Forms.Platform.WPF.nuspec = .nuspec\Xamarin.Forms.Platform.WPF.nuspec
		.nuspec\Xamarin.Forms.props = .nuspec\Xamarin.Forms.props
		.nuspec\Xamarin.Forms.targets = .nuspec\Xamarin.Forms.targets
		.nuspec\Xamarin.Forms.Visual.Material.nuspec = .nuspec\Xamarin.Forms.Visual.Material.nuspec
		.nuspec\Xamarin.Forms.Visual.Material.targets = .nuspec\Xamarin.Forms.Visual.Material.targets
	EndProjectSection
EndProject
Project("{9A19103F-16F7-4668-BE54-9A1E7A4F7556}") = "Xamarin.Forms.Core", "Xamarin.Forms.Core\Xamarin.Forms.Core.csproj", "{57B8B73D-C3B5-4C42-869E-7B2F17D354AC}"
EndProject
Project("{2150E333-8FDC-42A3-9474-1A3956D46DE8}") = "Forwarders", "Forwarders", "{5A2DADBC-9510-4DD1-BE58-01501F2DF65D}"
EndProject
Project("{9A19103F-16F7-4668-BE54-9A1E7A4F7556}") = "Xamarin.Forms.Platform", "Xamarin.Forms.Platform\Xamarin.Forms.Platform.csproj", "{D31A6537-ED9C-4EBD-B231-A8D4FE44126A}"
EndProject
Project("{2150E333-8FDC-42A3-9474-1A3956D46DE8}") = "Platform.Handlers", "Platform.Handlers", "{31721EFD-3238-462B-B501-41F3D2B50E92}"
EndProject
Project("{2150E333-8FDC-42A3-9474-1A3956D46DE8}") = "Forms", "Forms", "{97FA536A-675D-41C7-A90E-97E2F79D1AE2}"
EndProject
Project("{2150E333-8FDC-42A3-9474-1A3956D46DE8}") = "src", "src", "{423C21C8-84CB-4A3C-BEB9-1C23D752D90F}"
EndProject
Project("{2150E333-8FDC-42A3-9474-1A3956D46DE8}") = "test", "test", "{2ACC7FFA-238F-44FD-93CB-4D9B17D8C4BA}"
EndProject
Project("{2150E333-8FDC-42A3-9474-1A3956D46DE8}") = "samples", "samples", "{F69A2922-9D5F-4046-8354-8DA6CF45502B}"
EndProject
Project("{9A19103F-16F7-4668-BE54-9A1E7A4F7556}") = "Xamarin.Platform.Handlers", "src\Platform.Handlers\src\Xamarin.Platform.Handlers\Xamarin.Platform.Handlers.csproj", "{29913989-0F70-48D8-8EDE-B1DD217F21D1}"
EndProject
Project("{9A19103F-16F7-4668-BE54-9A1E7A4F7556}") = "Sample", "src\Platform.Handlers\samples\Sample\Sample.csproj", "{28164E00-92FB-4EEE-927C-D0CF672A004D}"
EndProject
Project("{FAE04EC0-301F-11D3-BF4B-00C04F79EFBC}") = "Sample.Droid", "src\Platform.Handlers\samples\Sample.Droid\Sample.Droid.csproj", "{244483A1-4181-47C6-AE0E-04C35A3BACF7}"
EndProject
Project("{FAE04EC0-301F-11D3-BF4B-00C04F79EFBC}") = "Xamarin.Forms.Platform.Android.FormsViewGroup", "Xamarin.Forms.Platform.Android.FormsViewGroup\Xamarin.Forms.Platform.Android.FormsViewGroup.csproj", "{3B72465B-ACAE-43AE-9327-10F372FE5F80}"
EndProject
Project("{FAE04EC0-301F-11D3-BF4B-00C04F79EFBC}") = "Sample.iOS", "src\Platform.Handlers\samples\Sample.iOS\Sample.iOS.csproj", "{0E63E501-2348-41D1-8B56-2B66346AA34A}"
EndProject
Project("{9A19103F-16F7-4668-BE54-9A1E7A4F7556}") = "Xamarin.Forms.Platform.Android (Forwarders)", "Stubs\Xamarin.Forms.Platform.Android\Xamarin.Forms.Platform.Android (Forwarders).csproj", "{94C3F82C-A507-465C-B49D-FC735ADD2E43}"
EndProject
Project("{FAE04EC0-301F-11D3-BF4B-00C04F79EFBC}") = "Xamarin.Forms.Platform.iOS", "Xamarin.Forms.Platform.iOS\Xamarin.Forms.Platform.iOS.csproj", "{271193C1-6E7C-429C-A36D-3F1BE5267231}"
EndProject
Project("{2150E333-8FDC-42A3-9474-1A3956D46DE8}") = "src", "src", "{D5B986A3-7FC9-437E-8030-349AA4698DFD}"
EndProject
Project("{2150E333-8FDC-42A3-9474-1A3956D46DE8}") = "test", "test", "{75A2CD30-BB85-4CA6-AC95-86A8A538A690}"
EndProject
Project("{FAE04EC0-301F-11D3-BF4B-00C04F79EFBC}") = "Xamarin.Forms.Core.UnitTests", "Xamarin.Forms.Core.UnitTests\Xamarin.Forms.Core.UnitTests.csproj", "{00259593-A283-47A5-ACB7-9C3819B16364}"
EndProject
Project("{9A19103F-16F7-4668-BE54-9A1E7A4F7556}") = "Xamarin.Forms.Xaml", "Xamarin.Forms.Xaml\Xamarin.Forms.Xaml.csproj", "{BB98A559-62C4-4C98-90A0-9E4D8DF1CA27}"
EndProject
Project("{9A19103F-16F7-4668-BE54-9A1E7A4F7556}") = "Xamarin.Forms.Maps", "Xamarin.Forms.Maps\Xamarin.Forms.Maps.csproj", "{F137FAC5-3385-4B19-988B-4A14ED84CCC6}"
EndProject
Project("{9A19103F-16F7-4668-BE54-9A1E7A4F7556}") = "Xamarin.Forms.Build.Tasks", "Xamarin.Forms.Build.Tasks\Xamarin.Forms.Build.Tasks.csproj", "{C328C538-B69F-43D2-80EE-3C1EB8254CBA}"
EndProject
Project("{9A19103F-16F7-4668-BE54-9A1E7A4F7556}") = "Xamarin.Platform.Handlers.UnitTests", "src\Platform.Handlers\tests\Xamarin.Platform.Handlers.UnitTests\Xamarin.Platform.Handlers.UnitTests.csproj", "{1524004D-5BE8-4834-9F52-DCBE3F7F2333}"
EndProject
Global
	GlobalSection(SolutionConfigurationPlatforms) = preSolution
		Debug|Any CPU = Debug|Any CPU
		Debug|ARM = Debug|ARM
		Debug|ARM64 = Debug|ARM64
		Debug|iPhone = Debug|iPhone
		Debug|iPhoneSimulator = Debug|iPhoneSimulator
		Debug|x64 = Debug|x64
		Debug|x86 = Debug|x86
		Release|Any CPU = Release|Any CPU
		Release|ARM = Release|ARM
		Release|ARM64 = Release|ARM64
		Release|iPhone = Release|iPhone
		Release|iPhoneSimulator = Release|iPhoneSimulator
		Release|x64 = Release|x64
		Release|x86 = Release|x86
	EndGlobalSection
	GlobalSection(ProjectConfigurationPlatforms) = postSolution
		{0E16E70A-D6DD-4323-AD5D-363ABFF42D6A}.Debug|Any CPU.ActiveCfg = Debug|Any CPU
		{0E16E70A-D6DD-4323-AD5D-363ABFF42D6A}.Debug|Any CPU.Build.0 = Debug|Any CPU
		{0E16E70A-D6DD-4323-AD5D-363ABFF42D6A}.Debug|ARM.ActiveCfg = Debug|Any CPU
		{0E16E70A-D6DD-4323-AD5D-363ABFF42D6A}.Debug|ARM.Build.0 = Debug|Any CPU
		{0E16E70A-D6DD-4323-AD5D-363ABFF42D6A}.Debug|ARM64.ActiveCfg = Debug|Any CPU
		{0E16E70A-D6DD-4323-AD5D-363ABFF42D6A}.Debug|ARM64.Build.0 = Debug|Any CPU
		{0E16E70A-D6DD-4323-AD5D-363ABFF42D6A}.Debug|iPhone.ActiveCfg = Debug|Any CPU
		{0E16E70A-D6DD-4323-AD5D-363ABFF42D6A}.Debug|iPhone.Build.0 = Debug|Any CPU
		{0E16E70A-D6DD-4323-AD5D-363ABFF42D6A}.Debug|iPhoneSimulator.ActiveCfg = Debug|Any CPU
		{0E16E70A-D6DD-4323-AD5D-363ABFF42D6A}.Debug|iPhoneSimulator.Build.0 = Debug|Any CPU
		{0E16E70A-D6DD-4323-AD5D-363ABFF42D6A}.Debug|x64.ActiveCfg = Debug|Any CPU
		{0E16E70A-D6DD-4323-AD5D-363ABFF42D6A}.Debug|x64.Build.0 = Debug|Any CPU
		{0E16E70A-D6DD-4323-AD5D-363ABFF42D6A}.Debug|x86.ActiveCfg = Debug|Any CPU
		{0E16E70A-D6DD-4323-AD5D-363ABFF42D6A}.Debug|x86.Build.0 = Debug|Any CPU
		{0E16E70A-D6DD-4323-AD5D-363ABFF42D6A}.Release|Any CPU.ActiveCfg = Release|Any CPU
		{0E16E70A-D6DD-4323-AD5D-363ABFF42D6A}.Release|Any CPU.Build.0 = Release|Any CPU
		{0E16E70A-D6DD-4323-AD5D-363ABFF42D6A}.Release|ARM.ActiveCfg = Release|Any CPU
		{0E16E70A-D6DD-4323-AD5D-363ABFF42D6A}.Release|ARM.Build.0 = Release|Any CPU
		{0E16E70A-D6DD-4323-AD5D-363ABFF42D6A}.Release|ARM64.ActiveCfg = Release|Any CPU
		{0E16E70A-D6DD-4323-AD5D-363ABFF42D6A}.Release|ARM64.Build.0 = Release|Any CPU
		{0E16E70A-D6DD-4323-AD5D-363ABFF42D6A}.Release|iPhone.ActiveCfg = Release|Any CPU
		{0E16E70A-D6DD-4323-AD5D-363ABFF42D6A}.Release|iPhone.Build.0 = Release|Any CPU
		{0E16E70A-D6DD-4323-AD5D-363ABFF42D6A}.Release|iPhoneSimulator.ActiveCfg = Release|Any CPU
		{0E16E70A-D6DD-4323-AD5D-363ABFF42D6A}.Release|iPhoneSimulator.Build.0 = Release|Any CPU
		{0E16E70A-D6DD-4323-AD5D-363ABFF42D6A}.Release|x64.ActiveCfg = Release|Any CPU
		{0E16E70A-D6DD-4323-AD5D-363ABFF42D6A}.Release|x64.Build.0 = Release|Any CPU
		{0E16E70A-D6DD-4323-AD5D-363ABFF42D6A}.Release|x86.ActiveCfg = Release|Any CPU
		{0E16E70A-D6DD-4323-AD5D-363ABFF42D6A}.Release|x86.Build.0 = Release|Any CPU
		{57B8B73D-C3B5-4C42-869E-7B2F17D354AC}.Debug|Any CPU.ActiveCfg = Debug|Any CPU
		{57B8B73D-C3B5-4C42-869E-7B2F17D354AC}.Debug|Any CPU.Build.0 = Debug|Any CPU
		{57B8B73D-C3B5-4C42-869E-7B2F17D354AC}.Debug|ARM.ActiveCfg = Debug|Any CPU
		{57B8B73D-C3B5-4C42-869E-7B2F17D354AC}.Debug|ARM.Build.0 = Debug|Any CPU
		{57B8B73D-C3B5-4C42-869E-7B2F17D354AC}.Debug|ARM64.ActiveCfg = Debug|Any CPU
		{57B8B73D-C3B5-4C42-869E-7B2F17D354AC}.Debug|ARM64.Build.0 = Debug|Any CPU
		{57B8B73D-C3B5-4C42-869E-7B2F17D354AC}.Debug|iPhone.ActiveCfg = Debug|Any CPU
		{57B8B73D-C3B5-4C42-869E-7B2F17D354AC}.Debug|iPhone.Build.0 = Debug|Any CPU
		{57B8B73D-C3B5-4C42-869E-7B2F17D354AC}.Debug|iPhoneSimulator.ActiveCfg = Debug|Any CPU
		{57B8B73D-C3B5-4C42-869E-7B2F17D354AC}.Debug|iPhoneSimulator.Build.0 = Debug|Any CPU
		{57B8B73D-C3B5-4C42-869E-7B2F17D354AC}.Debug|x64.ActiveCfg = Debug|Any CPU
		{57B8B73D-C3B5-4C42-869E-7B2F17D354AC}.Debug|x64.Build.0 = Debug|Any CPU
		{57B8B73D-C3B5-4C42-869E-7B2F17D354AC}.Debug|x86.ActiveCfg = Debug|Any CPU
		{57B8B73D-C3B5-4C42-869E-7B2F17D354AC}.Debug|x86.Build.0 = Debug|Any CPU
		{57B8B73D-C3B5-4C42-869E-7B2F17D354AC}.Release|Any CPU.ActiveCfg = Release|Any CPU
		{57B8B73D-C3B5-4C42-869E-7B2F17D354AC}.Release|Any CPU.Build.0 = Release|Any CPU
		{57B8B73D-C3B5-4C42-869E-7B2F17D354AC}.Release|ARM.ActiveCfg = Release|Any CPU
		{57B8B73D-C3B5-4C42-869E-7B2F17D354AC}.Release|ARM.Build.0 = Release|Any CPU
		{57B8B73D-C3B5-4C42-869E-7B2F17D354AC}.Release|ARM64.ActiveCfg = Release|Any CPU
		{57B8B73D-C3B5-4C42-869E-7B2F17D354AC}.Release|ARM64.Build.0 = Release|Any CPU
		{57B8B73D-C3B5-4C42-869E-7B2F17D354AC}.Release|iPhone.ActiveCfg = Release|Any CPU
		{57B8B73D-C3B5-4C42-869E-7B2F17D354AC}.Release|iPhone.Build.0 = Release|Any CPU
		{57B8B73D-C3B5-4C42-869E-7B2F17D354AC}.Release|iPhoneSimulator.ActiveCfg = Release|Any CPU
		{57B8B73D-C3B5-4C42-869E-7B2F17D354AC}.Release|iPhoneSimulator.Build.0 = Release|Any CPU
		{57B8B73D-C3B5-4C42-869E-7B2F17D354AC}.Release|x64.ActiveCfg = Release|Any CPU
		{57B8B73D-C3B5-4C42-869E-7B2F17D354AC}.Release|x64.Build.0 = Release|Any CPU
		{57B8B73D-C3B5-4C42-869E-7B2F17D354AC}.Release|x86.ActiveCfg = Release|Any CPU
		{57B8B73D-C3B5-4C42-869E-7B2F17D354AC}.Release|x86.Build.0 = Release|Any CPU
		{D31A6537-ED9C-4EBD-B231-A8D4FE44126A}.Debug|Any CPU.ActiveCfg = Debug|Any CPU
		{D31A6537-ED9C-4EBD-B231-A8D4FE44126A}.Debug|Any CPU.Build.0 = Debug|Any CPU
		{D31A6537-ED9C-4EBD-B231-A8D4FE44126A}.Debug|ARM.ActiveCfg = Debug|Any CPU
		{D31A6537-ED9C-4EBD-B231-A8D4FE44126A}.Debug|ARM.Build.0 = Debug|Any CPU
		{D31A6537-ED9C-4EBD-B231-A8D4FE44126A}.Debug|ARM64.ActiveCfg = Debug|Any CPU
		{D31A6537-ED9C-4EBD-B231-A8D4FE44126A}.Debug|ARM64.Build.0 = Debug|Any CPU
		{D31A6537-ED9C-4EBD-B231-A8D4FE44126A}.Debug|iPhone.ActiveCfg = Debug|Any CPU
		{D31A6537-ED9C-4EBD-B231-A8D4FE44126A}.Debug|iPhone.Build.0 = Debug|Any CPU
		{D31A6537-ED9C-4EBD-B231-A8D4FE44126A}.Debug|iPhoneSimulator.ActiveCfg = Debug|Any CPU
		{D31A6537-ED9C-4EBD-B231-A8D4FE44126A}.Debug|iPhoneSimulator.Build.0 = Debug|Any CPU
		{D31A6537-ED9C-4EBD-B231-A8D4FE44126A}.Debug|x64.ActiveCfg = Debug|Any CPU
		{D31A6537-ED9C-4EBD-B231-A8D4FE44126A}.Debug|x64.Build.0 = Debug|Any CPU
		{D31A6537-ED9C-4EBD-B231-A8D4FE44126A}.Debug|x86.ActiveCfg = Debug|Any CPU
		{D31A6537-ED9C-4EBD-B231-A8D4FE44126A}.Debug|x86.Build.0 = Debug|Any CPU
		{D31A6537-ED9C-4EBD-B231-A8D4FE44126A}.Release|Any CPU.ActiveCfg = Release|Any CPU
		{D31A6537-ED9C-4EBD-B231-A8D4FE44126A}.Release|Any CPU.Build.0 = Release|Any CPU
		{D31A6537-ED9C-4EBD-B231-A8D4FE44126A}.Release|ARM.ActiveCfg = Release|Any CPU
		{D31A6537-ED9C-4EBD-B231-A8D4FE44126A}.Release|ARM.Build.0 = Release|Any CPU
		{D31A6537-ED9C-4EBD-B231-A8D4FE44126A}.Release|ARM64.ActiveCfg = Release|Any CPU
		{D31A6537-ED9C-4EBD-B231-A8D4FE44126A}.Release|ARM64.Build.0 = Release|Any CPU
		{D31A6537-ED9C-4EBD-B231-A8D4FE44126A}.Release|iPhone.ActiveCfg = Release|Any CPU
		{D31A6537-ED9C-4EBD-B231-A8D4FE44126A}.Release|iPhone.Build.0 = Release|Any CPU
		{D31A6537-ED9C-4EBD-B231-A8D4FE44126A}.Release|iPhoneSimulator.ActiveCfg = Release|Any CPU
		{D31A6537-ED9C-4EBD-B231-A8D4FE44126A}.Release|iPhoneSimulator.Build.0 = Release|Any CPU
		{D31A6537-ED9C-4EBD-B231-A8D4FE44126A}.Release|x64.ActiveCfg = Release|Any CPU
		{D31A6537-ED9C-4EBD-B231-A8D4FE44126A}.Release|x64.Build.0 = Release|Any CPU
		{D31A6537-ED9C-4EBD-B231-A8D4FE44126A}.Release|x86.ActiveCfg = Release|Any CPU
		{D31A6537-ED9C-4EBD-B231-A8D4FE44126A}.Release|x86.Build.0 = Release|Any CPU
		{29913989-0F70-48D8-8EDE-B1DD217F21D1}.Debug|Any CPU.ActiveCfg = Debug|Any CPU
		{29913989-0F70-48D8-8EDE-B1DD217F21D1}.Debug|Any CPU.Build.0 = Debug|Any CPU
		{29913989-0F70-48D8-8EDE-B1DD217F21D1}.Debug|ARM.ActiveCfg = Debug|Any CPU
		{29913989-0F70-48D8-8EDE-B1DD217F21D1}.Debug|ARM.Build.0 = Debug|Any CPU
		{29913989-0F70-48D8-8EDE-B1DD217F21D1}.Debug|ARM64.ActiveCfg = Debug|Any CPU
		{29913989-0F70-48D8-8EDE-B1DD217F21D1}.Debug|ARM64.Build.0 = Debug|Any CPU
		{29913989-0F70-48D8-8EDE-B1DD217F21D1}.Debug|iPhone.ActiveCfg = Debug|Any CPU
		{29913989-0F70-48D8-8EDE-B1DD217F21D1}.Debug|iPhone.Build.0 = Debug|Any CPU
		{29913989-0F70-48D8-8EDE-B1DD217F21D1}.Debug|iPhoneSimulator.ActiveCfg = Debug|Any CPU
		{29913989-0F70-48D8-8EDE-B1DD217F21D1}.Debug|iPhoneSimulator.Build.0 = Debug|Any CPU
		{29913989-0F70-48D8-8EDE-B1DD217F21D1}.Debug|x64.ActiveCfg = Debug|Any CPU
		{29913989-0F70-48D8-8EDE-B1DD217F21D1}.Debug|x64.Build.0 = Debug|Any CPU
		{29913989-0F70-48D8-8EDE-B1DD217F21D1}.Debug|x86.ActiveCfg = Debug|Any CPU
		{29913989-0F70-48D8-8EDE-B1DD217F21D1}.Debug|x86.Build.0 = Debug|Any CPU
		{29913989-0F70-48D8-8EDE-B1DD217F21D1}.Release|Any CPU.ActiveCfg = Release|Any CPU
		{29913989-0F70-48D8-8EDE-B1DD217F21D1}.Release|Any CPU.Build.0 = Release|Any CPU
		{29913989-0F70-48D8-8EDE-B1DD217F21D1}.Release|ARM.ActiveCfg = Release|Any CPU
		{29913989-0F70-48D8-8EDE-B1DD217F21D1}.Release|ARM.Build.0 = Release|Any CPU
		{29913989-0F70-48D8-8EDE-B1DD217F21D1}.Release|ARM64.ActiveCfg = Release|Any CPU
		{29913989-0F70-48D8-8EDE-B1DD217F21D1}.Release|ARM64.Build.0 = Release|Any CPU
		{29913989-0F70-48D8-8EDE-B1DD217F21D1}.Release|iPhone.ActiveCfg = Release|Any CPU
		{29913989-0F70-48D8-8EDE-B1DD217F21D1}.Release|iPhone.Build.0 = Release|Any CPU
		{29913989-0F70-48D8-8EDE-B1DD217F21D1}.Release|iPhoneSimulator.ActiveCfg = Release|Any CPU
		{29913989-0F70-48D8-8EDE-B1DD217F21D1}.Release|iPhoneSimulator.Build.0 = Release|Any CPU
		{29913989-0F70-48D8-8EDE-B1DD217F21D1}.Release|x64.ActiveCfg = Release|Any CPU
		{29913989-0F70-48D8-8EDE-B1DD217F21D1}.Release|x64.Build.0 = Release|Any CPU
		{29913989-0F70-48D8-8EDE-B1DD217F21D1}.Release|x86.ActiveCfg = Release|Any CPU
		{29913989-0F70-48D8-8EDE-B1DD217F21D1}.Release|x86.Build.0 = Release|Any CPU
		{28164E00-92FB-4EEE-927C-D0CF672A004D}.Debug|Any CPU.ActiveCfg = Debug|Any CPU
		{28164E00-92FB-4EEE-927C-D0CF672A004D}.Debug|Any CPU.Build.0 = Debug|Any CPU
		{28164E00-92FB-4EEE-927C-D0CF672A004D}.Debug|ARM.ActiveCfg = Debug|Any CPU
		{28164E00-92FB-4EEE-927C-D0CF672A004D}.Debug|ARM.Build.0 = Debug|Any CPU
		{28164E00-92FB-4EEE-927C-D0CF672A004D}.Debug|ARM64.ActiveCfg = Debug|Any CPU
		{28164E00-92FB-4EEE-927C-D0CF672A004D}.Debug|ARM64.Build.0 = Debug|Any CPU
		{28164E00-92FB-4EEE-927C-D0CF672A004D}.Debug|iPhone.ActiveCfg = Debug|Any CPU
		{28164E00-92FB-4EEE-927C-D0CF672A004D}.Debug|iPhone.Build.0 = Debug|Any CPU
		{28164E00-92FB-4EEE-927C-D0CF672A004D}.Debug|iPhoneSimulator.ActiveCfg = Debug|Any CPU
		{28164E00-92FB-4EEE-927C-D0CF672A004D}.Debug|iPhoneSimulator.Build.0 = Debug|Any CPU
		{28164E00-92FB-4EEE-927C-D0CF672A004D}.Debug|x64.ActiveCfg = Debug|Any CPU
		{28164E00-92FB-4EEE-927C-D0CF672A004D}.Debug|x64.Build.0 = Debug|Any CPU
		{28164E00-92FB-4EEE-927C-D0CF672A004D}.Debug|x86.ActiveCfg = Debug|Any CPU
		{28164E00-92FB-4EEE-927C-D0CF672A004D}.Debug|x86.Build.0 = Debug|Any CPU
		{28164E00-92FB-4EEE-927C-D0CF672A004D}.Release|Any CPU.ActiveCfg = Release|Any CPU
		{28164E00-92FB-4EEE-927C-D0CF672A004D}.Release|Any CPU.Build.0 = Release|Any CPU
		{28164E00-92FB-4EEE-927C-D0CF672A004D}.Release|ARM.ActiveCfg = Release|Any CPU
		{28164E00-92FB-4EEE-927C-D0CF672A004D}.Release|ARM.Build.0 = Release|Any CPU
		{28164E00-92FB-4EEE-927C-D0CF672A004D}.Release|ARM64.ActiveCfg = Release|Any CPU
		{28164E00-92FB-4EEE-927C-D0CF672A004D}.Release|ARM64.Build.0 = Release|Any CPU
		{28164E00-92FB-4EEE-927C-D0CF672A004D}.Release|iPhone.ActiveCfg = Release|Any CPU
		{28164E00-92FB-4EEE-927C-D0CF672A004D}.Release|iPhone.Build.0 = Release|Any CPU
		{28164E00-92FB-4EEE-927C-D0CF672A004D}.Release|iPhoneSimulator.ActiveCfg = Release|Any CPU
		{28164E00-92FB-4EEE-927C-D0CF672A004D}.Release|iPhoneSimulator.Build.0 = Release|Any CPU
		{28164E00-92FB-4EEE-927C-D0CF672A004D}.Release|x64.ActiveCfg = Release|Any CPU
		{28164E00-92FB-4EEE-927C-D0CF672A004D}.Release|x64.Build.0 = Release|Any CPU
		{28164E00-92FB-4EEE-927C-D0CF672A004D}.Release|x86.ActiveCfg = Release|Any CPU
		{28164E00-92FB-4EEE-927C-D0CF672A004D}.Release|x86.Build.0 = Release|Any CPU
		{244483A1-4181-47C6-AE0E-04C35A3BACF7}.Debug|Any CPU.ActiveCfg = Debug|Any CPU
		{244483A1-4181-47C6-AE0E-04C35A3BACF7}.Debug|Any CPU.Build.0 = Debug|Any CPU
		{244483A1-4181-47C6-AE0E-04C35A3BACF7}.Debug|Any CPU.Deploy.0 = Debug|Any CPU
		{244483A1-4181-47C6-AE0E-04C35A3BACF7}.Debug|ARM.ActiveCfg = Debug|Any CPU
		{244483A1-4181-47C6-AE0E-04C35A3BACF7}.Debug|ARM.Build.0 = Debug|Any CPU
		{244483A1-4181-47C6-AE0E-04C35A3BACF7}.Debug|ARM.Deploy.0 = Debug|Any CPU
		{244483A1-4181-47C6-AE0E-04C35A3BACF7}.Debug|ARM64.ActiveCfg = Debug|Any CPU
		{244483A1-4181-47C6-AE0E-04C35A3BACF7}.Debug|ARM64.Build.0 = Debug|Any CPU
		{244483A1-4181-47C6-AE0E-04C35A3BACF7}.Debug|ARM64.Deploy.0 = Debug|Any CPU
		{244483A1-4181-47C6-AE0E-04C35A3BACF7}.Debug|iPhone.ActiveCfg = Debug|Any CPU
		{244483A1-4181-47C6-AE0E-04C35A3BACF7}.Debug|iPhone.Build.0 = Debug|Any CPU
		{244483A1-4181-47C6-AE0E-04C35A3BACF7}.Debug|iPhone.Deploy.0 = Debug|Any CPU
		{244483A1-4181-47C6-AE0E-04C35A3BACF7}.Debug|iPhoneSimulator.ActiveCfg = Debug|Any CPU
		{244483A1-4181-47C6-AE0E-04C35A3BACF7}.Debug|iPhoneSimulator.Build.0 = Debug|Any CPU
		{244483A1-4181-47C6-AE0E-04C35A3BACF7}.Debug|iPhoneSimulator.Deploy.0 = Debug|Any CPU
		{244483A1-4181-47C6-AE0E-04C35A3BACF7}.Debug|x64.ActiveCfg = Debug|Any CPU
		{244483A1-4181-47C6-AE0E-04C35A3BACF7}.Debug|x64.Build.0 = Debug|Any CPU
		{244483A1-4181-47C6-AE0E-04C35A3BACF7}.Debug|x64.Deploy.0 = Debug|Any CPU
		{244483A1-4181-47C6-AE0E-04C35A3BACF7}.Debug|x86.ActiveCfg = Debug|Any CPU
		{244483A1-4181-47C6-AE0E-04C35A3BACF7}.Debug|x86.Build.0 = Debug|Any CPU
		{244483A1-4181-47C6-AE0E-04C35A3BACF7}.Debug|x86.Deploy.0 = Debug|Any CPU
		{244483A1-4181-47C6-AE0E-04C35A3BACF7}.Release|Any CPU.ActiveCfg = Release|Any CPU
		{244483A1-4181-47C6-AE0E-04C35A3BACF7}.Release|Any CPU.Build.0 = Release|Any CPU
		{244483A1-4181-47C6-AE0E-04C35A3BACF7}.Release|Any CPU.Deploy.0 = Release|Any CPU
		{244483A1-4181-47C6-AE0E-04C35A3BACF7}.Release|ARM.ActiveCfg = Release|Any CPU
		{244483A1-4181-47C6-AE0E-04C35A3BACF7}.Release|ARM.Build.0 = Release|Any CPU
		{244483A1-4181-47C6-AE0E-04C35A3BACF7}.Release|ARM.Deploy.0 = Release|Any CPU
		{244483A1-4181-47C6-AE0E-04C35A3BACF7}.Release|ARM64.ActiveCfg = Release|Any CPU
		{244483A1-4181-47C6-AE0E-04C35A3BACF7}.Release|ARM64.Build.0 = Release|Any CPU
		{244483A1-4181-47C6-AE0E-04C35A3BACF7}.Release|ARM64.Deploy.0 = Release|Any CPU
		{244483A1-4181-47C6-AE0E-04C35A3BACF7}.Release|iPhone.ActiveCfg = Release|Any CPU
		{244483A1-4181-47C6-AE0E-04C35A3BACF7}.Release|iPhone.Build.0 = Release|Any CPU
		{244483A1-4181-47C6-AE0E-04C35A3BACF7}.Release|iPhone.Deploy.0 = Release|Any CPU
		{244483A1-4181-47C6-AE0E-04C35A3BACF7}.Release|iPhoneSimulator.ActiveCfg = Release|Any CPU
		{244483A1-4181-47C6-AE0E-04C35A3BACF7}.Release|iPhoneSimulator.Build.0 = Release|Any CPU
		{244483A1-4181-47C6-AE0E-04C35A3BACF7}.Release|iPhoneSimulator.Deploy.0 = Release|Any CPU
		{244483A1-4181-47C6-AE0E-04C35A3BACF7}.Release|x64.ActiveCfg = Release|Any CPU
		{244483A1-4181-47C6-AE0E-04C35A3BACF7}.Release|x64.Build.0 = Release|Any CPU
		{244483A1-4181-47C6-AE0E-04C35A3BACF7}.Release|x64.Deploy.0 = Release|Any CPU
		{244483A1-4181-47C6-AE0E-04C35A3BACF7}.Release|x86.ActiveCfg = Release|Any CPU
		{244483A1-4181-47C6-AE0E-04C35A3BACF7}.Release|x86.Build.0 = Release|Any CPU
		{244483A1-4181-47C6-AE0E-04C35A3BACF7}.Release|x86.Deploy.0 = Release|Any CPU
		{3B72465B-ACAE-43AE-9327-10F372FE5F80}.Debug|Any CPU.ActiveCfg = Debug|Any CPU
		{3B72465B-ACAE-43AE-9327-10F372FE5F80}.Debug|Any CPU.Build.0 = Debug|Any CPU
		{3B72465B-ACAE-43AE-9327-10F372FE5F80}.Debug|ARM.ActiveCfg = Debug|Any CPU
		{3B72465B-ACAE-43AE-9327-10F372FE5F80}.Debug|ARM.Build.0 = Debug|Any CPU
		{3B72465B-ACAE-43AE-9327-10F372FE5F80}.Debug|ARM64.ActiveCfg = Debug|Any CPU
		{3B72465B-ACAE-43AE-9327-10F372FE5F80}.Debug|ARM64.Build.0 = Debug|Any CPU
		{3B72465B-ACAE-43AE-9327-10F372FE5F80}.Debug|iPhone.ActiveCfg = Debug|Any CPU
		{3B72465B-ACAE-43AE-9327-10F372FE5F80}.Debug|iPhone.Build.0 = Debug|Any CPU
		{3B72465B-ACAE-43AE-9327-10F372FE5F80}.Debug|iPhoneSimulator.ActiveCfg = Debug|Any CPU
		{3B72465B-ACAE-43AE-9327-10F372FE5F80}.Debug|iPhoneSimulator.Build.0 = Debug|Any CPU
		{3B72465B-ACAE-43AE-9327-10F372FE5F80}.Debug|x64.ActiveCfg = Debug|Any CPU
		{3B72465B-ACAE-43AE-9327-10F372FE5F80}.Debug|x64.Build.0 = Debug|Any CPU
		{3B72465B-ACAE-43AE-9327-10F372FE5F80}.Debug|x86.ActiveCfg = Debug|Any CPU
		{3B72465B-ACAE-43AE-9327-10F372FE5F80}.Debug|x86.Build.0 = Debug|Any CPU
		{3B72465B-ACAE-43AE-9327-10F372FE5F80}.Release|Any CPU.ActiveCfg = Release|Any CPU
		{3B72465B-ACAE-43AE-9327-10F372FE5F80}.Release|Any CPU.Build.0 = Release|Any CPU
		{3B72465B-ACAE-43AE-9327-10F372FE5F80}.Release|ARM.ActiveCfg = Release|Any CPU
		{3B72465B-ACAE-43AE-9327-10F372FE5F80}.Release|ARM.Build.0 = Release|Any CPU
		{3B72465B-ACAE-43AE-9327-10F372FE5F80}.Release|ARM64.ActiveCfg = Release|Any CPU
		{3B72465B-ACAE-43AE-9327-10F372FE5F80}.Release|ARM64.Build.0 = Release|Any CPU
		{3B72465B-ACAE-43AE-9327-10F372FE5F80}.Release|iPhone.ActiveCfg = Release|Any CPU
		{3B72465B-ACAE-43AE-9327-10F372FE5F80}.Release|iPhone.Build.0 = Release|Any CPU
		{3B72465B-ACAE-43AE-9327-10F372FE5F80}.Release|iPhoneSimulator.ActiveCfg = Release|Any CPU
		{3B72465B-ACAE-43AE-9327-10F372FE5F80}.Release|iPhoneSimulator.Build.0 = Release|Any CPU
		{3B72465B-ACAE-43AE-9327-10F372FE5F80}.Release|x64.ActiveCfg = Release|Any CPU
		{3B72465B-ACAE-43AE-9327-10F372FE5F80}.Release|x64.Build.0 = Release|Any CPU
		{3B72465B-ACAE-43AE-9327-10F372FE5F80}.Release|x86.ActiveCfg = Release|Any CPU
		{3B72465B-ACAE-43AE-9327-10F372FE5F80}.Release|x86.Build.0 = Release|Any CPU
		{0E63E501-2348-41D1-8B56-2B66346AA34A}.Debug|Any CPU.ActiveCfg = Debug|iPhoneSimulator
		{0E63E501-2348-41D1-8B56-2B66346AA34A}.Debug|Any CPU.Build.0 = Debug|iPhoneSimulator
		{0E63E501-2348-41D1-8B56-2B66346AA34A}.Debug|ARM.ActiveCfg = Debug|iPhoneSimulator
		{0E63E501-2348-41D1-8B56-2B66346AA34A}.Debug|ARM.Build.0 = Debug|iPhoneSimulator
		{0E63E501-2348-41D1-8B56-2B66346AA34A}.Debug|ARM64.ActiveCfg = Debug|iPhoneSimulator
		{0E63E501-2348-41D1-8B56-2B66346AA34A}.Debug|ARM64.Build.0 = Debug|iPhoneSimulator
		{0E63E501-2348-41D1-8B56-2B66346AA34A}.Debug|iPhone.ActiveCfg = Debug|iPhone
		{0E63E501-2348-41D1-8B56-2B66346AA34A}.Debug|iPhone.Build.0 = Debug|iPhone
		{0E63E501-2348-41D1-8B56-2B66346AA34A}.Debug|iPhoneSimulator.ActiveCfg = Debug|iPhoneSimulator
		{0E63E501-2348-41D1-8B56-2B66346AA34A}.Debug|iPhoneSimulator.Build.0 = Debug|iPhoneSimulator
		{0E63E501-2348-41D1-8B56-2B66346AA34A}.Debug|x64.ActiveCfg = Debug|iPhoneSimulator
		{0E63E501-2348-41D1-8B56-2B66346AA34A}.Debug|x64.Build.0 = Debug|iPhoneSimulator
		{0E63E501-2348-41D1-8B56-2B66346AA34A}.Debug|x86.ActiveCfg = Debug|iPhoneSimulator
		{0E63E501-2348-41D1-8B56-2B66346AA34A}.Debug|x86.Build.0 = Debug|iPhoneSimulator
		{0E63E501-2348-41D1-8B56-2B66346AA34A}.Release|Any CPU.ActiveCfg = Release|iPhoneSimulator
		{0E63E501-2348-41D1-8B56-2B66346AA34A}.Release|Any CPU.Build.0 = Release|iPhoneSimulator
		{0E63E501-2348-41D1-8B56-2B66346AA34A}.Release|ARM.ActiveCfg = Release|iPhoneSimulator
		{0E63E501-2348-41D1-8B56-2B66346AA34A}.Release|ARM.Build.0 = Release|iPhoneSimulator
		{0E63E501-2348-41D1-8B56-2B66346AA34A}.Release|ARM64.ActiveCfg = Release|iPhoneSimulator
		{0E63E501-2348-41D1-8B56-2B66346AA34A}.Release|ARM64.Build.0 = Release|iPhoneSimulator
		{0E63E501-2348-41D1-8B56-2B66346AA34A}.Release|iPhone.ActiveCfg = Release|iPhone
		{0E63E501-2348-41D1-8B56-2B66346AA34A}.Release|iPhone.Build.0 = Release|iPhone
		{0E63E501-2348-41D1-8B56-2B66346AA34A}.Release|iPhoneSimulator.ActiveCfg = Release|iPhoneSimulator
		{0E63E501-2348-41D1-8B56-2B66346AA34A}.Release|iPhoneSimulator.Build.0 = Release|iPhoneSimulator
		{0E63E501-2348-41D1-8B56-2B66346AA34A}.Release|x64.ActiveCfg = Release|iPhoneSimulator
		{0E63E501-2348-41D1-8B56-2B66346AA34A}.Release|x64.Build.0 = Release|iPhoneSimulator
		{0E63E501-2348-41D1-8B56-2B66346AA34A}.Release|x86.ActiveCfg = Release|iPhoneSimulator
		{0E63E501-2348-41D1-8B56-2B66346AA34A}.Release|x86.Build.0 = Release|iPhoneSimulator
		{94C3F82C-A507-465C-B49D-FC735ADD2E43}.Debug|Any CPU.ActiveCfg = Debug|Any CPU
		{94C3F82C-A507-465C-B49D-FC735ADD2E43}.Debug|Any CPU.Build.0 = Debug|Any CPU
		{94C3F82C-A507-465C-B49D-FC735ADD2E43}.Debug|ARM.ActiveCfg = Debug|Any CPU
		{94C3F82C-A507-465C-B49D-FC735ADD2E43}.Debug|ARM.Build.0 = Debug|Any CPU
		{94C3F82C-A507-465C-B49D-FC735ADD2E43}.Debug|ARM64.ActiveCfg = Debug|Any CPU
		{94C3F82C-A507-465C-B49D-FC735ADD2E43}.Debug|ARM64.Build.0 = Debug|Any CPU
		{94C3F82C-A507-465C-B49D-FC735ADD2E43}.Debug|iPhone.ActiveCfg = Debug|Any CPU
		{94C3F82C-A507-465C-B49D-FC735ADD2E43}.Debug|iPhone.Build.0 = Debug|Any CPU
		{94C3F82C-A507-465C-B49D-FC735ADD2E43}.Debug|iPhoneSimulator.ActiveCfg = Debug|Any CPU
		{94C3F82C-A507-465C-B49D-FC735ADD2E43}.Debug|iPhoneSimulator.Build.0 = Debug|Any CPU
		{94C3F82C-A507-465C-B49D-FC735ADD2E43}.Debug|x64.ActiveCfg = Debug|Any CPU
		{94C3F82C-A507-465C-B49D-FC735ADD2E43}.Debug|x64.Build.0 = Debug|Any CPU
		{94C3F82C-A507-465C-B49D-FC735ADD2E43}.Debug|x86.ActiveCfg = Debug|Any CPU
		{94C3F82C-A507-465C-B49D-FC735ADD2E43}.Debug|x86.Build.0 = Debug|Any CPU
		{94C3F82C-A507-465C-B49D-FC735ADD2E43}.Release|Any CPU.ActiveCfg = Release|Any CPU
		{94C3F82C-A507-465C-B49D-FC735ADD2E43}.Release|Any CPU.Build.0 = Release|Any CPU
		{94C3F82C-A507-465C-B49D-FC735ADD2E43}.Release|ARM.ActiveCfg = Release|Any CPU
		{94C3F82C-A507-465C-B49D-FC735ADD2E43}.Release|ARM.Build.0 = Release|Any CPU
		{94C3F82C-A507-465C-B49D-FC735ADD2E43}.Release|ARM64.ActiveCfg = Release|Any CPU
		{94C3F82C-A507-465C-B49D-FC735ADD2E43}.Release|ARM64.Build.0 = Release|Any CPU
		{94C3F82C-A507-465C-B49D-FC735ADD2E43}.Release|iPhone.ActiveCfg = Release|Any CPU
		{94C3F82C-A507-465C-B49D-FC735ADD2E43}.Release|iPhone.Build.0 = Release|Any CPU
		{94C3F82C-A507-465C-B49D-FC735ADD2E43}.Release|iPhoneSimulator.ActiveCfg = Release|Any CPU
		{94C3F82C-A507-465C-B49D-FC735ADD2E43}.Release|iPhoneSimulator.Build.0 = Release|Any CPU
		{94C3F82C-A507-465C-B49D-FC735ADD2E43}.Release|x64.ActiveCfg = Release|Any CPU
		{94C3F82C-A507-465C-B49D-FC735ADD2E43}.Release|x64.Build.0 = Release|Any CPU
		{94C3F82C-A507-465C-B49D-FC735ADD2E43}.Release|x86.ActiveCfg = Release|Any CPU
		{94C3F82C-A507-465C-B49D-FC735ADD2E43}.Release|x86.Build.0 = Release|Any CPU
		{271193C1-6E7C-429C-A36D-3F1BE5267231}.Debug|Any CPU.ActiveCfg = Debug|Any CPU
		{271193C1-6E7C-429C-A36D-3F1BE5267231}.Debug|Any CPU.Build.0 = Debug|Any CPU
		{271193C1-6E7C-429C-A36D-3F1BE5267231}.Debug|ARM.ActiveCfg = Debug|Any CPU
		{271193C1-6E7C-429C-A36D-3F1BE5267231}.Debug|ARM.Build.0 = Debug|Any CPU
		{271193C1-6E7C-429C-A36D-3F1BE5267231}.Debug|ARM64.ActiveCfg = Debug|Any CPU
		{271193C1-6E7C-429C-A36D-3F1BE5267231}.Debug|ARM64.Build.0 = Debug|Any CPU
		{271193C1-6E7C-429C-A36D-3F1BE5267231}.Debug|iPhone.ActiveCfg = Debug|Any CPU
		{271193C1-6E7C-429C-A36D-3F1BE5267231}.Debug|iPhone.Build.0 = Debug|Any CPU
		{271193C1-6E7C-429C-A36D-3F1BE5267231}.Debug|iPhoneSimulator.ActiveCfg = Debug|Any CPU
		{271193C1-6E7C-429C-A36D-3F1BE5267231}.Debug|iPhoneSimulator.Build.0 = Debug|Any CPU
		{271193C1-6E7C-429C-A36D-3F1BE5267231}.Debug|x64.ActiveCfg = Debug|Any CPU
		{271193C1-6E7C-429C-A36D-3F1BE5267231}.Debug|x64.Build.0 = Debug|Any CPU
		{271193C1-6E7C-429C-A36D-3F1BE5267231}.Debug|x86.ActiveCfg = Debug|Any CPU
		{271193C1-6E7C-429C-A36D-3F1BE5267231}.Debug|x86.Build.0 = Debug|Any CPU
		{271193C1-6E7C-429C-A36D-3F1BE5267231}.Release|Any CPU.ActiveCfg = Release|Any CPU
		{271193C1-6E7C-429C-A36D-3F1BE5267231}.Release|Any CPU.Build.0 = Release|Any CPU
		{271193C1-6E7C-429C-A36D-3F1BE5267231}.Release|ARM.ActiveCfg = Release|Any CPU
		{271193C1-6E7C-429C-A36D-3F1BE5267231}.Release|ARM.Build.0 = Release|Any CPU
		{271193C1-6E7C-429C-A36D-3F1BE5267231}.Release|ARM64.ActiveCfg = Release|Any CPU
		{271193C1-6E7C-429C-A36D-3F1BE5267231}.Release|ARM64.Build.0 = Release|Any CPU
		{271193C1-6E7C-429C-A36D-3F1BE5267231}.Release|iPhone.ActiveCfg = Release|Any CPU
		{271193C1-6E7C-429C-A36D-3F1BE5267231}.Release|iPhone.Build.0 = Release|Any CPU
		{271193C1-6E7C-429C-A36D-3F1BE5267231}.Release|iPhoneSimulator.ActiveCfg = Release|Any CPU
		{271193C1-6E7C-429C-A36D-3F1BE5267231}.Release|iPhoneSimulator.Build.0 = Release|Any CPU
		{271193C1-6E7C-429C-A36D-3F1BE5267231}.Release|x64.ActiveCfg = Release|Any CPU
		{271193C1-6E7C-429C-A36D-3F1BE5267231}.Release|x64.Build.0 = Release|Any CPU
		{271193C1-6E7C-429C-A36D-3F1BE5267231}.Release|x86.ActiveCfg = Release|Any CPU
		{271193C1-6E7C-429C-A36D-3F1BE5267231}.Release|x86.Build.0 = Release|Any CPU
		{00259593-A283-47A5-ACB7-9C3819B16364}.Debug|Any CPU.ActiveCfg = Debug|Any CPU
		{00259593-A283-47A5-ACB7-9C3819B16364}.Debug|Any CPU.Build.0 = Debug|Any CPU
		{00259593-A283-47A5-ACB7-9C3819B16364}.Debug|ARM.ActiveCfg = Debug|Any CPU
		{00259593-A283-47A5-ACB7-9C3819B16364}.Debug|ARM.Build.0 = Debug|Any CPU
		{00259593-A283-47A5-ACB7-9C3819B16364}.Debug|ARM64.ActiveCfg = Debug|Any CPU
		{00259593-A283-47A5-ACB7-9C3819B16364}.Debug|ARM64.Build.0 = Debug|Any CPU
		{00259593-A283-47A5-ACB7-9C3819B16364}.Debug|iPhone.ActiveCfg = Debug|Any CPU
		{00259593-A283-47A5-ACB7-9C3819B16364}.Debug|iPhone.Build.0 = Debug|Any CPU
		{00259593-A283-47A5-ACB7-9C3819B16364}.Debug|iPhoneSimulator.ActiveCfg = Debug|Any CPU
		{00259593-A283-47A5-ACB7-9C3819B16364}.Debug|iPhoneSimulator.Build.0 = Debug|Any CPU
		{00259593-A283-47A5-ACB7-9C3819B16364}.Debug|x64.ActiveCfg = Debug|Any CPU
		{00259593-A283-47A5-ACB7-9C3819B16364}.Debug|x64.Build.0 = Debug|Any CPU
		{00259593-A283-47A5-ACB7-9C3819B16364}.Debug|x86.ActiveCfg = Debug|Any CPU
		{00259593-A283-47A5-ACB7-9C3819B16364}.Debug|x86.Build.0 = Debug|Any CPU
		{00259593-A283-47A5-ACB7-9C3819B16364}.Release|Any CPU.ActiveCfg = Release|Any CPU
		{00259593-A283-47A5-ACB7-9C3819B16364}.Release|Any CPU.Build.0 = Release|Any CPU
		{00259593-A283-47A5-ACB7-9C3819B16364}.Release|ARM.ActiveCfg = Release|Any CPU
		{00259593-A283-47A5-ACB7-9C3819B16364}.Release|ARM.Build.0 = Release|Any CPU
		{00259593-A283-47A5-ACB7-9C3819B16364}.Release|ARM64.ActiveCfg = Release|Any CPU
		{00259593-A283-47A5-ACB7-9C3819B16364}.Release|ARM64.Build.0 = Release|Any CPU
		{00259593-A283-47A5-ACB7-9C3819B16364}.Release|iPhone.ActiveCfg = Release|Any CPU
		{00259593-A283-47A5-ACB7-9C3819B16364}.Release|iPhone.Build.0 = Release|Any CPU
		{00259593-A283-47A5-ACB7-9C3819B16364}.Release|iPhoneSimulator.ActiveCfg = Release|Any CPU
		{00259593-A283-47A5-ACB7-9C3819B16364}.Release|iPhoneSimulator.Build.0 = Release|Any CPU
		{00259593-A283-47A5-ACB7-9C3819B16364}.Release|x64.ActiveCfg = Release|Any CPU
		{00259593-A283-47A5-ACB7-9C3819B16364}.Release|x64.Build.0 = Release|Any CPU
		{00259593-A283-47A5-ACB7-9C3819B16364}.Release|x86.ActiveCfg = Release|Any CPU
		{00259593-A283-47A5-ACB7-9C3819B16364}.Release|x86.Build.0 = Release|Any CPU
		{BB98A559-62C4-4C98-90A0-9E4D8DF1CA27}.Debug|Any CPU.ActiveCfg = Debug|Any CPU
		{BB98A559-62C4-4C98-90A0-9E4D8DF1CA27}.Debug|Any CPU.Build.0 = Debug|Any CPU
		{BB98A559-62C4-4C98-90A0-9E4D8DF1CA27}.Debug|ARM.ActiveCfg = Debug|Any CPU
		{BB98A559-62C4-4C98-90A0-9E4D8DF1CA27}.Debug|ARM.Build.0 = Debug|Any CPU
		{BB98A559-62C4-4C98-90A0-9E4D8DF1CA27}.Debug|ARM64.ActiveCfg = Debug|Any CPU
		{BB98A559-62C4-4C98-90A0-9E4D8DF1CA27}.Debug|ARM64.Build.0 = Debug|Any CPU
		{BB98A559-62C4-4C98-90A0-9E4D8DF1CA27}.Debug|iPhone.ActiveCfg = Debug|Any CPU
		{BB98A559-62C4-4C98-90A0-9E4D8DF1CA27}.Debug|iPhone.Build.0 = Debug|Any CPU
		{BB98A559-62C4-4C98-90A0-9E4D8DF1CA27}.Debug|iPhoneSimulator.ActiveCfg = Debug|Any CPU
		{BB98A559-62C4-4C98-90A0-9E4D8DF1CA27}.Debug|iPhoneSimulator.Build.0 = Debug|Any CPU
		{BB98A559-62C4-4C98-90A0-9E4D8DF1CA27}.Debug|x64.ActiveCfg = Debug|Any CPU
		{BB98A559-62C4-4C98-90A0-9E4D8DF1CA27}.Debug|x64.Build.0 = Debug|Any CPU
		{BB98A559-62C4-4C98-90A0-9E4D8DF1CA27}.Debug|x86.ActiveCfg = Debug|Any CPU
		{BB98A559-62C4-4C98-90A0-9E4D8DF1CA27}.Debug|x86.Build.0 = Debug|Any CPU
		{BB98A559-62C4-4C98-90A0-9E4D8DF1CA27}.Release|Any CPU.ActiveCfg = Release|Any CPU
		{BB98A559-62C4-4C98-90A0-9E4D8DF1CA27}.Release|Any CPU.Build.0 = Release|Any CPU
		{BB98A559-62C4-4C98-90A0-9E4D8DF1CA27}.Release|ARM.ActiveCfg = Release|Any CPU
		{BB98A559-62C4-4C98-90A0-9E4D8DF1CA27}.Release|ARM.Build.0 = Release|Any CPU
		{BB98A559-62C4-4C98-90A0-9E4D8DF1CA27}.Release|ARM64.ActiveCfg = Release|Any CPU
		{BB98A559-62C4-4C98-90A0-9E4D8DF1CA27}.Release|ARM64.Build.0 = Release|Any CPU
		{BB98A559-62C4-4C98-90A0-9E4D8DF1CA27}.Release|iPhone.ActiveCfg = Release|Any CPU
		{BB98A559-62C4-4C98-90A0-9E4D8DF1CA27}.Release|iPhone.Build.0 = Release|Any CPU
		{BB98A559-62C4-4C98-90A0-9E4D8DF1CA27}.Release|iPhoneSimulator.ActiveCfg = Release|Any CPU
		{BB98A559-62C4-4C98-90A0-9E4D8DF1CA27}.Release|iPhoneSimulator.Build.0 = Release|Any CPU
		{BB98A559-62C4-4C98-90A0-9E4D8DF1CA27}.Release|x64.ActiveCfg = Release|Any CPU
		{BB98A559-62C4-4C98-90A0-9E4D8DF1CA27}.Release|x64.Build.0 = Release|Any CPU
		{BB98A559-62C4-4C98-90A0-9E4D8DF1CA27}.Release|x86.ActiveCfg = Release|Any CPU
		{BB98A559-62C4-4C98-90A0-9E4D8DF1CA27}.Release|x86.Build.0 = Release|Any CPU
		{F137FAC5-3385-4B19-988B-4A14ED84CCC6}.Debug|Any CPU.ActiveCfg = Debug|Any CPU
		{F137FAC5-3385-4B19-988B-4A14ED84CCC6}.Debug|Any CPU.Build.0 = Debug|Any CPU
		{F137FAC5-3385-4B19-988B-4A14ED84CCC6}.Debug|ARM.ActiveCfg = Debug|Any CPU
		{F137FAC5-3385-4B19-988B-4A14ED84CCC6}.Debug|ARM.Build.0 = Debug|Any CPU
		{F137FAC5-3385-4B19-988B-4A14ED84CCC6}.Debug|ARM64.ActiveCfg = Debug|Any CPU
		{F137FAC5-3385-4B19-988B-4A14ED84CCC6}.Debug|ARM64.Build.0 = Debug|Any CPU
		{F137FAC5-3385-4B19-988B-4A14ED84CCC6}.Debug|iPhone.ActiveCfg = Debug|Any CPU
		{F137FAC5-3385-4B19-988B-4A14ED84CCC6}.Debug|iPhone.Build.0 = Debug|Any CPU
		{F137FAC5-3385-4B19-988B-4A14ED84CCC6}.Debug|iPhoneSimulator.ActiveCfg = Debug|Any CPU
		{F137FAC5-3385-4B19-988B-4A14ED84CCC6}.Debug|iPhoneSimulator.Build.0 = Debug|Any CPU
		{F137FAC5-3385-4B19-988B-4A14ED84CCC6}.Debug|x64.ActiveCfg = Debug|Any CPU
		{F137FAC5-3385-4B19-988B-4A14ED84CCC6}.Debug|x64.Build.0 = Debug|Any CPU
		{F137FAC5-3385-4B19-988B-4A14ED84CCC6}.Debug|x86.ActiveCfg = Debug|Any CPU
		{F137FAC5-3385-4B19-988B-4A14ED84CCC6}.Debug|x86.Build.0 = Debug|Any CPU
		{F137FAC5-3385-4B19-988B-4A14ED84CCC6}.Release|Any CPU.ActiveCfg = Release|Any CPU
		{F137FAC5-3385-4B19-988B-4A14ED84CCC6}.Release|Any CPU.Build.0 = Release|Any CPU
		{F137FAC5-3385-4B19-988B-4A14ED84CCC6}.Release|ARM.ActiveCfg = Release|Any CPU
		{F137FAC5-3385-4B19-988B-4A14ED84CCC6}.Release|ARM.Build.0 = Release|Any CPU
		{F137FAC5-3385-4B19-988B-4A14ED84CCC6}.Release|ARM64.ActiveCfg = Release|Any CPU
		{F137FAC5-3385-4B19-988B-4A14ED84CCC6}.Release|ARM64.Build.0 = Release|Any CPU
		{F137FAC5-3385-4B19-988B-4A14ED84CCC6}.Release|iPhone.ActiveCfg = Release|Any CPU
		{F137FAC5-3385-4B19-988B-4A14ED84CCC6}.Release|iPhone.Build.0 = Release|Any CPU
		{F137FAC5-3385-4B19-988B-4A14ED84CCC6}.Release|iPhoneSimulator.ActiveCfg = Release|Any CPU
		{F137FAC5-3385-4B19-988B-4A14ED84CCC6}.Release|iPhoneSimulator.Build.0 = Release|Any CPU
		{F137FAC5-3385-4B19-988B-4A14ED84CCC6}.Release|x64.ActiveCfg = Release|Any CPU
		{F137FAC5-3385-4B19-988B-4A14ED84CCC6}.Release|x64.Build.0 = Release|Any CPU
		{F137FAC5-3385-4B19-988B-4A14ED84CCC6}.Release|x86.ActiveCfg = Release|Any CPU
		{F137FAC5-3385-4B19-988B-4A14ED84CCC6}.Release|x86.Build.0 = Release|Any CPU
		{C328C538-B69F-43D2-80EE-3C1EB8254CBA}.Debug|Any CPU.ActiveCfg = Debug|Any CPU
		{C328C538-B69F-43D2-80EE-3C1EB8254CBA}.Debug|Any CPU.Build.0 = Debug|Any CPU
		{C328C538-B69F-43D2-80EE-3C1EB8254CBA}.Debug|ARM.ActiveCfg = Debug|Any CPU
		{C328C538-B69F-43D2-80EE-3C1EB8254CBA}.Debug|ARM.Build.0 = Debug|Any CPU
		{C328C538-B69F-43D2-80EE-3C1EB8254CBA}.Debug|ARM64.ActiveCfg = Debug|Any CPU
		{C328C538-B69F-43D2-80EE-3C1EB8254CBA}.Debug|ARM64.Build.0 = Debug|Any CPU
		{C328C538-B69F-43D2-80EE-3C1EB8254CBA}.Debug|iPhone.ActiveCfg = Debug|Any CPU
		{C328C538-B69F-43D2-80EE-3C1EB8254CBA}.Debug|iPhone.Build.0 = Debug|Any CPU
		{C328C538-B69F-43D2-80EE-3C1EB8254CBA}.Debug|iPhoneSimulator.ActiveCfg = Debug|Any CPU
		{C328C538-B69F-43D2-80EE-3C1EB8254CBA}.Debug|iPhoneSimulator.Build.0 = Debug|Any CPU
		{C328C538-B69F-43D2-80EE-3C1EB8254CBA}.Debug|x64.ActiveCfg = Debug|Any CPU
		{C328C538-B69F-43D2-80EE-3C1EB8254CBA}.Debug|x64.Build.0 = Debug|Any CPU
		{C328C538-B69F-43D2-80EE-3C1EB8254CBA}.Debug|x86.ActiveCfg = Debug|Any CPU
		{C328C538-B69F-43D2-80EE-3C1EB8254CBA}.Debug|x86.Build.0 = Debug|Any CPU
		{C328C538-B69F-43D2-80EE-3C1EB8254CBA}.Release|Any CPU.ActiveCfg = Release|Any CPU
		{C328C538-B69F-43D2-80EE-3C1EB8254CBA}.Release|Any CPU.Build.0 = Release|Any CPU
		{C328C538-B69F-43D2-80EE-3C1EB8254CBA}.Release|ARM.ActiveCfg = Release|Any CPU
		{C328C538-B69F-43D2-80EE-3C1EB8254CBA}.Release|ARM.Build.0 = Release|Any CPU
		{C328C538-B69F-43D2-80EE-3C1EB8254CBA}.Release|ARM64.ActiveCfg = Release|Any CPU
		{C328C538-B69F-43D2-80EE-3C1EB8254CBA}.Release|ARM64.Build.0 = Release|Any CPU
		{C328C538-B69F-43D2-80EE-3C1EB8254CBA}.Release|iPhone.ActiveCfg = Release|Any CPU
		{C328C538-B69F-43D2-80EE-3C1EB8254CBA}.Release|iPhone.Build.0 = Release|Any CPU
		{C328C538-B69F-43D2-80EE-3C1EB8254CBA}.Release|iPhoneSimulator.ActiveCfg = Release|Any CPU
		{C328C538-B69F-43D2-80EE-3C1EB8254CBA}.Release|iPhoneSimulator.Build.0 = Release|Any CPU
		{C328C538-B69F-43D2-80EE-3C1EB8254CBA}.Release|x64.ActiveCfg = Release|Any CPU
		{C328C538-B69F-43D2-80EE-3C1EB8254CBA}.Release|x64.Build.0 = Release|Any CPU
		{C328C538-B69F-43D2-80EE-3C1EB8254CBA}.Release|x86.ActiveCfg = Release|Any CPU
		{C328C538-B69F-43D2-80EE-3C1EB8254CBA}.Release|x86.Build.0 = Release|Any CPU
		{1524004D-5BE8-4834-9F52-DCBE3F7F2333}.Debug|Any CPU.ActiveCfg = Debug|Any CPU
		{1524004D-5BE8-4834-9F52-DCBE3F7F2333}.Debug|Any CPU.Build.0 = Debug|Any CPU
		{1524004D-5BE8-4834-9F52-DCBE3F7F2333}.Debug|ARM.ActiveCfg = Debug|Any CPU
		{1524004D-5BE8-4834-9F52-DCBE3F7F2333}.Debug|ARM.Build.0 = Debug|Any CPU
		{1524004D-5BE8-4834-9F52-DCBE3F7F2333}.Debug|ARM64.ActiveCfg = Debug|Any CPU
		{1524004D-5BE8-4834-9F52-DCBE3F7F2333}.Debug|ARM64.Build.0 = Debug|Any CPU
		{1524004D-5BE8-4834-9F52-DCBE3F7F2333}.Debug|iPhone.ActiveCfg = Debug|Any CPU
		{1524004D-5BE8-4834-9F52-DCBE3F7F2333}.Debug|iPhone.Build.0 = Debug|Any CPU
		{1524004D-5BE8-4834-9F52-DCBE3F7F2333}.Debug|iPhoneSimulator.ActiveCfg = Debug|Any CPU
		{1524004D-5BE8-4834-9F52-DCBE3F7F2333}.Debug|iPhoneSimulator.Build.0 = Debug|Any CPU
		{1524004D-5BE8-4834-9F52-DCBE3F7F2333}.Debug|x64.ActiveCfg = Debug|Any CPU
		{1524004D-5BE8-4834-9F52-DCBE3F7F2333}.Debug|x64.Build.0 = Debug|Any CPU
		{1524004D-5BE8-4834-9F52-DCBE3F7F2333}.Debug|x86.ActiveCfg = Debug|Any CPU
		{1524004D-5BE8-4834-9F52-DCBE3F7F2333}.Debug|x86.Build.0 = Debug|Any CPU
		{1524004D-5BE8-4834-9F52-DCBE3F7F2333}.Release|Any CPU.ActiveCfg = Release|Any CPU
		{1524004D-5BE8-4834-9F52-DCBE3F7F2333}.Release|Any CPU.Build.0 = Release|Any CPU
		{1524004D-5BE8-4834-9F52-DCBE3F7F2333}.Release|ARM.ActiveCfg = Release|Any CPU
		{1524004D-5BE8-4834-9F52-DCBE3F7F2333}.Release|ARM.Build.0 = Release|Any CPU
		{1524004D-5BE8-4834-9F52-DCBE3F7F2333}.Release|ARM64.ActiveCfg = Release|Any CPU
		{1524004D-5BE8-4834-9F52-DCBE3F7F2333}.Release|ARM64.Build.0 = Release|Any CPU
		{1524004D-5BE8-4834-9F52-DCBE3F7F2333}.Release|iPhone.ActiveCfg = Release|Any CPU
		{1524004D-5BE8-4834-9F52-DCBE3F7F2333}.Release|iPhone.Build.0 = Release|Any CPU
		{1524004D-5BE8-4834-9F52-DCBE3F7F2333}.Release|iPhoneSimulator.ActiveCfg = Release|Any CPU
		{1524004D-5BE8-4834-9F52-DCBE3F7F2333}.Release|iPhoneSimulator.Build.0 = Release|Any CPU
		{1524004D-5BE8-4834-9F52-DCBE3F7F2333}.Release|x64.ActiveCfg = Release|Any CPU
		{1524004D-5BE8-4834-9F52-DCBE3F7F2333}.Release|x64.Build.0 = Release|Any CPU
		{1524004D-5BE8-4834-9F52-DCBE3F7F2333}.Release|x86.ActiveCfg = Release|Any CPU
		{1524004D-5BE8-4834-9F52-DCBE3F7F2333}.Release|x86.Build.0 = Release|Any CPU
	EndGlobalSection
	GlobalSection(SolutionProperties) = preSolution
		HideSolutionNode = FALSE
	EndGlobalSection
	GlobalSection(NestedProjects) = preSolution
		{9AD757F5-E57A-459D-A0A7-E0675E045B84} = {97FA536A-675D-41C7-A90E-97E2F79D1AE2}
		{29AC50BF-B4FB-450B-9386-0C5AD4B84226} = {97FA536A-675D-41C7-A90E-97E2F79D1AE2}
		{0E16E70A-D6DD-4323-AD5D-363ABFF42D6A} = {29AC50BF-B4FB-450B-9386-0C5AD4B84226}
		{57B8B73D-C3B5-4C42-869E-7B2F17D354AC} = {D5B986A3-7FC9-437E-8030-349AA4698DFD}
		{5A2DADBC-9510-4DD1-BE58-01501F2DF65D} = {29AC50BF-B4FB-450B-9386-0C5AD4B84226}
		{D31A6537-ED9C-4EBD-B231-A8D4FE44126A} = {29AC50BF-B4FB-450B-9386-0C5AD4B84226}
		{423C21C8-84CB-4A3C-BEB9-1C23D752D90F} = {31721EFD-3238-462B-B501-41F3D2B50E92}
		{2ACC7FFA-238F-44FD-93CB-4D9B17D8C4BA} = {31721EFD-3238-462B-B501-41F3D2B50E92}
		{F69A2922-9D5F-4046-8354-8DA6CF45502B} = {31721EFD-3238-462B-B501-41F3D2B50E92}
		{29913989-0F70-48D8-8EDE-B1DD217F21D1} = {423C21C8-84CB-4A3C-BEB9-1C23D752D90F}
		{28164E00-92FB-4EEE-927C-D0CF672A004D} = {F69A2922-9D5F-4046-8354-8DA6CF45502B}
		{244483A1-4181-47C6-AE0E-04C35A3BACF7} = {F69A2922-9D5F-4046-8354-8DA6CF45502B}
		{3B72465B-ACAE-43AE-9327-10F372FE5F80} = {29AC50BF-B4FB-450B-9386-0C5AD4B84226}
		{0E63E501-2348-41D1-8B56-2B66346AA34A} = {F69A2922-9D5F-4046-8354-8DA6CF45502B}
		{94C3F82C-A507-465C-B49D-FC735ADD2E43} = {5A2DADBC-9510-4DD1-BE58-01501F2DF65D}
		{271193C1-6E7C-429C-A36D-3F1BE5267231} = {29AC50BF-B4FB-450B-9386-0C5AD4B84226}
		{D5B986A3-7FC9-437E-8030-349AA4698DFD} = {9AD757F5-E57A-459D-A0A7-E0675E045B84}
		{75A2CD30-BB85-4CA6-AC95-86A8A538A690} = {9AD757F5-E57A-459D-A0A7-E0675E045B84}
		{00259593-A283-47A5-ACB7-9C3819B16364} = {75A2CD30-BB85-4CA6-AC95-86A8A538A690}
		{BB98A559-62C4-4C98-90A0-9E4D8DF1CA27} = {D5B986A3-7FC9-437E-8030-349AA4698DFD}
		{F137FAC5-3385-4B19-988B-4A14ED84CCC6} = {D5B986A3-7FC9-437E-8030-349AA4698DFD}
		{C328C538-B69F-43D2-80EE-3C1EB8254CBA} = {D5B986A3-7FC9-437E-8030-349AA4698DFD}
		{1524004D-5BE8-4834-9F52-DCBE3F7F2333} = {2ACC7FFA-238F-44FD-93CB-4D9B17D8C4BA}
	EndGlobalSection
	GlobalSection(ExtensibilityGlobals) = postSolution
		SolutionGuid = {650AE971-2F29-46A8-822C-FB4FCDC6A9A0}
	EndGlobalSection
EndGlobal
