
Microsoft Visual Studio Solution File, Format Version 12.00
# Visual Studio Version 16
VisualStudioVersion = 16.0.29505.209
MinimumVisualStudioVersion = 15.0.26124.0
Project("{9A19103F-16F7-4668-BE54-9A1E7A4F7556}") = "Xamarin.Essentials", "Xamarin.Essentials\Xamarin.Essentials.csproj", "{CD6D6AE6-83A1-41B1-BD7C-C555A77C288B}"
EndProject
Project("{9A19103F-16F7-4668-BE54-9A1E7A4F7556}") = "Samples", "Samples\Samples\Samples.csproj", "{B4227123-2EEB-494A-A221-C061B5659AED}"
EndProject
Project("{FAE04EC0-301F-11D3-BF4B-00C04F79EFBC}") = "Samples.Android", "Samples\Samples.Android\Samples.Android.csproj", "{3C0CDEF3-495E-45F4-8B12-0E05EF11295C}"
EndProject
Project("{FAE04EC0-301F-11D3-BF4B-00C04F79EFBC}") = "Samples.iOS", "Samples\Samples.iOS\Samples.iOS.csproj", "{AB6242B7-634F-4839-A991-7629D0D2C636}"
EndProject
Project("{9A19103F-16F7-4668-BE54-9A1E7A4F7556}") = "Samples.Tizen", "Samples\Samples.Tizen\Samples.Tizen.csproj", "{70574463-7D8F-47F2-9DF0-8D3EA97DFB65}"
EndProject
Project("{FAE04EC0-301F-11D3-BF4B-00C04F79EFBC}") = "Samples.UWP", "Samples\Samples.UWP\Samples.UWP.csproj", "{5A1D97F2-6703-4278-BBF2-12C065F7E94A}"
EndProject
Project("{9A19103F-16F7-4668-BE54-9A1E7A4F7556}") = "Tests", "Tests\Tests.csproj", "{2CE6F352-F61F-452F-9098-7800B3B06EEF}"
EndProject
Project("{9A19103F-16F7-4668-BE54-9A1E7A4F7556}") = "DeviceTests.Shared", "DeviceTests\DeviceTests.Shared\DeviceTests.Shared.csproj", "{D30EA5AD-6C9B-4517-9767-41C2E62946DB}"
EndProject
Project("{FAE04EC0-301F-11D3-BF4B-00C04F79EFBC}") = "DeviceTests.Android", "DeviceTests\DeviceTests.Android\DeviceTests.Android.csproj", "{CB2072E0-A437-4811-AE17-16CAE0DDA1B1}"
EndProject
Project("{FAE04EC0-301F-11D3-BF4B-00C04F79EFBC}") = "DeviceTests.iOS", "DeviceTests\DeviceTests.iOS\DeviceTests.iOS.csproj", "{EE8FC716-27FC-405B-BD27-AF17E01A6671}"
EndProject
Project("{FAE04EC0-301F-11D3-BF4B-00C04F79EFBC}") = "DeviceTests.UWP", "DeviceTests\DeviceTests.UWP\DeviceTests.UWP.csproj", "{4BD0D88F-7E7A-4C3B-9E34-BF3717A8FF4B}"
EndProject
Project("{2150E333-8FDC-42A3-9474-1A3956D46DE8}") = "Samples", "Samples", "{6330A0D0-E784-42A6-B975-451E609B907B}"
EndProject
Project("{2150E333-8FDC-42A3-9474-1A3956D46DE8}") = "Tests", "Tests", "{EE4495FA-9869-45CF-A11D-69F2218C6F62}"
EndProject
Project("{9A19103F-16F7-4668-BE54-9A1E7A4F7556}") = "Sample.Server.WebAuthenticator", "Samples\Sample.Server.WebAuthenticator\Sample.Server.WebAuthenticator.csproj", "{553D51A8-8E79-40D9-9FB3-9FC2386FF886}"
EndProject
Global
	GlobalSection(SolutionConfigurationPlatforms) = preSolution
		Debug|Any CPU = Debug|Any CPU
		Debug|ARM = Debug|ARM
		Debug|ARM64 = Debug|ARM64
		Debug|iPhone = Debug|iPhone
		Debug|iPhoneSimulator = Debug|iPhoneSimulator
		Debug|x64 = Debug|x64
		Debug|x86 = Debug|x86
		Release|Any CPU = Release|Any CPU
		Release|ARM = Release|ARM
		Release|ARM64 = Release|ARM64
		Release|iPhone = Release|iPhone
		Release|iPhoneSimulator = Release|iPhoneSimulator
		Release|x64 = Release|x64
		Release|x86 = Release|x86
	EndGlobalSection
	GlobalSection(ProjectConfigurationPlatforms) = postSolution
		{CD6D6AE6-83A1-41B1-BD7C-C555A77C288B}.Debug|Any CPU.ActiveCfg = Debug|Any CPU
		{CD6D6AE6-83A1-41B1-BD7C-C555A77C288B}.Debug|Any CPU.Build.0 = Debug|Any CPU
		{CD6D6AE6-83A1-41B1-BD7C-C555A77C288B}.Debug|ARM.ActiveCfg = Debug|Any CPU
		{CD6D6AE6-83A1-41B1-BD7C-C555A77C288B}.Debug|ARM.Build.0 = Debug|Any CPU
		{CD6D6AE6-83A1-41B1-BD7C-C555A77C288B}.Debug|ARM64.ActiveCfg = Debug|Any CPU
		{CD6D6AE6-83A1-41B1-BD7C-C555A77C288B}.Debug|ARM64.Build.0 = Debug|Any CPU
		{CD6D6AE6-83A1-41B1-BD7C-C555A77C288B}.Debug|iPhone.ActiveCfg = Debug|Any CPU
		{CD6D6AE6-83A1-41B1-BD7C-C555A77C288B}.Debug|iPhone.Build.0 = Debug|Any CPU
		{CD6D6AE6-83A1-41B1-BD7C-C555A77C288B}.Debug|iPhoneSimulator.ActiveCfg = Debug|Any CPU
		{CD6D6AE6-83A1-41B1-BD7C-C555A77C288B}.Debug|iPhoneSimulator.Build.0 = Debug|Any CPU
		{CD6D6AE6-83A1-41B1-BD7C-C555A77C288B}.Debug|x64.ActiveCfg = Debug|Any CPU
		{CD6D6AE6-83A1-41B1-BD7C-C555A77C288B}.Debug|x64.Build.0 = Debug|Any CPU
		{CD6D6AE6-83A1-41B1-BD7C-C555A77C288B}.Debug|x86.ActiveCfg = Debug|Any CPU
		{CD6D6AE6-83A1-41B1-BD7C-C555A77C288B}.Debug|x86.Build.0 = Debug|Any CPU
		{CD6D6AE6-83A1-41B1-BD7C-C555A77C288B}.Release|Any CPU.ActiveCfg = Release|Any CPU
		{CD6D6AE6-83A1-41B1-BD7C-C555A77C288B}.Release|Any CPU.Build.0 = Release|Any CPU
		{CD6D6AE6-83A1-41B1-BD7C-C555A77C288B}.Release|ARM.ActiveCfg = Release|Any CPU
		{CD6D6AE6-83A1-41B1-BD7C-C555A77C288B}.Release|ARM.Build.0 = Release|Any CPU
		{CD6D6AE6-83A1-41B1-BD7C-C555A77C288B}.Release|ARM64.ActiveCfg = Release|Any CPU
		{CD6D6AE6-83A1-41B1-BD7C-C555A77C288B}.Release|ARM64.Build.0 = Release|Any CPU
		{CD6D6AE6-83A1-41B1-BD7C-C555A77C288B}.Release|iPhone.ActiveCfg = Release|Any CPU
		{CD6D6AE6-83A1-41B1-BD7C-C555A77C288B}.Release|iPhone.Build.0 = Release|Any CPU
		{CD6D6AE6-83A1-41B1-BD7C-C555A77C288B}.Release|iPhoneSimulator.ActiveCfg = Release|Any CPU
		{CD6D6AE6-83A1-41B1-BD7C-C555A77C288B}.Release|iPhoneSimulator.Build.0 = Release|Any CPU
		{CD6D6AE6-83A1-41B1-BD7C-C555A77C288B}.Release|x64.ActiveCfg = Release|Any CPU
		{CD6D6AE6-83A1-41B1-BD7C-C555A77C288B}.Release|x64.Build.0 = Release|Any CPU
		{CD6D6AE6-83A1-41B1-BD7C-C555A77C288B}.Release|x86.ActiveCfg = Release|Any CPU
		{CD6D6AE6-83A1-41B1-BD7C-C555A77C288B}.Release|x86.Build.0 = Release|Any CPU
		{B4227123-2EEB-494A-A221-C061B5659AED}.Debug|Any CPU.ActiveCfg = Debug|Any CPU
		{B4227123-2EEB-494A-A221-C061B5659AED}.Debug|Any CPU.Build.0 = Debug|Any CPU
		{B4227123-2EEB-494A-A221-C061B5659AED}.Debug|ARM.ActiveCfg = Debug|Any CPU
		{B4227123-2EEB-494A-A221-C061B5659AED}.Debug|ARM.Build.0 = Debug|Any CPU
		{B4227123-2EEB-494A-A221-C061B5659AED}.Debug|ARM64.ActiveCfg = Debug|Any CPU
		{B4227123-2EEB-494A-A221-C061B5659AED}.Debug|ARM64.Build.0 = Debug|Any CPU
		{B4227123-2EEB-494A-A221-C061B5659AED}.Debug|iPhone.ActiveCfg = Debug|Any CPU
		{B4227123-2EEB-494A-A221-C061B5659AED}.Debug|iPhone.Build.0 = Debug|Any CPU
		{B4227123-2EEB-494A-A221-C061B5659AED}.Debug|iPhoneSimulator.ActiveCfg = Debug|Any CPU
		{B4227123-2EEB-494A-A221-C061B5659AED}.Debug|iPhoneSimulator.Build.0 = Debug|Any CPU
		{B4227123-2EEB-494A-A221-C061B5659AED}.Debug|x64.ActiveCfg = Debug|Any CPU
		{B4227123-2EEB-494A-A221-C061B5659AED}.Debug|x64.Build.0 = Debug|Any CPU
		{B4227123-2EEB-494A-A221-C061B5659AED}.Debug|x86.ActiveCfg = Debug|Any CPU
		{B4227123-2EEB-494A-A221-C061B5659AED}.Debug|x86.Build.0 = Debug|Any CPU
		{B4227123-2EEB-494A-A221-C061B5659AED}.Release|Any CPU.ActiveCfg = Release|Any CPU
		{B4227123-2EEB-494A-A221-C061B5659AED}.Release|Any CPU.Build.0 = Release|Any CPU
		{B4227123-2EEB-494A-A221-C061B5659AED}.Release|ARM.ActiveCfg = Release|Any CPU
		{B4227123-2EEB-494A-A221-C061B5659AED}.Release|ARM.Build.0 = Release|Any CPU
		{B4227123-2EEB-494A-A221-C061B5659AED}.Release|ARM64.ActiveCfg = Release|Any CPU
		{B4227123-2EEB-494A-A221-C061B5659AED}.Release|ARM64.Build.0 = Release|Any CPU
		{B4227123-2EEB-494A-A221-C061B5659AED}.Release|iPhone.ActiveCfg = Release|Any CPU
		{B4227123-2EEB-494A-A221-C061B5659AED}.Release|iPhone.Build.0 = Release|Any CPU
		{B4227123-2EEB-494A-A221-C061B5659AED}.Release|iPhoneSimulator.ActiveCfg = Release|Any CPU
		{B4227123-2EEB-494A-A221-C061B5659AED}.Release|iPhoneSimulator.Build.0 = Release|Any CPU
		{B4227123-2EEB-494A-A221-C061B5659AED}.Release|x64.ActiveCfg = Release|Any CPU
		{B4227123-2EEB-494A-A221-C061B5659AED}.Release|x64.Build.0 = Release|Any CPU
		{B4227123-2EEB-494A-A221-C061B5659AED}.Release|x86.ActiveCfg = Release|Any CPU
		{B4227123-2EEB-494A-A221-C061B5659AED}.Release|x86.Build.0 = Release|Any CPU
		{3C0CDEF3-495E-45F4-8B12-0E05EF11295C}.Debug|Any CPU.ActiveCfg = Debug|Any CPU
		{3C0CDEF3-495E-45F4-8B12-0E05EF11295C}.Debug|Any CPU.Build.0 = Debug|Any CPU
		{3C0CDEF3-495E-45F4-8B12-0E05EF11295C}.Debug|Any CPU.Deploy.0 = Debug|Any CPU
		{3C0CDEF3-495E-45F4-8B12-0E05EF11295C}.Debug|ARM.ActiveCfg = Debug|Any CPU
		{3C0CDEF3-495E-45F4-8B12-0E05EF11295C}.Debug|ARM.Build.0 = Debug|Any CPU
		{3C0CDEF3-495E-45F4-8B12-0E05EF11295C}.Debug|ARM.Deploy.0 = Debug|Any CPU
		{3C0CDEF3-495E-45F4-8B12-0E05EF11295C}.Debug|ARM64.ActiveCfg = Debug|Any CPU
		{3C0CDEF3-495E-45F4-8B12-0E05EF11295C}.Debug|ARM64.Build.0 = Debug|Any CPU
		{3C0CDEF3-495E-45F4-8B12-0E05EF11295C}.Debug|ARM64.Deploy.0 = Debug|Any CPU
		{3C0CDEF3-495E-45F4-8B12-0E05EF11295C}.Debug|iPhone.ActiveCfg = Debug|Any CPU
		{3C0CDEF3-495E-45F4-8B12-0E05EF11295C}.Debug|iPhone.Build.0 = Debug|Any CPU
		{3C0CDEF3-495E-45F4-8B12-0E05EF11295C}.Debug|iPhone.Deploy.0 = Debug|Any CPU
		{3C0CDEF3-495E-45F4-8B12-0E05EF11295C}.Debug|iPhoneSimulator.ActiveCfg = Debug|Any CPU
		{3C0CDEF3-495E-45F4-8B12-0E05EF11295C}.Debug|iPhoneSimulator.Build.0 = Debug|Any CPU
		{3C0CDEF3-495E-45F4-8B12-0E05EF11295C}.Debug|iPhoneSimulator.Deploy.0 = Debug|Any CPU
		{3C0CDEF3-495E-45F4-8B12-0E05EF11295C}.Debug|x64.ActiveCfg = Debug|Any CPU
		{3C0CDEF3-495E-45F4-8B12-0E05EF11295C}.Debug|x64.Build.0 = Debug|Any CPU
		{3C0CDEF3-495E-45F4-8B12-0E05EF11295C}.Debug|x64.Deploy.0 = Debug|Any CPU
		{3C0CDEF3-495E-45F4-8B12-0E05EF11295C}.Debug|x86.ActiveCfg = Debug|Any CPU
		{3C0CDEF3-495E-45F4-8B12-0E05EF11295C}.Debug|x86.Build.0 = Debug|Any CPU
		{3C0CDEF3-495E-45F4-8B12-0E05EF11295C}.Debug|x86.Deploy.0 = Debug|Any CPU
		{3C0CDEF3-495E-45F4-8B12-0E05EF11295C}.Release|Any CPU.ActiveCfg = Release|Any CPU
		{3C0CDEF3-495E-45F4-8B12-0E05EF11295C}.Release|Any CPU.Build.0 = Release|Any CPU
		{3C0CDEF3-495E-45F4-8B12-0E05EF11295C}.Release|Any CPU.Deploy.0 = Release|Any CPU
		{3C0CDEF3-495E-45F4-8B12-0E05EF11295C}.Release|ARM.ActiveCfg = Release|Any CPU
		{3C0CDEF3-495E-45F4-8B12-0E05EF11295C}.Release|ARM.Build.0 = Release|Any CPU
		{3C0CDEF3-495E-45F4-8B12-0E05EF11295C}.Release|ARM.Deploy.0 = Release|Any CPU
		{3C0CDEF3-495E-45F4-8B12-0E05EF11295C}.Release|ARM64.ActiveCfg = Release|Any CPU
		{3C0CDEF3-495E-45F4-8B12-0E05EF11295C}.Release|ARM64.Build.0 = Release|Any CPU
		{3C0CDEF3-495E-45F4-8B12-0E05EF11295C}.Release|ARM64.Deploy.0 = Release|Any CPU
		{3C0CDEF3-495E-45F4-8B12-0E05EF11295C}.Release|iPhone.ActiveCfg = Release|Any CPU
		{3C0CDEF3-495E-45F4-8B12-0E05EF11295C}.Release|iPhone.Build.0 = Release|Any CPU
		{3C0CDEF3-495E-45F4-8B12-0E05EF11295C}.Release|iPhone.Deploy.0 = Release|Any CPU
		{3C0CDEF3-495E-45F4-8B12-0E05EF11295C}.Release|iPhoneSimulator.ActiveCfg = Release|Any CPU
		{3C0CDEF3-495E-45F4-8B12-0E05EF11295C}.Release|iPhoneSimulator.Build.0 = Release|Any CPU
		{3C0CDEF3-495E-45F4-8B12-0E05EF11295C}.Release|iPhoneSimulator.Deploy.0 = Release|Any CPU
		{3C0CDEF3-495E-45F4-8B12-0E05EF11295C}.Release|x64.ActiveCfg = Release|Any CPU
		{3C0CDEF3-495E-45F4-8B12-0E05EF11295C}.Release|x64.Build.0 = Release|Any CPU
		{3C0CDEF3-495E-45F4-8B12-0E05EF11295C}.Release|x64.Deploy.0 = Release|Any CPU
		{3C0CDEF3-495E-45F4-8B12-0E05EF11295C}.Release|x86.ActiveCfg = Release|Any CPU
		{3C0CDEF3-495E-45F4-8B12-0E05EF11295C}.Release|x86.Build.0 = Release|Any CPU
		{3C0CDEF3-495E-45F4-8B12-0E05EF11295C}.Release|x86.Deploy.0 = Release|Any CPU
		{AB6242B7-634F-4839-A991-7629D0D2C636}.Debug|Any CPU.ActiveCfg = Debug|iPhoneSimulator
		{AB6242B7-634F-4839-A991-7629D0D2C636}.Debug|Any CPU.Build.0 = Debug|iPhoneSimulator
		{AB6242B7-634F-4839-A991-7629D0D2C636}.Debug|Any CPU.Deploy.0 = Debug|iPhoneSimulator
		{AB6242B7-634F-4839-A991-7629D0D2C636}.Debug|ARM.ActiveCfg = Debug|iPhone
		{AB6242B7-634F-4839-A991-7629D0D2C636}.Debug|ARM.Build.0 = Debug|iPhone
		{AB6242B7-634F-4839-A991-7629D0D2C636}.Debug|ARM.Deploy.0 = Debug|iPhone
		{AB6242B7-634F-4839-A991-7629D0D2C636}.Debug|ARM64.ActiveCfg = Debug|iPhone
		{AB6242B7-634F-4839-A991-7629D0D2C636}.Debug|ARM64.Build.0 = Debug|iPhone
		{AB6242B7-634F-4839-A991-7629D0D2C636}.Debug|ARM64.Deploy.0 = Debug|iPhone
		{AB6242B7-634F-4839-A991-7629D0D2C636}.Debug|iPhone.ActiveCfg = Debug|iPhone
		{AB6242B7-634F-4839-A991-7629D0D2C636}.Debug|iPhone.Build.0 = Debug|iPhone
		{AB6242B7-634F-4839-A991-7629D0D2C636}.Debug|iPhone.Deploy.0 = Debug|iPhone
		{AB6242B7-634F-4839-A991-7629D0D2C636}.Debug|iPhoneSimulator.ActiveCfg = Debug|iPhoneSimulator
		{AB6242B7-634F-4839-A991-7629D0D2C636}.Debug|iPhoneSimulator.Build.0 = Debug|iPhoneSimulator
		{AB6242B7-634F-4839-A991-7629D0D2C636}.Debug|x64.ActiveCfg = Debug|iPhoneSimulator
		{AB6242B7-634F-4839-A991-7629D0D2C636}.Debug|x64.Build.0 = Debug|iPhoneSimulator
		{AB6242B7-634F-4839-A991-7629D0D2C636}.Debug|x64.Deploy.0 = Debug|iPhoneSimulator
		{AB6242B7-634F-4839-A991-7629D0D2C636}.Debug|x86.ActiveCfg = Debug|iPhoneSimulator
		{AB6242B7-634F-4839-A991-7629D0D2C636}.Debug|x86.Build.0 = Debug|iPhoneSimulator
		{AB6242B7-634F-4839-A991-7629D0D2C636}.Debug|x86.Deploy.0 = Debug|iPhoneSimulator
		{AB6242B7-634F-4839-A991-7629D0D2C636}.Release|Any CPU.ActiveCfg = Release|iPhoneSimulator
		{AB6242B7-634F-4839-A991-7629D0D2C636}.Release|Any CPU.Build.0 = Release|iPhoneSimulator
		{AB6242B7-634F-4839-A991-7629D0D2C636}.Release|Any CPU.Deploy.0 = Release|iPhoneSimulator
		{AB6242B7-634F-4839-A991-7629D0D2C636}.Release|ARM.ActiveCfg = Release|iPhone
		{AB6242B7-634F-4839-A991-7629D0D2C636}.Release|ARM.Build.0 = Release|iPhone
		{AB6242B7-634F-4839-A991-7629D0D2C636}.Release|ARM.Deploy.0 = Release|iPhone
		{AB6242B7-634F-4839-A991-7629D0D2C636}.Release|ARM64.ActiveCfg = Release|iPhone
		{AB6242B7-634F-4839-A991-7629D0D2C636}.Release|ARM64.Build.0 = Release|iPhone
		{AB6242B7-634F-4839-A991-7629D0D2C636}.Release|ARM64.Deploy.0 = Release|iPhone
		{AB6242B7-634F-4839-A991-7629D0D2C636}.Release|iPhone.ActiveCfg = Release|iPhone
		{AB6242B7-634F-4839-A991-7629D0D2C636}.Release|iPhone.Build.0 = Release|iPhone
		{AB6242B7-634F-4839-A991-7629D0D2C636}.Release|iPhone.Deploy.0 = Release|iPhone
		{AB6242B7-634F-4839-A991-7629D0D2C636}.Release|iPhoneSimulator.ActiveCfg = Release|iPhoneSimulator
		{AB6242B7-634F-4839-A991-7629D0D2C636}.Release|iPhoneSimulator.Build.0 = Release|iPhoneSimulator
		{AB6242B7-634F-4839-A991-7629D0D2C636}.Release|x64.ActiveCfg = Release|iPhoneSimulator
		{AB6242B7-634F-4839-A991-7629D0D2C636}.Release|x64.Build.0 = Release|iPhoneSimulator
		{AB6242B7-634F-4839-A991-7629D0D2C636}.Release|x64.Deploy.0 = Release|iPhoneSimulator
		{AB6242B7-634F-4839-A991-7629D0D2C636}.Release|x86.ActiveCfg = Release|iPhoneSimulator
		{AB6242B7-634F-4839-A991-7629D0D2C636}.Release|x86.Build.0 = Release|iPhoneSimulator
		{AB6242B7-634F-4839-A991-7629D0D2C636}.Release|x86.Deploy.0 = Release|iPhoneSimulator
		{70574463-7D8F-47F2-9DF0-8D3EA97DFB65}.Debug|Any CPU.ActiveCfg = Debug|Any CPU
		{70574463-7D8F-47F2-9DF0-8D3EA97DFB65}.Debug|Any CPU.Build.0 = Debug|Any CPU
		{70574463-7D8F-47F2-9DF0-8D3EA97DFB65}.Debug|ARM.ActiveCfg = Debug|Any CPU
		{70574463-7D8F-47F2-9DF0-8D3EA97DFB65}.Debug|ARM.Build.0 = Debug|Any CPU
		{70574463-7D8F-47F2-9DF0-8D3EA97DFB65}.Debug|ARM64.ActiveCfg = Debug|Any CPU
		{70574463-7D8F-47F2-9DF0-8D3EA97DFB65}.Debug|ARM64.Build.0 = Debug|Any CPU
		{70574463-7D8F-47F2-9DF0-8D3EA97DFB65}.Debug|iPhone.ActiveCfg = Debug|Any CPU
		{70574463-7D8F-47F2-9DF0-8D3EA97DFB65}.Debug|iPhone.Build.0 = Debug|Any CPU
		{70574463-7D8F-47F2-9DF0-8D3EA97DFB65}.Debug|iPhoneSimulator.ActiveCfg = Debug|Any CPU
		{70574463-7D8F-47F2-9DF0-8D3EA97DFB65}.Debug|iPhoneSimulator.Build.0 = Debug|Any CPU
		{70574463-7D8F-47F2-9DF0-8D3EA97DFB65}.Debug|x64.ActiveCfg = Debug|Any CPU
		{70574463-7D8F-47F2-9DF0-8D3EA97DFB65}.Debug|x64.Build.0 = Debug|Any CPU
		{70574463-7D8F-47F2-9DF0-8D3EA97DFB65}.Debug|x86.ActiveCfg = Debug|Any CPU
		{70574463-7D8F-47F2-9DF0-8D3EA97DFB65}.Debug|x86.Build.0 = Debug|Any CPU
		{70574463-7D8F-47F2-9DF0-8D3EA97DFB65}.Release|Any CPU.ActiveCfg = Release|Any CPU
		{70574463-7D8F-47F2-9DF0-8D3EA97DFB65}.Release|Any CPU.Build.0 = Release|Any CPU
		{70574463-7D8F-47F2-9DF0-8D3EA97DFB65}.Release|ARM.ActiveCfg = Release|Any CPU
		{70574463-7D8F-47F2-9DF0-8D3EA97DFB65}.Release|ARM.Build.0 = Release|Any CPU
		{70574463-7D8F-47F2-9DF0-8D3EA97DFB65}.Release|ARM64.ActiveCfg = Release|Any CPU
		{70574463-7D8F-47F2-9DF0-8D3EA97DFB65}.Release|ARM64.Build.0 = Release|Any CPU
		{70574463-7D8F-47F2-9DF0-8D3EA97DFB65}.Release|iPhone.ActiveCfg = Release|Any CPU
		{70574463-7D8F-47F2-9DF0-8D3EA97DFB65}.Release|iPhone.Build.0 = Release|Any CPU
		{70574463-7D8F-47F2-9DF0-8D3EA97DFB65}.Release|iPhoneSimulator.ActiveCfg = Release|Any CPU
		{70574463-7D8F-47F2-9DF0-8D3EA97DFB65}.Release|iPhoneSimulator.Build.0 = Release|Any CPU
		{70574463-7D8F-47F2-9DF0-8D3EA97DFB65}.Release|x64.ActiveCfg = Release|Any CPU
		{70574463-7D8F-47F2-9DF0-8D3EA97DFB65}.Release|x64.Build.0 = Release|Any CPU
		{70574463-7D8F-47F2-9DF0-8D3EA97DFB65}.Release|x86.ActiveCfg = Release|Any CPU
		{70574463-7D8F-47F2-9DF0-8D3EA97DFB65}.Release|x86.Build.0 = Release|Any CPU
		{5A1D97F2-6703-4278-BBF2-12C065F7E94A}.Debug|Any CPU.ActiveCfg = Debug|x86
		{5A1D97F2-6703-4278-BBF2-12C065F7E94A}.Debug|Any CPU.Build.0 = Debug|x86
		{5A1D97F2-6703-4278-BBF2-12C065F7E94A}.Debug|Any CPU.Deploy.0 = Debug|x86
		{5A1D97F2-6703-4278-BBF2-12C065F7E94A}.Debug|ARM.ActiveCfg = Debug|ARM
		{5A1D97F2-6703-4278-BBF2-12C065F7E94A}.Debug|ARM.Build.0 = Debug|ARM
		{5A1D97F2-6703-4278-BBF2-12C065F7E94A}.Debug|ARM.Deploy.0 = Debug|ARM
		{5A1D97F2-6703-4278-BBF2-12C065F7E94A}.Debug|ARM64.ActiveCfg = Debug|ARM64
		{5A1D97F2-6703-4278-BBF2-12C065F7E94A}.Debug|ARM64.Build.0 = Debug|ARM64
		{5A1D97F2-6703-4278-BBF2-12C065F7E94A}.Debug|ARM64.Deploy.0 = Debug|ARM64
		{5A1D97F2-6703-4278-BBF2-12C065F7E94A}.Debug|iPhone.ActiveCfg = Debug|ARM
		{5A1D97F2-6703-4278-BBF2-12C065F7E94A}.Debug|iPhone.Build.0 = Debug|ARM
		{5A1D97F2-6703-4278-BBF2-12C065F7E94A}.Debug|iPhone.Deploy.0 = Debug|ARM
		{5A1D97F2-6703-4278-BBF2-12C065F7E94A}.Debug|iPhoneSimulator.ActiveCfg = Debug|x86
		{5A1D97F2-6703-4278-BBF2-12C065F7E94A}.Debug|iPhoneSimulator.Build.0 = Debug|x86
		{5A1D97F2-6703-4278-BBF2-12C065F7E94A}.Debug|iPhoneSimulator.Deploy.0 = Debug|x86
		{5A1D97F2-6703-4278-BBF2-12C065F7E94A}.Debug|x64.ActiveCfg = Debug|x64
		{5A1D97F2-6703-4278-BBF2-12C065F7E94A}.Debug|x64.Build.0 = Debug|x64
		{5A1D97F2-6703-4278-BBF2-12C065F7E94A}.Debug|x64.Deploy.0 = Debug|x64
		{5A1D97F2-6703-4278-BBF2-12C065F7E94A}.Debug|x86.ActiveCfg = Debug|x86
		{5A1D97F2-6703-4278-BBF2-12C065F7E94A}.Debug|x86.Build.0 = Debug|x86
		{5A1D97F2-6703-4278-BBF2-12C065F7E94A}.Debug|x86.Deploy.0 = Debug|x86
		{5A1D97F2-6703-4278-BBF2-12C065F7E94A}.Release|Any CPU.ActiveCfg = Release|x86
		{5A1D97F2-6703-4278-BBF2-12C065F7E94A}.Release|Any CPU.Build.0 = Release|x86
		{5A1D97F2-6703-4278-BBF2-12C065F7E94A}.Release|Any CPU.Deploy.0 = Release|x86
		{5A1D97F2-6703-4278-BBF2-12C065F7E94A}.Release|ARM.ActiveCfg = Release|ARM
		{5A1D97F2-6703-4278-BBF2-12C065F7E94A}.Release|ARM.Build.0 = Release|ARM
		{5A1D97F2-6703-4278-BBF2-12C065F7E94A}.Release|ARM.Deploy.0 = Release|ARM
		{5A1D97F2-6703-4278-BBF2-12C065F7E94A}.Release|ARM64.ActiveCfg = Release|ARM64
		{5A1D97F2-6703-4278-BBF2-12C065F7E94A}.Release|ARM64.Build.0 = Release|ARM64
		{5A1D97F2-6703-4278-BBF2-12C065F7E94A}.Release|ARM64.Deploy.0 = Release|ARM64
		{5A1D97F2-6703-4278-BBF2-12C065F7E94A}.Release|iPhone.ActiveCfg = Release|ARM
		{5A1D97F2-6703-4278-BBF2-12C065F7E94A}.Release|iPhone.Build.0 = Release|ARM
		{5A1D97F2-6703-4278-BBF2-12C065F7E94A}.Release|iPhone.Deploy.0 = Release|ARM
		{5A1D97F2-6703-4278-BBF2-12C065F7E94A}.Release|iPhoneSimulator.ActiveCfg = Release|x86
		{5A1D97F2-6703-4278-BBF2-12C065F7E94A}.Release|iPhoneSimulator.Build.0 = Release|x86
		{5A1D97F2-6703-4278-BBF2-12C065F7E94A}.Release|iPhoneSimulator.Deploy.0 = Release|x86
		{5A1D97F2-6703-4278-BBF2-12C065F7E94A}.Release|x64.ActiveCfg = Release|x64
		{5A1D97F2-6703-4278-BBF2-12C065F7E94A}.Release|x64.Build.0 = Release|x64
		{5A1D97F2-6703-4278-BBF2-12C065F7E94A}.Release|x64.Deploy.0 = Release|x64
		{5A1D97F2-6703-4278-BBF2-12C065F7E94A}.Release|x86.ActiveCfg = Release|x86
		{5A1D97F2-6703-4278-BBF2-12C065F7E94A}.Release|x86.Build.0 = Release|x86
		{5A1D97F2-6703-4278-BBF2-12C065F7E94A}.Release|x86.Deploy.0 = Release|x86
		{2CE6F352-F61F-452F-9098-7800B3B06EEF}.Debug|Any CPU.ActiveCfg = Debug|Any CPU
		{2CE6F352-F61F-452F-9098-7800B3B06EEF}.Debug|Any CPU.Build.0 = Debug|Any CPU
		{2CE6F352-F61F-452F-9098-7800B3B06EEF}.Debug|ARM.ActiveCfg = Debug|Any CPU
		{2CE6F352-F61F-452F-9098-7800B3B06EEF}.Debug|ARM.Build.0 = Debug|Any CPU
		{2CE6F352-F61F-452F-9098-7800B3B06EEF}.Debug|ARM64.ActiveCfg = Debug|Any CPU
		{2CE6F352-F61F-452F-9098-7800B3B06EEF}.Debug|ARM64.Build.0 = Debug|Any CPU
		{2CE6F352-F61F-452F-9098-7800B3B06EEF}.Debug|iPhone.ActiveCfg = Debug|Any CPU
		{2CE6F352-F61F-452F-9098-7800B3B06EEF}.Debug|iPhone.Build.0 = Debug|Any CPU
		{2CE6F352-F61F-452F-9098-7800B3B06EEF}.Debug|iPhoneSimulator.ActiveCfg = Debug|Any CPU
		{2CE6F352-F61F-452F-9098-7800B3B06EEF}.Debug|iPhoneSimulator.Build.0 = Debug|Any CPU
		{2CE6F352-F61F-452F-9098-7800B3B06EEF}.Debug|x64.ActiveCfg = Debug|Any CPU
		{2CE6F352-F61F-452F-9098-7800B3B06EEF}.Debug|x64.Build.0 = Debug|Any CPU
		{2CE6F352-F61F-452F-9098-7800B3B06EEF}.Debug|x86.ActiveCfg = Debug|Any CPU
		{2CE6F352-F61F-452F-9098-7800B3B06EEF}.Debug|x86.Build.0 = Debug|Any CPU
		{2CE6F352-F61F-452F-9098-7800B3B06EEF}.Release|Any CPU.ActiveCfg = Release|Any CPU
		{2CE6F352-F61F-452F-9098-7800B3B06EEF}.Release|Any CPU.Build.0 = Release|Any CPU
		{2CE6F352-F61F-452F-9098-7800B3B06EEF}.Release|ARM.ActiveCfg = Release|Any CPU
		{2CE6F352-F61F-452F-9098-7800B3B06EEF}.Release|ARM.Build.0 = Release|Any CPU
		{2CE6F352-F61F-452F-9098-7800B3B06EEF}.Release|ARM64.ActiveCfg = Release|Any CPU
		{2CE6F352-F61F-452F-9098-7800B3B06EEF}.Release|ARM64.Build.0 = Release|Any CPU
		{2CE6F352-F61F-452F-9098-7800B3B06EEF}.Release|iPhone.ActiveCfg = Release|Any CPU
		{2CE6F352-F61F-452F-9098-7800B3B06EEF}.Release|iPhone.Build.0 = Release|Any CPU
		{2CE6F352-F61F-452F-9098-7800B3B06EEF}.Release|iPhoneSimulator.ActiveCfg = Release|Any CPU
		{2CE6F352-F61F-452F-9098-7800B3B06EEF}.Release|iPhoneSimulator.Build.0 = Release|Any CPU
		{2CE6F352-F61F-452F-9098-7800B3B06EEF}.Release|x64.ActiveCfg = Release|Any CPU
		{2CE6F352-F61F-452F-9098-7800B3B06EEF}.Release|x64.Build.0 = Release|Any CPU
		{2CE6F352-F61F-452F-9098-7800B3B06EEF}.Release|x86.ActiveCfg = Release|Any CPU
		{2CE6F352-F61F-452F-9098-7800B3B06EEF}.Release|x86.Build.0 = Release|Any CPU
		{D30EA5AD-6C9B-4517-9767-41C2E62946DB}.Debug|Any CPU.ActiveCfg = Debug|Any CPU
		{D30EA5AD-6C9B-4517-9767-41C2E62946DB}.Debug|Any CPU.Build.0 = Debug|Any CPU
		{D30EA5AD-6C9B-4517-9767-41C2E62946DB}.Debug|ARM.ActiveCfg = Debug|Any CPU
		{D30EA5AD-6C9B-4517-9767-41C2E62946DB}.Debug|ARM.Build.0 = Debug|Any CPU
		{D30EA5AD-6C9B-4517-9767-41C2E62946DB}.Debug|ARM64.ActiveCfg = Debug|Any CPU
		{D30EA5AD-6C9B-4517-9767-41C2E62946DB}.Debug|ARM64.Build.0 = Debug|Any CPU
		{D30EA5AD-6C9B-4517-9767-41C2E62946DB}.Debug|iPhone.ActiveCfg = Debug|Any CPU
		{D30EA5AD-6C9B-4517-9767-41C2E62946DB}.Debug|iPhone.Build.0 = Debug|Any CPU
		{D30EA5AD-6C9B-4517-9767-41C2E62946DB}.Debug|iPhoneSimulator.ActiveCfg = Debug|Any CPU
		{D30EA5AD-6C9B-4517-9767-41C2E62946DB}.Debug|iPhoneSimulator.Build.0 = Debug|Any CPU
		{D30EA5AD-6C9B-4517-9767-41C2E62946DB}.Debug|x64.ActiveCfg = Debug|Any CPU
		{D30EA5AD-6C9B-4517-9767-41C2E62946DB}.Debug|x64.Build.0 = Debug|Any CPU
		{D30EA5AD-6C9B-4517-9767-41C2E62946DB}.Debug|x86.ActiveCfg = Debug|Any CPU
		{D30EA5AD-6C9B-4517-9767-41C2E62946DB}.Debug|x86.Build.0 = Debug|Any CPU
		{D30EA5AD-6C9B-4517-9767-41C2E62946DB}.Release|Any CPU.ActiveCfg = Release|Any CPU
		{D30EA5AD-6C9B-4517-9767-41C2E62946DB}.Release|Any CPU.Build.0 = Release|Any CPU
		{D30EA5AD-6C9B-4517-9767-41C2E62946DB}.Release|ARM.ActiveCfg = Release|Any CPU
		{D30EA5AD-6C9B-4517-9767-41C2E62946DB}.Release|ARM.Build.0 = Release|Any CPU
		{D30EA5AD-6C9B-4517-9767-41C2E62946DB}.Release|ARM64.ActiveCfg = Release|Any CPU
		{D30EA5AD-6C9B-4517-9767-41C2E62946DB}.Release|ARM64.Build.0 = Release|Any CPU
		{D30EA5AD-6C9B-4517-9767-41C2E62946DB}.Release|iPhone.ActiveCfg = Release|Any CPU
		{D30EA5AD-6C9B-4517-9767-41C2E62946DB}.Release|iPhone.Build.0 = Release|Any CPU
		{D30EA5AD-6C9B-4517-9767-41C2E62946DB}.Release|iPhoneSimulator.ActiveCfg = Release|Any CPU
		{D30EA5AD-6C9B-4517-9767-41C2E62946DB}.Release|iPhoneSimulator.Build.0 = Release|Any CPU
		{D30EA5AD-6C9B-4517-9767-41C2E62946DB}.Release|x64.ActiveCfg = Release|Any CPU
		{D30EA5AD-6C9B-4517-9767-41C2E62946DB}.Release|x64.Build.0 = Release|Any CPU
		{D30EA5AD-6C9B-4517-9767-41C2E62946DB}.Release|x86.ActiveCfg = Release|Any CPU
		{D30EA5AD-6C9B-4517-9767-41C2E62946DB}.Release|x86.Build.0 = Release|Any CPU
		{CB2072E0-A437-4811-AE17-16CAE0DDA1B1}.Debug|Any CPU.ActiveCfg = Debug|Any CPU
		{CB2072E0-A437-4811-AE17-16CAE0DDA1B1}.Debug|Any CPU.Build.0 = Debug|Any CPU
		{CB2072E0-A437-4811-AE17-16CAE0DDA1B1}.Debug|Any CPU.Deploy.0 = Debug|Any CPU
		{CB2072E0-A437-4811-AE17-16CAE0DDA1B1}.Debug|ARM.ActiveCfg = Debug|Any CPU
		{CB2072E0-A437-4811-AE17-16CAE0DDA1B1}.Debug|ARM.Build.0 = Debug|Any CPU
		{CB2072E0-A437-4811-AE17-16CAE0DDA1B1}.Debug|ARM.Deploy.0 = Debug|Any CPU
		{CB2072E0-A437-4811-AE17-16CAE0DDA1B1}.Debug|ARM64.ActiveCfg = Debug|Any CPU
		{CB2072E0-A437-4811-AE17-16CAE0DDA1B1}.Debug|ARM64.Build.0 = Debug|Any CPU
		{CB2072E0-A437-4811-AE17-16CAE0DDA1B1}.Debug|ARM64.Deploy.0 = Debug|Any CPU
		{CB2072E0-A437-4811-AE17-16CAE0DDA1B1}.Debug|iPhone.ActiveCfg = Debug|Any CPU
		{CB2072E0-A437-4811-AE17-16CAE0DDA1B1}.Debug|iPhone.Build.0 = Debug|Any CPU
		{CB2072E0-A437-4811-AE17-16CAE0DDA1B1}.Debug|iPhone.Deploy.0 = Debug|Any CPU
		{CB2072E0-A437-4811-AE17-16CAE0DDA1B1}.Debug|iPhoneSimulator.ActiveCfg = Debug|Any CPU
		{CB2072E0-A437-4811-AE17-16CAE0DDA1B1}.Debug|iPhoneSimulator.Build.0 = Debug|Any CPU
		{CB2072E0-A437-4811-AE17-16CAE0DDA1B1}.Debug|iPhoneSimulator.Deploy.0 = Debug|Any CPU
		{CB2072E0-A437-4811-AE17-16CAE0DDA1B1}.Debug|x64.ActiveCfg = Debug|Any CPU
		{CB2072E0-A437-4811-AE17-16CAE0DDA1B1}.Debug|x64.Build.0 = Debug|Any CPU
		{CB2072E0-A437-4811-AE17-16CAE0DDA1B1}.Debug|x64.Deploy.0 = Debug|Any CPU
		{CB2072E0-A437-4811-AE17-16CAE0DDA1B1}.Debug|x86.ActiveCfg = Debug|Any CPU
		{CB2072E0-A437-4811-AE17-16CAE0DDA1B1}.Debug|x86.Build.0 = Debug|Any CPU
		{CB2072E0-A437-4811-AE17-16CAE0DDA1B1}.Debug|x86.Deploy.0 = Debug|Any CPU
		{CB2072E0-A437-4811-AE17-16CAE0DDA1B1}.Release|Any CPU.ActiveCfg = Release|Any CPU
		{CB2072E0-A437-4811-AE17-16CAE0DDA1B1}.Release|Any CPU.Build.0 = Release|Any CPU
		{CB2072E0-A437-4811-AE17-16CAE0DDA1B1}.Release|Any CPU.Deploy.0 = Release|Any CPU
		{CB2072E0-A437-4811-AE17-16CAE0DDA1B1}.Release|ARM.ActiveCfg = Release|Any CPU
		{CB2072E0-A437-4811-AE17-16CAE0DDA1B1}.Release|ARM.Build.0 = Release|Any CPU
		{CB2072E0-A437-4811-AE17-16CAE0DDA1B1}.Release|ARM.Deploy.0 = Release|Any CPU
		{CB2072E0-A437-4811-AE17-16CAE0DDA1B1}.Release|ARM64.ActiveCfg = Release|Any CPU
		{CB2072E0-A437-4811-AE17-16CAE0DDA1B1}.Release|ARM64.Build.0 = Release|Any CPU
		{CB2072E0-A437-4811-AE17-16CAE0DDA1B1}.Release|ARM64.Deploy.0 = Release|Any CPU
		{CB2072E0-A437-4811-AE17-16CAE0DDA1B1}.Release|iPhone.ActiveCfg = Release|Any CPU
		{CB2072E0-A437-4811-AE17-16CAE0DDA1B1}.Release|iPhone.Build.0 = Release|Any CPU
		{CB2072E0-A437-4811-AE17-16CAE0DDA1B1}.Release|iPhone.Deploy.0 = Release|Any CPU
		{CB2072E0-A437-4811-AE17-16CAE0DDA1B1}.Release|iPhoneSimulator.ActiveCfg = Release|Any CPU
		{CB2072E0-A437-4811-AE17-16CAE0DDA1B1}.Release|iPhoneSimulator.Build.0 = Release|Any CPU
		{CB2072E0-A437-4811-AE17-16CAE0DDA1B1}.Release|iPhoneSimulator.Deploy.0 = Release|Any CPU
		{CB2072E0-A437-4811-AE17-16CAE0DDA1B1}.Release|x64.ActiveCfg = Release|Any CPU
		{CB2072E0-A437-4811-AE17-16CAE0DDA1B1}.Release|x64.Build.0 = Release|Any CPU
		{CB2072E0-A437-4811-AE17-16CAE0DDA1B1}.Release|x64.Deploy.0 = Release|Any CPU
		{CB2072E0-A437-4811-AE17-16CAE0DDA1B1}.Release|x86.ActiveCfg = Release|Any CPU
		{CB2072E0-A437-4811-AE17-16CAE0DDA1B1}.Release|x86.Build.0 = Release|Any CPU
		{CB2072E0-A437-4811-AE17-16CAE0DDA1B1}.Release|x86.Deploy.0 = Release|Any CPU
		{EE8FC716-27FC-405B-BD27-AF17E01A6671}.Debug|Any CPU.ActiveCfg = Debug|iPhoneSimulator
		{EE8FC716-27FC-405B-BD27-AF17E01A6671}.Debug|Any CPU.Build.0 = Debug|iPhoneSimulator
		{EE8FC716-27FC-405B-BD27-AF17E01A6671}.Debug|Any CPU.Deploy.0 = Debug|iPhoneSimulator
		{EE8FC716-27FC-405B-BD27-AF17E01A6671}.Debug|ARM.ActiveCfg = Debug|iPhone
		{EE8FC716-27FC-405B-BD27-AF17E01A6671}.Debug|ARM.Build.0 = Debug|iPhone
		{EE8FC716-27FC-405B-BD27-AF17E01A6671}.Debug|ARM.Deploy.0 = Debug|iPhone
		{EE8FC716-27FC-405B-BD27-AF17E01A6671}.Debug|ARM64.ActiveCfg = Debug|iPhone
		{EE8FC716-27FC-405B-BD27-AF17E01A6671}.Debug|ARM64.Build.0 = Debug|iPhone
		{EE8FC716-27FC-405B-BD27-AF17E01A6671}.Debug|ARM64.Deploy.0 = Debug|iPhone
		{EE8FC716-27FC-405B-BD27-AF17E01A6671}.Debug|iPhone.ActiveCfg = Debug|iPhone
		{EE8FC716-27FC-405B-BD27-AF17E01A6671}.Debug|iPhone.Build.0 = Debug|iPhone
		{EE8FC716-27FC-405B-BD27-AF17E01A6671}.Debug|iPhone.Deploy.0 = Debug|iPhone
		{EE8FC716-27FC-405B-BD27-AF17E01A6671}.Debug|iPhoneSimulator.ActiveCfg = Debug|iPhoneSimulator
		{EE8FC716-27FC-405B-BD27-AF17E01A6671}.Debug|iPhoneSimulator.Build.0 = Debug|iPhoneSimulator
		{EE8FC716-27FC-405B-BD27-AF17E01A6671}.Debug|x64.ActiveCfg = Debug|iPhoneSimulator
		{EE8FC716-27FC-405B-BD27-AF17E01A6671}.Debug|x64.Build.0 = Debug|iPhoneSimulator
		{EE8FC716-27FC-405B-BD27-AF17E01A6671}.Debug|x64.Deploy.0 = Debug|iPhoneSimulator
		{EE8FC716-27FC-405B-BD27-AF17E01A6671}.Debug|x86.ActiveCfg = Debug|iPhoneSimulator
		{EE8FC716-27FC-405B-BD27-AF17E01A6671}.Debug|x86.Build.0 = Debug|iPhoneSimulator
		{EE8FC716-27FC-405B-BD27-AF17E01A6671}.Debug|x86.Deploy.0 = Debug|iPhoneSimulator
		{EE8FC716-27FC-405B-BD27-AF17E01A6671}.Release|Any CPU.ActiveCfg = Release|iPhoneSimulator
		{EE8FC716-27FC-405B-BD27-AF17E01A6671}.Release|Any CPU.Build.0 = Release|iPhoneSimulator
		{EE8FC716-27FC-405B-BD27-AF17E01A6671}.Release|Any CPU.Deploy.0 = Release|iPhoneSimulator
		{EE8FC716-27FC-405B-BD27-AF17E01A6671}.Release|ARM.ActiveCfg = Release|iPhone
		{EE8FC716-27FC-405B-BD27-AF17E01A6671}.Release|ARM.Build.0 = Release|iPhone
		{EE8FC716-27FC-405B-BD27-AF17E01A6671}.Release|ARM.Deploy.0 = Release|iPhone
		{EE8FC716-27FC-405B-BD27-AF17E01A6671}.Release|ARM64.ActiveCfg = Release|iPhone
		{EE8FC716-27FC-405B-BD27-AF17E01A6671}.Release|ARM64.Build.0 = Release|iPhone
		{EE8FC716-27FC-405B-BD27-AF17E01A6671}.Release|ARM64.Deploy.0 = Release|iPhone
		{EE8FC716-27FC-405B-BD27-AF17E01A6671}.Release|iPhone.ActiveCfg = Release|iPhone
		{EE8FC716-27FC-405B-BD27-AF17E01A6671}.Release|iPhone.Build.0 = Release|iPhone
		{EE8FC716-27FC-405B-BD27-AF17E01A6671}.Release|iPhone.Deploy.0 = Release|iPhone
		{EE8FC716-27FC-405B-BD27-AF17E01A6671}.Release|iPhoneSimulator.ActiveCfg = Release|iPhoneSimulator
		{EE8FC716-27FC-405B-BD27-AF17E01A6671}.Release|iPhoneSimulator.Build.0 = Release|iPhoneSimulator
		{EE8FC716-27FC-405B-BD27-AF17E01A6671}.Release|x64.ActiveCfg = Release|iPhoneSimulator
		{EE8FC716-27FC-405B-BD27-AF17E01A6671}.Release|x64.Build.0 = Release|iPhoneSimulator
		{EE8FC716-27FC-405B-BD27-AF17E01A6671}.Release|x64.Deploy.0 = Release|iPhoneSimulator
		{EE8FC716-27FC-405B-BD27-AF17E01A6671}.Release|x86.ActiveCfg = Release|iPhoneSimulator
		{EE8FC716-27FC-405B-BD27-AF17E01A6671}.Release|x86.Build.0 = Release|iPhoneSimulator
		{EE8FC716-27FC-405B-BD27-AF17E01A6671}.Release|x86.Deploy.0 = Release|iPhoneSimulator
		{4BD0D88F-7E7A-4C3B-9E34-BF3717A8FF4B}.Debug|Any CPU.ActiveCfg = Debug|x86
		{4BD0D88F-7E7A-4C3B-9E34-BF3717A8FF4B}.Debug|Any CPU.Build.0 = Debug|x86
		{4BD0D88F-7E7A-4C3B-9E34-BF3717A8FF4B}.Debug|Any CPU.Deploy.0 = Debug|x86
		{4BD0D88F-7E7A-4C3B-9E34-BF3717A8FF4B}.Debug|ARM.ActiveCfg = Debug|ARM
		{4BD0D88F-7E7A-4C3B-9E34-BF3717A8FF4B}.Debug|ARM.Build.0 = Debug|ARM
		{4BD0D88F-7E7A-4C3B-9E34-BF3717A8FF4B}.Debug|ARM.Deploy.0 = Debug|ARM
		{4BD0D88F-7E7A-4C3B-9E34-BF3717A8FF4B}.Debug|ARM64.ActiveCfg = Debug|ARM64
		{4BD0D88F-7E7A-4C3B-9E34-BF3717A8FF4B}.Debug|ARM64.Build.0 = Debug|ARM64
		{4BD0D88F-7E7A-4C3B-9E34-BF3717A8FF4B}.Debug|ARM64.Deploy.0 = Debug|ARM64
		{4BD0D88F-7E7A-4C3B-9E34-BF3717A8FF4B}.Debug|iPhone.ActiveCfg = Debug|ARM
		{4BD0D88F-7E7A-4C3B-9E34-BF3717A8FF4B}.Debug|iPhone.Build.0 = Debug|ARM
		{4BD0D88F-7E7A-4C3B-9E34-BF3717A8FF4B}.Debug|iPhone.Deploy.0 = Debug|ARM
		{4BD0D88F-7E7A-4C3B-9E34-BF3717A8FF4B}.Debug|iPhoneSimulator.ActiveCfg = Debug|x86
		{4BD0D88F-7E7A-4C3B-9E34-BF3717A8FF4B}.Debug|iPhoneSimulator.Build.0 = Debug|x86
		{4BD0D88F-7E7A-4C3B-9E34-BF3717A8FF4B}.Debug|iPhoneSimulator.Deploy.0 = Debug|x86
		{4BD0D88F-7E7A-4C3B-9E34-BF3717A8FF4B}.Debug|x64.ActiveCfg = Debug|x64
		{4BD0D88F-7E7A-4C3B-9E34-BF3717A8FF4B}.Debug|x64.Build.0 = Debug|x64
		{4BD0D88F-7E7A-4C3B-9E34-BF3717A8FF4B}.Debug|x64.Deploy.0 = Debug|x64
		{4BD0D88F-7E7A-4C3B-9E34-BF3717A8FF4B}.Debug|x86.ActiveCfg = Debug|x86
		{4BD0D88F-7E7A-4C3B-9E34-BF3717A8FF4B}.Debug|x86.Build.0 = Debug|x86
		{4BD0D88F-7E7A-4C3B-9E34-BF3717A8FF4B}.Debug|x86.Deploy.0 = Debug|x86
		{4BD0D88F-7E7A-4C3B-9E34-BF3717A8FF4B}.Release|Any CPU.ActiveCfg = Release|x86
		{4BD0D88F-7E7A-4C3B-9E34-BF3717A8FF4B}.Release|Any CPU.Build.0 = Release|x86
		{4BD0D88F-7E7A-4C3B-9E34-BF3717A8FF4B}.Release|Any CPU.Deploy.0 = Release|x86
		{4BD0D88F-7E7A-4C3B-9E34-BF3717A8FF4B}.Release|ARM.ActiveCfg = Release|ARM
		{4BD0D88F-7E7A-4C3B-9E34-BF3717A8FF4B}.Release|ARM.Build.0 = Release|ARM
		{4BD0D88F-7E7A-4C3B-9E34-BF3717A8FF4B}.Release|ARM.Deploy.0 = Release|ARM
		{4BD0D88F-7E7A-4C3B-9E34-BF3717A8FF4B}.Release|ARM64.ActiveCfg = Release|ARM64
		{4BD0D88F-7E7A-4C3B-9E34-BF3717A8FF4B}.Release|ARM64.Build.0 = Release|ARM64
		{4BD0D88F-7E7A-4C3B-9E34-BF3717A8FF4B}.Release|ARM64.Deploy.0 = Release|ARM64
		{4BD0D88F-7E7A-4C3B-9E34-BF3717A8FF4B}.Release|iPhone.ActiveCfg = Release|ARM
		{4BD0D88F-7E7A-4C3B-9E34-BF3717A8FF4B}.Release|iPhone.Build.0 = Release|ARM
		{4BD0D88F-7E7A-4C3B-9E34-BF3717A8FF4B}.Release|iPhone.Deploy.0 = Release|ARM
		{4BD0D88F-7E7A-4C3B-9E34-BF3717A8FF4B}.Release|iPhoneSimulator.ActiveCfg = Release|x86
		{4BD0D88F-7E7A-4C3B-9E34-BF3717A8FF4B}.Release|iPhoneSimulator.Build.0 = Release|x86
		{4BD0D88F-7E7A-4C3B-9E34-BF3717A8FF4B}.Release|iPhoneSimulator.Deploy.0 = Release|x86
		{4BD0D88F-7E7A-4C3B-9E34-BF3717A8FF4B}.Release|x64.ActiveCfg = Release|x64
		{4BD0D88F-7E7A-4C3B-9E34-BF3717A8FF4B}.Release|x64.Build.0 = Release|x64
		{4BD0D88F-7E7A-4C3B-9E34-BF3717A8FF4B}.Release|x64.Deploy.0 = Release|x64
		{4BD0D88F-7E7A-4C3B-9E34-BF3717A8FF4B}.Release|x86.ActiveCfg = Release|x86
		{4BD0D88F-7E7A-4C3B-9E34-BF3717A8FF4B}.Release|x86.Build.0 = Release|x86
		{4BD0D88F-7E7A-4C3B-9E34-BF3717A8FF4B}.Release|x86.Deploy.0 = Release|x86
		{553D51A8-8E79-40D9-9FB3-9FC2386FF886}.Debug|Any CPU.ActiveCfg = Debug|Any CPU
		{553D51A8-8E79-40D9-9FB3-9FC2386FF886}.Debug|Any CPU.Build.0 = Debug|Any CPU
		{553D51A8-8E79-40D9-9FB3-9FC2386FF886}.Debug|ARM.ActiveCfg = Debug|Any CPU
		{553D51A8-8E79-40D9-9FB3-9FC2386FF886}.Debug|ARM.Build.0 = Debug|Any CPU
		{553D51A8-8E79-40D9-9FB3-9FC2386FF886}.Debug|ARM64.ActiveCfg = Debug|Any CPU
		{553D51A8-8E79-40D9-9FB3-9FC2386FF886}.Debug|ARM64.Build.0 = Debug|Any CPU
		{553D51A8-8E79-40D9-9FB3-9FC2386FF886}.Debug|iPhone.ActiveCfg = Debug|Any CPU
		{553D51A8-8E79-40D9-9FB3-9FC2386FF886}.Debug|iPhone.Build.0 = Debug|Any CPU
		{553D51A8-8E79-40D9-9FB3-9FC2386FF886}.Debug|iPhoneSimulator.ActiveCfg = Debug|Any CPU
		{553D51A8-8E79-40D9-9FB3-9FC2386FF886}.Debug|iPhoneSimulator.Build.0 = Debug|Any CPU
		{553D51A8-8E79-40D9-9FB3-9FC2386FF886}.Debug|x64.ActiveCfg = Debug|Any CPU
		{553D51A8-8E79-40D9-9FB3-9FC2386FF886}.Debug|x64.Build.0 = Debug|Any CPU
		{553D51A8-8E79-40D9-9FB3-9FC2386FF886}.Debug|x86.ActiveCfg = Debug|Any CPU
		{553D51A8-8E79-40D9-9FB3-9FC2386FF886}.Debug|x86.Build.0 = Debug|Any CPU
		{553D51A8-8E79-40D9-9FB3-9FC2386FF886}.Release|Any CPU.ActiveCfg = Release|Any CPU
		{553D51A8-8E79-40D9-9FB3-9FC2386FF886}.Release|Any CPU.Build.0 = Release|Any CPU
		{553D51A8-8E79-40D9-9FB3-9FC2386FF886}.Release|ARM.ActiveCfg = Release|Any CPU
		{553D51A8-8E79-40D9-9FB3-9FC2386FF886}.Release|ARM.Build.0 = Release|Any CPU
		{553D51A8-8E79-40D9-9FB3-9FC2386FF886}.Release|ARM64.ActiveCfg = Release|Any CPU
		{553D51A8-8E79-40D9-9FB3-9FC2386FF886}.Release|ARM64.Build.0 = Release|Any CPU
		{553D51A8-8E79-40D9-9FB3-9FC2386FF886}.Release|iPhone.ActiveCfg = Release|Any CPU
		{553D51A8-8E79-40D9-9FB3-9FC2386FF886}.Release|iPhone.Build.0 = Release|Any CPU
		{553D51A8-8E79-40D9-9FB3-9FC2386FF886}.Release|iPhoneSimulator.ActiveCfg = Release|Any CPU
		{553D51A8-8E79-40D9-9FB3-9FC2386FF886}.Release|iPhoneSimulator.Build.0 = Release|Any CPU
		{553D51A8-8E79-40D9-9FB3-9FC2386FF886}.Release|x64.ActiveCfg = Release|Any CPU
		{553D51A8-8E79-40D9-9FB3-9FC2386FF886}.Release|x64.Build.0 = Release|Any CPU
		{553D51A8-8E79-40D9-9FB3-9FC2386FF886}.Release|x86.ActiveCfg = Release|Any CPU
		{553D51A8-8E79-40D9-9FB3-9FC2386FF886}.Release|x86.Build.0 = Release|Any CPU
	EndGlobalSection
	GlobalSection(SolutionProperties) = preSolution
		HideSolutionNode = FALSE
	EndGlobalSection
	GlobalSection(NestedProjects) = preSolution
		{B4227123-2EEB-494A-A221-C061B5659AED} = {6330A0D0-E784-42A6-B975-451E609B907B}
		{3C0CDEF3-495E-45F4-8B12-0E05EF11295C} = {6330A0D0-E784-42A6-B975-451E609B907B}
		{AB6242B7-634F-4839-A991-7629D0D2C636} = {6330A0D0-E784-42A6-B975-451E609B907B}
		{70574463-7D8F-47F2-9DF0-8D3EA97DFB65} = {6330A0D0-E784-42A6-B975-451E609B907B}
		{5A1D97F2-6703-4278-BBF2-12C065F7E94A} = {6330A0D0-E784-42A6-B975-451E609B907B}
		{2CE6F352-F61F-452F-9098-7800B3B06EEF} = {EE4495FA-9869-45CF-A11D-69F2218C6F62}
		{D30EA5AD-6C9B-4517-9767-41C2E62946DB} = {EE4495FA-9869-45CF-A11D-69F2218C6F62}
		{CB2072E0-A437-4811-AE17-16CAE0DDA1B1} = {EE4495FA-9869-45CF-A11D-69F2218C6F62}
		{EE8FC716-27FC-405B-BD27-AF17E01A6671} = {EE4495FA-9869-45CF-A11D-69F2218C6F62}
		{4BD0D88F-7E7A-4C3B-9E34-BF3717A8FF4B} = {EE4495FA-9869-45CF-A11D-69F2218C6F62}
		{553D51A8-8E79-40D9-9FB3-9FC2386FF886} = {6330A0D0-E784-42A6-B975-451E609B907B}
	EndGlobalSection
	GlobalSection(ExtensibilityGlobals) = postSolution
		SolutionGuid = {E012047E-6826-4037-8D1A-5606CD7D345D}
	EndGlobalSection
EndGlobal
