
Microsoft Visual Studio Solution File, Format Version 12.00
# Visual Studio Version 16
VisualStudioVersion = 16.0.31220.234
MinimumVisualStudioVersion = 10.0.40219.1
Project("{9A19103F-16F7-4668-BE54-9A1E7A4F7556}") = "MauiProfilingApp", "MauiProfilingApp\MauiProfilingApp.csproj", "{03430A98-EE58-414F-BC91-2A33063FE471}"
EndProject
Project("{9A19103F-16F7-4668-BE54-9A1E7A4F7556}") = "MauiProfilingApp.WinUI", "MauiProfilingApp.WinUI\MauiProfilingApp.WinUI.csproj", "{9485BF60-94C5-47E3-8BFB-E919DAA95424}"
EndProject
Global
	GlobalSection(SolutionConfigurationPlatforms) = preSolution
		Debug|Any CPU = Debug|Any CPU
		Release|Any CPU = Release|Any CPU
	EndGlobalSection
	GlobalSection(ProjectConfigurationPlatforms) = postSolution
		{03430A98-EE58-414F-BC91-2A33063FE471}.Debug|Any CPU.ActiveCfg = Debug|Any CPU
		{03430A98-EE58-414F-BC91-2A33063FE471}.Debug|Any CPU.Build.0 = Debug|Any CPU
		{03430A98-EE58-414F-BC91-2A33063FE471}.Debug|Any CPU.Deploy.0 = Debug|Any CPU
		{03430A98-EE58-414F-BC91-2A33063FE471}.Release|Any CPU.ActiveCfg = Release|Any CPU
		{03430A98-EE58-414F-BC91-2A33063FE471}.Release|Any CPU.Build.0 = Release|Any CPU
		{03430A98-EE58-414F-BC91-2A33063FE471}.Release|Any CPU.Deploy.0 = Release|Any CPU
		{9485BF60-94C5-47E3-8BFB-E919DAA95424}.Debug|Any CPU.ActiveCfg = Debug|Any CPU
		{9485BF60-94C5-47E3-8BFB-E919DAA95424}.Debug|Any CPU.Build.0 = Debug|Any CPU
		{9485BF60-94C5-47E3-8BFB-E919DAA95424}.Debug|Any CPU.Deploy.0 = Debug|Any CPU
		{9485BF60-94C5-47E3-8BFB-E919DAA95424}.Release|Any CPU.ActiveCfg = Release|Any CPU
		{9485BF60-94C5-47E3-8BFB-E919DAA95424}.Release|Any CPU.Build.0 = Release|Any CPU
		{9485BF60-94C5-47E3-8BFB-E919DAA95424}.Release|Any CPU.Deploy.0 = Release|Any CPU
	EndGlobalSection
	GlobalSection(SolutionProperties) = preSolution
		HideSolutionNode = FALSE
	EndGlobalSection
	GlobalSection(ExtensibilityGlobals) = postSolution
		SolutionGuid = {61F7FB11-1E47-470C-91E2-47F8143E1572}
	EndGlobalSection
EndGlobal
