
Microsoft Visual Studio Solution File, Format Version 12.00
# Visual Studio Version 16
VisualStudioVersion = 16.0.30523.141
MinimumVisualStudioVersion = 10.0.40219.1
Project("{2150E333-8FDC-42A3-9474-1A3956D46DE8}") = "Libraries", "Libraries", "{9E4B772B-D417-4147-B8B1-FD9E3B0B4EC5}"
EndProject
Project("{2150E333-8FDC-42A3-9474-1A3956D46DE8}") = "Tests", "Tests", "{D6F0522F-3BB5-4A10-953F-CA047F3D881A}"
EndProject
Project("{2150E333-8FDC-42A3-9474-1A3956D46DE8}") = "Samples", "Samples", "{CE764F51-0699-4446-BEE2-17FBBDC99C5C}"
EndProject
Project("{2150E333-8FDC-42A3-9474-1A3956D46DE8}") = "External", "External", "{5FDD2BE9-96B1-4E7D-8028-B8158E6A0FEC}"
EndProject
Project("{9A19103F-16F7-4668-BE54-9A1E7A4F7556}") = "Microsoft.Maui.Graphics-net6", "src\Microsoft.Maui.Graphics\Microsoft.Maui.Graphics-net6.csproj", "{E66999B3-9585-4EF3-A45C-97A2101AD612}"
EndProject
Project("{9A19103F-16F7-4668-BE54-9A1E7A4F7556}") = "Microsoft.Maui.Graphics.Text.Markdig-net6", "src\Microsoft.Maui.Graphics.Text.Markdig\Microsoft.Maui.Graphics.Text.Markdig-net6.csproj", "{B364BA53-2BA8-4844-8BD2-CF257A3C21F1}"
EndProject
Project("{9A19103F-16F7-4668-BE54-9A1E7A4F7556}") = "Microsoft.Maui.Graphics.Win2D.WinUI.Desktop-net6", "src\Microsoft.Maui.Graphics.Win2D.WinUI.Desktop\Microsoft.Maui.Graphics.Win2D.WinUI.Desktop-net6.csproj", "{B2776881-0ED3-45B4-92DF-EF90810A2507}"
EndProject
Global
	GlobalSection(SolutionConfigurationPlatforms) = preSolution
		Debug|Any CPU = Debug|Any CPU
		Release|Any CPU = Release|Any CPU
	EndGlobalSection
	GlobalSection(ProjectConfigurationPlatforms) = postSolution
		{E66999B3-9585-4EF3-A45C-97A2101AD612}.Debug|Any CPU.ActiveCfg = Debug|Any CPU
		{E66999B3-9585-4EF3-A45C-97A2101AD612}.Debug|Any CPU.Build.0 = Debug|Any CPU
		{E66999B3-9585-4EF3-A45C-97A2101AD612}.Release|Any CPU.ActiveCfg = Release|Any CPU
		{E66999B3-9585-4EF3-A45C-97A2101AD612}.Release|Any CPU.Build.0 = Release|Any CPU
		{B364BA53-2BA8-4844-8BD2-CF257A3C21F1}.Debug|Any CPU.ActiveCfg = Debug|Any CPU
		{B364BA53-2BA8-4844-8BD2-CF257A3C21F1}.Debug|Any CPU.Build.0 = Debug|Any CPU
		{B364BA53-2BA8-4844-8BD2-CF257A3C21F1}.Release|Any CPU.ActiveCfg = Release|Any CPU
		{B364BA53-2BA8-4844-8BD2-CF257A3C21F1}.Release|Any CPU.Build.0 = Release|Any CPU
		{B2776881-0ED3-45B4-92DF-EF90810A2507}.Debug|Any CPU.ActiveCfg = Debug|Any CPU
		{B2776881-0ED3-45B4-92DF-EF90810A2507}.Debug|Any CPU.Build.0 = Debug|Any CPU
		{B2776881-0ED3-45B4-92DF-EF90810A2507}.Release|Any CPU.ActiveCfg = Release|Any CPU
		{B2776881-0ED3-45B4-92DF-EF90810A2507}.Release|Any CPU.Build.0 = Release|Any CPU
	EndGlobalSection
	GlobalSection(SolutionProperties) = preSolution
		HideSolutionNode = FALSE
	EndGlobalSection
	GlobalSection(NestedProjects) = preSolution
		{E66999B3-9585-4EF3-A45C-97A2101AD612} = {9E4B772B-D417-4147-B8B1-FD9E3B0B4EC5}
		{B364BA53-2BA8-4844-8BD2-CF257A3C21F1} = {9E4B772B-D417-4147-B8B1-FD9E3B0B4EC5}
		{B2776881-0ED3-45B4-92DF-EF90810A2507} = {9E4B772B-D417-4147-B8B1-FD9E3B0B4EC5}
	EndGlobalSection
	GlobalSection(ExtensibilityGlobals) = postSolution
		SolutionGuid = {0B07E734-6AE2-4A12-AD60-C072F3695854}
	EndGlobalSection
EndGlobal
