{
  "name": "maui-issue-replicate-cli",
  "version": "1.0.0",
  "lockfileVersion": 3,
  "requires": true,
  "packages": {
    "": {
      "name": "maui-issue-replicate-cli",
      "version": "1.0.0",
      "dependencies": {
        "@github/copilot": "1.0.91"
      }
    },
    "node_modules/@github/copilot": {
      "version": "1.0.91",
      "resolved": "https://ms-feed-25.pkgs.visualstudio.com/1es-public/_packaging/npm-public/npm/registry/@github/copilot/-/copilot-1.0.91.tgz",
      "integrity": "sha512-eWFqf382RGhBb35jnvvZs0BWT6mnOOeS8adF/GunKZHguQCYQh3bOOmf6Ed6/lxeKkFqwloi+wIu8yxESBZYsQ==",
      "license": "SEE LICENSE IN LICENSE.md",
      "dependencies": {
        "detect-libc": "^2.1.2"
      },
      "bin": {
        "copilot": "npm-loader.js"
      },
      "optionalDependencies": {
        "@github/copilot-darwin-arm64": "1.0.91",
        "@github/copilot-darwin-x64": "1.0.91",
        "@github/copilot-linux-arm64": "1.0.91",
        "@github/copilot-linux-x64": "1.0.91",
        "@github/copilot-linuxmusl-arm64": "1.0.91",
        "@github/copilot-linuxmusl-x64": "1.0.91",
        "@github/copilot-win32-arm64": "1.0.91",
        "@github/copilot-win32-x64": "1.0.91"
      }
    },
    "node_modules/@github/copilot-darwin-arm64": {
      "version": "1.0.91",
      "resolved": "https://ms-feed-25.pkgs.visualstudio.com/1es-public/_packaging/npm-public/npm/registry/@github/copilot-darwin-arm64/-/copilot-darwin-arm64-1.0.91.tgz",
      "integrity": "sha512-TxDLqjjOa+z4qcYkzj3TBsDlSX2UIfrSSoYlf3z7yZ9HNX5S8vRqEMUmD3fDAx2gBf8p4pYom5a6joe9/bPZOQ==",
      "cpu": [
        "arm64"
      ],
      "license": "SEE LICENSE IN LICENSE.md",
      "optional": true,
      "os": [
        "darwin"
      ],
      "bin": {
        "copilot-darwin-arm64": "copilot"
      }
    },
    "node_modules/@github/copilot-darwin-x64": {
      "version": "1.0.91",
      "resolved": "https://ms-feed-25.pkgs.visualstudio.com/1es-public/_packaging/npm-public/npm/registry/@github/copilot-darwin-x64/-/copilot-darwin-x64-1.0.91.tgz",
      "integrity": "sha512-zsZ+hLLX+poaUf9iDvwCjE8eJx+EOerAskfx1lF+Os56U7jHNcAz7ugs0PWLxc0kPNBl5pfGHlqZ+7i38zbpnw==",
      "cpu": [
        "x64"
      ],
      "license": "SEE LICENSE IN LICENSE.md",
      "optional": true,
      "os": [
        "darwin"
      ],
      "bin": {
        "copilot-darwin-x64": "copilot"
      }
    },
    "node_modules/@github/copilot-linux-arm64": {
      "version": "1.0.91",
      "resolved": "https://ms-feed-25.pkgs.visualstudio.com/1es-public/_packaging/npm-public/npm/registry/@github/copilot-linux-arm64/-/copilot-linux-arm64-1.0.91.tgz",
      "integrity": "sha512-OWjtWvpESXCkOVSC+BwGLlYgvU7pJLotifhtFNPF+Eylq7AW/QWmzJ69xguejTYwD9OUr3obJfKv4weK8zbtmg==",
      "cpu": [
        "arm64"
      ],
      "license": "SEE LICENSE IN LICENSE.md",
      "optional": true,
      "os": [
        "linux"
      ],
      "bin": {
        "copilot-linux-arm64": "copilot"
      }
    },
    "node_modules/@github/copilot-linux-x64": {
      "version": "1.0.91",
      "resolved": "https://ms-feed-25.pkgs.visualstudio.com/1es-public/_packaging/npm-public/npm/registry/@github/copilot-linux-x64/-/copilot-linux-x64-1.0.91.tgz",
      "integrity": "sha512-trQrfHqsKE/DiMtbu1zhlV4iwX0Z/Sp/0rqZZ724i8fULT3qduzAOjHu0IfyVCOSwA+UbopunsxelHHTi+E2qA==",
      "cpu": [
        "x64"
      ],
      "license": "SEE LICENSE IN LICENSE.md",
      "optional": true,
      "os": [
        "linux"
      ],
      "bin": {
        "copilot-linux-x64": "copilot"
      }
    },
    "node_modules/@github/copilot-linuxmusl-arm64": {
      "version": "1.0.91",
      "resolved": "https://ms-feed-25.pkgs.visualstudio.com/1es-public/_packaging/npm-public/npm/registry/@github/copilot-linuxmusl-arm64/-/copilot-linuxmusl-arm64-1.0.91.tgz",
      "integrity": "sha512-atwk/SsXeS1HqaiTELzYuwzn8Z0R+1M3O1JuFMM73Pf/6EZiQjfl1U5x9+WSelEM0A/oEefxRQPCSJWwLcHupw==",
      "cpu": [
        "arm64"
      ],
      "license": "SEE LICENSE IN LICENSE.md",
      "optional": true,
      "os": [
        "linux"
      ],
      "bin": {
        "copilot-linuxmusl-arm64": "copilot"
      }
    },
    "node_modules/@github/copilot-linuxmusl-x64": {
      "version": "1.0.91",
      "resolved": "https://ms-feed-25.pkgs.visualstudio.com/1es-public/_packaging/npm-public/npm/registry/@github/copilot-linuxmusl-x64/-/copilot-linuxmusl-x64-1.0.91.tgz",
      "integrity": "sha512-DO87+439tY0knnfZrvvD1+m87ARB1D3NbTi+aUfJYpKoar6QWWh6XAMia4nG/xfCrEPhACsUh/P4AOkvKTAMwQ==",
      "cpu": [
        "x64"
      ],
      "license": "SEE LICENSE IN LICENSE.md",
      "optional": true,
      "os": [
        "linux"
      ],
      "bin": {
        "copilot-linuxmusl-x64": "copilot"
      }
    },
    "node_modules/@github/copilot-win32-arm64": {
      "version": "1.0.91",
      "resolved": "https://ms-feed-25.pkgs.visualstudio.com/1es-public/_packaging/npm-public/npm/registry/@github/copilot-win32-arm64/-/copilot-win32-arm64-1.0.91.tgz",
      "integrity": "sha512-GENXJSxaTFz0PMaxORRxbxhJjZd6e5AzaBqgFEe6hofSlkMbitJiVOs71r5UZ18CHwXSJRxZlScT2DESLzzAAg==",
      "cpu": [
        "arm64"
      ],
      "license": "SEE LICENSE IN LICENSE.md",
      "optional": true,
      "os": [
        "win32"
      ],
      "bin": {
        "copilot-win32-arm64": "copilot.exe"
      }
    },
    "node_modules/@github/copilot-win32-x64": {
      "version": "1.0.91",
      "resolved": "https://ms-feed-25.pkgs.visualstudio.com/1es-public/_packaging/npm-public/npm/registry/@github/copilot-win32-x64/-/copilot-win32-x64-1.0.91.tgz",
      "integrity": "sha512-rbWXlTsObYvn8Xw1XcIlZ9CBMaogivE2FdaLdPQQQ42i/soJd3Em9QKXc8nxML2+GJcnzl3Y0VnlEQKhb81bOw==",
      "cpu": [
        "x64"
      ],
      "license": "SEE LICENSE IN LICENSE.md",
      "optional": true,
      "os": [
        "win32"
      ],
      "bin": {
        "copilot-win32-x64": "copilot.exe"
      }
    },
    "node_modules/detect-libc": {
      "version": "2.1.2",
      "resolved": "https://ms-feed-25.pkgs.visualstudio.com/1es-public/_packaging/npm-public/npm/registry/detect-libc/-/detect-libc-2.1.2.tgz",
      "integrity": "sha512-Btj2BOOO83o3WyH59e8MgXsxEQVcarkUOpEYrubB0urwnN10yQ364rsiByU11nZlqWYZm05i/of7io4mzihBtQ==",
      "license": "Apache-2.0",
      "engines": {
        "node": ">=8"
      }
    }
  }
}
